// !$*UTF8*$!
{
	archiveVersion = 1;
	classes = {
	};
	objectVersion = 46;
	objects = {

/* Begin PBXBuildFile section */
		A12B639318E9E33B00F9C4C0 /* ExploreSummaryViewController.m in Sources */ = {isa = PBXBuildFile; fileRef = A12B639218E9E33B00F9C4C0 /* ExploreSummaryViewController.m */; };
		A12B63AC18EC3A3C00F9C4C0 /* OccurrenceDetailsViewController.m in Sources */ = {isa = PBXBuildFile; fileRef = A12B63AB18EC3A3C00F9C4C0 /* OccurrenceDetailsViewController.m */; };
		A130095B190E8DE400069DA4 /* ImageCache.m in Sources */ = {isa = PBXBuildFile; fileRef = A130095A190E8DE400069DA4 /* ImageCache.m */; };
		A13B8F2618F75AAE000C522B /* OccurrenceResultsCASFilterv1.0.json in Resources */ = {isa = PBXBuildFile; fileRef = A13B8F2218F75AAE000C522B /* OccurrenceResultsCASFilterv1.0.json */; };
		A13B8F2818F75AAE000C522B /* OccurrenceResultsCASv1.0.json in Resources */ = {isa = PBXBuildFile; fileRef = A13B8F2418F75AAE000C522B /* OccurrenceResultsCASv1.0.json */; };
		A162FD3918D6FF2100362A0A /* SearchOptions.m in Sources */ = {isa = PBXBuildFile; fileRef = A162FD3818D6FF2100362A0A /* SearchOptions.m */; };
		A162FE4318D998DE00362A0A /* ExploreOptionsViewController.m in Sources */ = {isa = PBXBuildFile; fileRef = A162FE4218D998DE00362A0A /* ExploreOptionsViewController.m */; };
		A17BDE561917B57200A804A4 /* OptionsRecordType.m in Sources */ = {isa = PBXBuildFile; fileRef = A17BDE551917B57200A804A4 /* OptionsRecordType.m */; };
		A17BDE5C1917ECD000A804A4 /* APIOption.m in Sources */ = {isa = PBXBuildFile; fileRef = A17BDE5B1917ECD000A804A4 /* APIOption.m */; };
		A1875DF818FD48A2001DC029 /* NSCountedSet+Sorting.m in Sources */ = {isa = PBXBuildFile; fileRef = A1875DF118FD48A2001DC029 /* NSCountedSet+Sorting.m */; };
		A1875DF918FD48A2001DC029 /* NSDictionary+Filtering.m in Sources */ = {isa = PBXBuildFile; fileRef = A1875DF318FD48A2001DC029 /* NSDictionary+Filtering.m */; };
		A1875DFA18FD48A2001DC029 /* NSString+UtilityMethods.m in Sources */ = {isa = PBXBuildFile; fileRef = A1875DF518FD48A2001DC029 /* NSString+UtilityMethods.m */; };
		A1875DFB18FD48A2001DC029 /* UIView+UtilityMethods.m in Sources */ = {isa = PBXBuildFile; fileRef = A1875DF718FD48A2001DC029 /* UIView+UtilityMethods.m */; };
		A1875DFD18FD4A36001DC029 /* Podfile in Resources */ = {isa = PBXBuildFile; fileRef = A1875DFC18FD4A36001DC029 /* Podfile */; };
		A1875E3218FECCBA001DC029 /* INatTrip.m in Sources */ = {isa = PBXBuildFile; fileRef = A1875E3118FECCBA001DC029 /* INatTrip.m */; };
		A18AAAA01907E14200FB75A5 /* DisplayOptions.m in Sources */ = {isa = PBXBuildFile; fileRef = A18AAA9F1907E14200FB75A5 /* DisplayOptions.m */; };
		A18AAAA31907E1A300FB75A5 /* BCOptions.m in Sources */ = {isa = PBXBuildFile; fileRef = A18AAAA21907E1A300FB75A5 /* BCOptions.m */; };
		A18AAABF1908100400FB75A5 /* iOSa_2.23.0.version in Resources */ = {isa = PBXBuildFile; fileRef = A18AAAB91908100400FB75A5 /* iOSa_2.23.0.version */; };
		A18AAAC01908100400FB75A5 /* libLocalyticsAMP_x64.a in Frameworks */ = {isa = PBXBuildFile; fileRef = A18AAABA1908100400FB75A5 /* libLocalyticsAMP_x64.a */; };
		A18AAAC21908100400FB75A5 /* LICENSE in Resources */ = {isa = PBXBuildFile; fileRef = A18AAABC1908100400FB75A5 /* LICENSE */; };
		A18C53C6190696CD001D6A9E /* CrossHairView.m in Sources */ = {isa = PBXBuildFile; fileRef = A18C53C5190696CD001D6A9E /* CrossHairView.m */; };
		A1B9232D1919140A005092F4 /* CustomEmbedSegue.m in Sources */ = {isa = PBXBuildFile; fileRef = A1B9232C1919140A005092F4 /* CustomEmbedSegue.m */; };
		A1B92333191962B1005092F4 /* ExploreSummaryTableViewController.m in Sources */ = {isa = PBXBuildFile; fileRef = A1B92332191962B1005092F4 /* ExploreSummaryTableViewController.m */; };
		A1B92339191BA54C005092F4 /* TaxonListCell.m in Sources */ = {isa = PBXBuildFile; fileRef = A1B92338191BA54C005092F4 /* TaxonListCell.m */; };
		A1B9233C191BAF91005092F4 /* UIView+Colors.m in Sources */ = {isa = PBXBuildFile; fileRef = A1B9233B191BAF91005092F4 /* UIView+Colors.m */; };
		A1B92342191BB5BC005092F4 /* UILabel+Appearance.m in Sources */ = {isa = PBXBuildFile; fileRef = A1B92341191BB5BC005092F4 /* UILabel+Appearance.m */; };
		A1D5DD9018C61D0300FA005B /* SystemConfiguration.framework in Frameworks */ = {isa = PBXBuildFile; fileRef = A1D5DD8F18C61D0300FA005B /* SystemConfiguration.framework */; };
		A1D5DD9218C61D0F00FA005B /* Security.framework in Frameworks */ = {isa = PBXBuildFile; fileRef = A1D5DD9118C61D0F00FA005B /* Security.framework */; };
		A1D5DD9B18C61FFB00FA005B /* libFlurry_4.3.2.a in Frameworks */ = {isa = PBXBuildFile; fileRef = A1D5DD9A18C61FFB00FA005B /* libFlurry_4.3.2.a */; };
		A1D5DDA118C72E1500FA005B /* ExploreListViewController.m in Sources */ = {isa = PBXBuildFile; fileRef = A1D5DDA018C72E1500FA005B /* ExploreListViewController.m */; };
		A1D5DDE418C7BAA500FA005B /* libz.dylib in Frameworks */ = {isa = PBXBuildFile; fileRef = A1D5DDE318C7BAA500FA005B /* libz.dylib */; };
		A1D5DDE618C7BAB900FA005B /* libsqlite3.dylib in Frameworks */ = {isa = PBXBuildFile; fileRef = A1D5DDE518C7BAB900FA005B /* libsqlite3.dylib */; };
		A1D5DE0318C9F4CA00FA005B /* GBIFOccurrenceResults.m in Sources */ = {isa = PBXBuildFile; fileRef = A1D5DE0218C9F4CA00FA005B /* GBIFOccurrenceResults.m */; };
		A1D5DE0718C9F93C00FA005B /* GBIFCommunicator.m in Sources */ = {isa = PBXBuildFile; fileRef = A1D5DE0618C9F93C00FA005B /* GBIFCommunicator.m */; };
		A1D5DE0D18C9FED400FA005B /* MKPolygon+WKTParser.m in Sources */ = {isa = PBXBuildFile; fileRef = A1D5DE0C18C9FED400FA005B /* MKPolygon+WKTParser.m */; };
		A1D5DE1518CB64C900FA005B /* GBIFManager.m in Sources */ = {isa = PBXBuildFile; fileRef = A1D5DE1418CB64C900FA005B /* GBIFManager.m */; };
		A1D9A12F18E20FAC006C1988 /* IonIcons.m in Sources */ = {isa = PBXBuildFile; fileRef = A1D9A12B18E20FAC006C1988 /* IonIcons.m */; };
		A1D9A13018E20FAC006C1988 /* ionicons.ttf in Resources */ = {isa = PBXBuildFile; fileRef = A1D9A12C18E20FAC006C1988 /* ionicons.ttf */; };
		A1D9A14118E5993D006C1988 /* DropDownViewController.m in Sources */ = {isa = PBXBuildFile; fileRef = A1D9A14018E5993D006C1988 /* DropDownViewController.m */; };
		A1DAC5F718F320FD00ABC9BA /* INatManager.m in Sources */ = {isa = PBXBuildFile; fileRef = A1DAC5F618F320FD00ABC9BA /* INatManager.m */; };
		A1DAC60118F4637F00ABC9BA /* INatTaxonPhoto.m in Sources */ = {isa = PBXBuildFile; fileRef = A1DAC60018F4637F00ABC9BA /* INatTaxonPhoto.m */; };
		A1DAC60318F4773300ABC9BA /* INatTaxon.m in Sources */ = {isa = PBXBuildFile; fileRef = A1DAC60218F4773300ABC9BA /* INatTaxon.m */; };
		A1E78115190FD21400A3200F /* SWRevealViewController.m in Sources */ = {isa = PBXBuildFile; fileRef = A1E78114190FD21400A3200F /* SWRevealViewController.m */; };
		A1E78118190FD32000A3200F /* SidebarViewController.m in Sources */ = {isa = PBXBuildFile; fileRef = A1E78117190FD32000A3200F /* SidebarViewController.m */; };
		A1E7811B190FEC6200A3200F /* MainViewController.m in Sources */ = {isa = PBXBuildFile; fileRef = A1E7811A190FEC6200A3200F /* MainViewController.m */; };
		A1E7811E190FFE9900A3200F /* ExploreContainerViewController.m in Sources */ = {isa = PBXBuildFile; fileRef = A1E7811D190FFE9900A3200F /* ExploreContainerViewController.m */; };
		A1E7812119102AFE00A3200F /* UIColor+Defaults.m in Sources */ = {isa = PBXBuildFile; fileRef = A1E7812019102AFE00A3200F /* UIColor+Defaults.m */; };
		A1E7813A191295F600A3200F /* TaxonInfoViewController.m in Sources */ = {isa = PBXBuildFile; fileRef = A1E78139191295F600A3200F /* TaxonInfoViewController.m */; };
		A1EA209318B4F7AB00200D50 /* Foundation.framework in Frameworks */ = {isa = PBXBuildFile; fileRef = A1EA209218B4F7AB00200D50 /* Foundation.framework */; };
		A1EA209718B4F7AB00200D50 /* UIKit.framework in Frameworks */ = {isa = PBXBuildFile; fileRef = A1EA209618B4F7AB00200D50 /* UIKit.framework */; };
		A1EA209D18B4F7AB00200D50 /* InfoPlist.strings in Resources */ = {isa = PBXBuildFile; fileRef = A1EA209B18B4F7AB00200D50 /* InfoPlist.strings */; };
		A1EA209F18B4F7AB00200D50 /* main.m in Sources */ = {isa = PBXBuildFile; fileRef = A1EA209E18B4F7AB00200D50 /* main.m */; };
		A1EA20A318B4F7AB00200D50 /* AppDelegate.m in Sources */ = {isa = PBXBuildFile; fileRef = A1EA20A218B4F7AB00200D50 /* AppDelegate.m */; };
		A1EA20A618B4F7AB00200D50 /* Main.storyboard in Resources */ = {isa = PBXBuildFile; fileRef = A1EA20A418B4F7AB00200D50 /* Main.storyboard */; };
		A1EA20A918B4F7AB00200D50 /* ExploreMapViewController.m in Sources */ = {isa = PBXBuildFile; fileRef = A1EA20A818B4F7AB00200D50 /* ExploreMapViewController.m */; };
		A1EA20AC18B4F7AB00200D50 /* TripsViewController.m in Sources */ = {isa = PBXBuildFile; fileRef = A1EA20AB18B4F7AB00200D50 /* TripsViewController.m */; };
		A1EA20CF18B4F7ED00200D50 /* MapKit.framework in Frameworks */ = {isa = PBXBuildFile; fileRef = A1EA20CE18B4F7ED00200D50 /* MapKit.framework */; };
		A1EA20D518BDEED400200D50 /* ProfileViewController.m in Sources */ = {isa = PBXBuildFile; fileRef = A1EA20D418BDEED400200D50 /* ProfileViewController.m */; };
		A1EA6CA818CDC24A002FCDDD /* CoreGraphics.framework in Frameworks */ = {isa = PBXBuildFile; fileRef = A1EA209418B4F7AB00200D50 /* CoreGraphics.framework */; };
		A1EA6CC718D0A921002FCDDD /* GBIFOccurrence.m in Sources */ = {isa = PBXBuildFile; fileRef = A1EA6CC618D0A921002FCDDD /* GBIFOccurrence.m */; };
		A1EA6CD418D0BE87002FCDDD /* GBIFCommunicatorMock.m in Sources */ = {isa = PBXBuildFile; fileRef = A1EA6CD318D0BE87002FCDDD /* GBIFCommunicatorMock.m */; };
		A1EA6CE818D23A87002FCDDD /* Images.xcassets in Resources */ = {isa = PBXBuildFile; fileRef = A1EA6CE718D23A87002FCDDD /* Images.xcassets */; };
		A1EB1C4A192230B9005650D9 /* TripsListCell.m in Sources */ = {isa = PBXBuildFile; fileRef = A1EB1C49192230B9005650D9 /* TripsListCell.m */; };
		A1EB1C4D192232D9005650D9 /* INatTripTaxon.m in Sources */ = {isa = PBXBuildFile; fileRef = A1EB1C4C192232D9005650D9 /* INatTripTaxon.m */; };
		A1EB1C50192232F1005650D9 /* INatTripPurpose.m in Sources */ = {isa = PBXBuildFile; fileRef = A1EB1C4F192232F1005650D9 /* INatTripPurpose.m */; };
		A1EB1C5419223E91005650D9 /* BioCaching.xcdatamodeld in Sources */ = {isa = PBXBuildFile; fileRef = A1EB1C5219223E91005650D9 /* BioCaching.xcdatamodeld */; };
		A1EB223B192271F2005650D9 /* NIActions.m in Sources */ = {isa = PBXBuildFile; fileRef = A1EB220B192271F2005650D9 /* NIActions.m */; };
		A1EB223C192271F2005650D9 /* NIButtonUtilities.m in Sources */ = {isa = PBXBuildFile; fileRef = A1EB220E192271F2005650D9 /* NIButtonUtilities.m */; };
		A1EB223D192271F2005650D9 /* NICommonMetrics.m in Sources */ = {isa = PBXBuildFile; fileRef = A1EB2210192271F2005650D9 /* NICommonMetrics.m */; };
		A1EB223E192271F2005650D9 /* NIDataStructures.m in Sources */ = {isa = PBXBuildFile; fileRef = A1EB2212192271F2005650D9 /* NIDataStructures.m */; };
		A1EB223F192271F2005650D9 /* NIDebuggingTools.m in Sources */ = {isa = PBXBuildFile; fileRef = A1EB2214192271F2005650D9 /* NIDebuggingTools.m */; };
		A1EB2240192271F2005650D9 /* NIDeviceOrientation.m in Sources */ = {isa = PBXBuildFile; fileRef = A1EB2216192271F2005650D9 /* NIDeviceOrientation.m */; };
		A1EB2241192271F2005650D9 /* NIError.m in Sources */ = {isa = PBXBuildFile; fileRef = A1EB2218192271F2005650D9 /* NIError.m */; };
		A1EB2242192271F2005650D9 /* NIFoundationMethods.m in Sources */ = {isa = PBXBuildFile; fileRef = A1EB221A192271F2005650D9 /* NIFoundationMethods.m */; };
		A1EB2243192271F2005650D9 /* NIImageUtilities.m in Sources */ = {isa = PBXBuildFile; fileRef = A1EB221C192271F2005650D9 /* NIImageUtilities.m */; };
		A1EB2244192271F2005650D9 /* NIInMemoryCache.m in Sources */ = {isa = PBXBuildFile; fileRef = A1EB221E192271F2005650D9 /* NIInMemoryCache.m */; };
		A1EB2245192271F2005650D9 /* NINavigationAppearance.m in Sources */ = {isa = PBXBuildFile; fileRef = A1EB2222192271F2005650D9 /* NINavigationAppearance.m */; };
		A1EB2246192271F2005650D9 /* NINetworkActivity.m in Sources */ = {isa = PBXBuildFile; fileRef = A1EB2224192271F2005650D9 /* NINetworkActivity.m */; };
		A1EB2247192271F2005650D9 /* NINonEmptyCollectionTesting.m in Sources */ = {isa = PBXBuildFile; fileRef = A1EB2226192271F2005650D9 /* NINonEmptyCollectionTesting.m */; };
		A1EB2248192271F2005650D9 /* NINonRetainingCollections.m in Sources */ = {isa = PBXBuildFile; fileRef = A1EB2228192271F2005650D9 /* NINonRetainingCollections.m */; };
		A1EB2249192271F2005650D9 /* NIOperations.m in Sources */ = {isa = PBXBuildFile; fileRef = A1EB222A192271F2005650D9 /* NIOperations.m */; };
		A1EB224A192271F2005650D9 /* NIPaths.m in Sources */ = {isa = PBXBuildFile; fileRef = A1EB222D192271F2005650D9 /* NIPaths.m */; };
		A1EB224B192271F2005650D9 /* NIRuntimeClassModifications.m in Sources */ = {isa = PBXBuildFile; fileRef = A1EB2230192271F2005650D9 /* NIRuntimeClassModifications.m */; };
		A1EB224C192271F2005650D9 /* NISDKAvailability.m in Sources */ = {isa = PBXBuildFile; fileRef = A1EB2232192271F2005650D9 /* NISDKAvailability.m */; };
		A1EB224D192271F2005650D9 /* NISnapshotRotation.m in Sources */ = {isa = PBXBuildFile; fileRef = A1EB2234192271F2005650D9 /* NISnapshotRotation.m */; };
		A1EB224E192271F2005650D9 /* NIState.m in Sources */ = {isa = PBXBuildFile; fileRef = A1EB2236192271F2005650D9 /* NIState.m */; };
		A1EB224F192271F2005650D9 /* NIViewRecycler.m in Sources */ = {isa = PBXBuildFile; fileRef = A1EB2238192271F2005650D9 /* NIViewRecycler.m */; };
		A1EB2250192271F2005650D9 /* UIResponder+NimbusCore.m in Sources */ = {isa = PBXBuildFile; fileRef = A1EB223A192271F2005650D9 /* UIResponder+NimbusCore.m */; };
		A1EB22541922721B005650D9 /* NIWebController.m in Sources */ = {isa = PBXBuildFile; fileRef = A1EB22531922721B005650D9 /* NIWebController.m */; };
		A1EB225B192276A3005650D9 /* NIAttributedLabel.m in Sources */ = {isa = PBXBuildFile; fileRef = A1EB2257192276A3005650D9 /* NIAttributedLabel.m */; };
		A1EB225C192276A3005650D9 /* NSMutableAttributedString+NimbusAttributedLabel.m in Sources */ = {isa = PBXBuildFile; fileRef = A1EB225A192276A3005650D9 /* NSMutableAttributedString+NimbusAttributedLabel.m */; };
		A1EB2260192282CA005650D9 /* NimbusWebController.bundle in Resources */ = {isa = PBXBuildFile; fileRef = A1EB225F192282CA005650D9 /* NimbusWebController.bundle */; };
		A1EB2263192285F8005650D9 /* BCWebViewController.m in Sources */ = {isa = PBXBuildFile; fileRef = A1EB2262192285F8005650D9 /* BCWebViewController.m */; };
		A1F2E12D190161110010B647 /* .gitignore in Resources */ = {isa = PBXBuildFile; fileRef = A1F2E12C190161110010B647 /* .gitignore */; };
		A1FD87E118DC820100003091 /* OptionsSpeciesFilter.m in Sources */ = {isa = PBXBuildFile; fileRef = A1FD87E018DC820100003091 /* OptionsSpeciesFilter.m */; };
		A1FD87E418DC821600003091 /* OptionsRecordSource.m in Sources */ = {isa = PBXBuildFile; fileRef = A1FD87E318DC821600003091 /* OptionsRecordSource.m */; };
		A1FD87F218DF63F700003091 /* LocationsArray.m in Sources */ = {isa = PBXBuildFile; fileRef = A1FD87F118DF63F700003091 /* LocationsArray.m */; };
		B338778CE5E9420C93C92294 /* libPods.a in Frameworks */ = {isa = PBXBuildFile; fileRef = 346CC70B6936431AB81A1540 /* libPods.a */; };
/* End PBXBuildFile section */

/* Begin PBXFileReference section */
		346CC70B6936431AB81A1540 /* libPods.a */ = {isa = PBXFileReference; explicitFileType = archive.ar; includeInIndex = 0; path = libPods.a; sourceTree = BUILT_PRODUCTS_DIR; };
		A12B639118E9E33B00F9C4C0 /* ExploreSummaryViewController.h */ = {isa = PBXFileReference; fileEncoding = 4; lastKnownFileType = sourcecode.c.h; path = ExploreSummaryViewController.h; sourceTree = "<group>"; };
		A12B639218E9E33B00F9C4C0 /* ExploreSummaryViewController.m */ = {isa = PBXFileReference; fileEncoding = 4; lastKnownFileType = sourcecode.c.objc; path = ExploreSummaryViewController.m; sourceTree = "<group>"; };
		A12B63AA18EC3A3C00F9C4C0 /* OccurrenceDetailsViewController.h */ = {isa = PBXFileReference; fileEncoding = 4; lastKnownFileType = sourcecode.c.h; path = OccurrenceDetailsViewController.h; sourceTree = "<group>"; };
		A12B63AB18EC3A3C00F9C4C0 /* OccurrenceDetailsViewController.m */ = {isa = PBXFileReference; fileEncoding = 4; lastKnownFileType = sourcecode.c.objc; path = OccurrenceDetailsViewController.m; sourceTree = "<group>"; };
		A12B63B018EC540600F9C4C0 /* INatTaxon.h */ = {isa = PBXFileReference; fileEncoding = 4; lastKnownFileType = sourcecode.c.h; path = INatTaxon.h; sourceTree = "<group>"; };
		A12B63B718EC5AED00F9C4C0 /* 2783288252_6f21bf941c.jpg */ = {isa = PBXFileReference; lastKnownFileType = image.jpeg; name = 2783288252_6f21bf941c.jpg; path = Resources/TestData/Images/2783288252_6f21bf941c.jpg; sourceTree = "<group>"; };
		A1300959190E8DE400069DA4 /* ImageCache.h */ = {isa = PBXFileReference; fileEncoding = 4; lastKnownFileType = sourcecode.c.h; path = ImageCache.h; sourceTree = SOURCE_ROOT; };
		A130095A190E8DE400069DA4 /* ImageCache.m */ = {isa = PBXFileReference; fileEncoding = 4; lastKnownFileType = sourcecode.c.objc; path = ImageCache.m; sourceTree = SOURCE_ROOT; };
		A13B8F2118F75AAE000C522B /* OccurrenceResultsCASFilterv0.9.json */ = {isa = PBXFileReference; fileEncoding = 4; lastKnownFileType = text.json; name = OccurrenceResultsCASFilterv0.9.json; path = Resources/TestData/OccurrenceResultsCASFilterv0.9.json; sourceTree = "<group>"; };
		A13B8F2218F75AAE000C522B /* OccurrenceResultsCASFilterv1.0.json */ = {isa = PBXFileReference; fileEncoding = 4; lastKnownFileType = text.json; name = OccurrenceResultsCASFilterv1.0.json; path = Resources/TestData/OccurrenceResultsCASFilterv1.0.json; sourceTree = "<group>"; };
		A13B8F2318F75AAE000C522B /* OccurrenceResultsCASv0.9.json */ = {isa = PBXFileReference; fileEncoding = 4; lastKnownFileType = text.json; name = OccurrenceResultsCASv0.9.json; path = Resources/TestData/OccurrenceResultsCASv0.9.json; sourceTree = "<group>"; };
		A13B8F2418F75AAE000C522B /* OccurrenceResultsCASv1.0.json */ = {isa = PBXFileReference; fileEncoding = 4; lastKnownFileType = text.json; name = OccurrenceResultsCASv1.0.json; path = Resources/TestData/OccurrenceResultsCASv1.0.json; sourceTree = "<group>"; };
		A162FD3718D6FF2100362A0A /* SearchOptions.h */ = {isa = PBXFileReference; fileEncoding = 4; lastKnownFileType = sourcecode.c.h; path = SearchOptions.h; sourceTree = "<group>"; };
		A162FD3818D6FF2100362A0A /* SearchOptions.m */ = {isa = PBXFileReference; fileEncoding = 4; lastKnownFileType = sourcecode.c.objc; path = SearchOptions.m; sourceTree = "<group>"; };
		A162FD3A18D7060F00362A0A /* Genovesa, Galapagos.gpx */ = {isa = PBXFileReference; fileEncoding = 4; lastKnownFileType = text; name = "Genovesa, Galapagos.gpx"; path = "Resources/TestData/Genovesa, Galapagos.gpx"; sourceTree = "<group>"; };
		A162FD3C18D7075B00362A0A /* Tortuga Bay, Santa Cruz, Galapagos.gpx */ = {isa = PBXFileReference; fileEncoding = 4; lastKnownFileType = text; name = "Tortuga Bay, Santa Cruz, Galapagos.gpx"; path = "Resources/TestData/Tortuga Bay, Santa Cruz, Galapagos.gpx"; sourceTree = "<group>"; };
		A162FD3E18D708FD00362A0A /* Seymour Norte, Galapagos.gpx */ = {isa = PBXFileReference; fileEncoding = 4; lastKnownFileType = text; name = "Seymour Norte, Galapagos.gpx"; path = "Resources/TestData/Seymour Norte, Galapagos.gpx"; sourceTree = "<group>"; };
		A162FE4118D998DE00362A0A /* ExploreOptionsViewController.h */ = {isa = PBXFileReference; fileEncoding = 4; lastKnownFileType = sourcecode.c.h; path = ExploreOptionsViewController.h; sourceTree = "<group>"; };
		A162FE4218D998DE00362A0A /* ExploreOptionsViewController.m */ = {isa = PBXFileReference; fileEncoding = 4; lastKnownFileType = sourcecode.c.objc; path = ExploreOptionsViewController.m; sourceTree = "<group>"; };
		A17BDE541917B57200A804A4 /* OptionsRecordType.h */ = {isa = PBXFileReference; fileEncoding = 4; lastKnownFileType = sourcecode.c.h; path = OptionsRecordType.h; sourceTree = "<group>"; };
		A17BDE551917B57200A804A4 /* OptionsRecordType.m */ = {isa = PBXFileReference; fileEncoding = 4; lastKnownFileType = sourcecode.c.objc; path = OptionsRecordType.m; sourceTree = "<group>"; };
		A17BDE5A1917ECD000A804A4 /* APIOption.h */ = {isa = PBXFileReference; fileEncoding = 4; lastKnownFileType = sourcecode.c.h; path = APIOption.h; sourceTree = "<group>"; };
		A17BDE5B1917ECD000A804A4 /* APIOption.m */ = {isa = PBXFileReference; fileEncoding = 4; lastKnownFileType = sourcecode.c.objc; path = APIOption.m; sourceTree = "<group>"; };
		A1875DF018FD48A2001DC029 /* NSCountedSet+Sorting.h */ = {isa = PBXFileReference; fileEncoding = 4; lastKnownFileType = sourcecode.c.h; name = "NSCountedSet+Sorting.h"; path = "BioCaching/NSCountedSet+Sorting.h"; sourceTree = SOURCE_ROOT; };
		A1875DF118FD48A2001DC029 /* NSCountedSet+Sorting.m */ = {isa = PBXFileReference; fileEncoding = 4; lastKnownFileType = sourcecode.c.objc; name = "NSCountedSet+Sorting.m"; path = "BioCaching/NSCountedSet+Sorting.m"; sourceTree = SOURCE_ROOT; };
		A1875DF218FD48A2001DC029 /* NSDictionary+Filtering.h */ = {isa = PBXFileReference; fileEncoding = 4; lastKnownFileType = sourcecode.c.h; name = "NSDictionary+Filtering.h"; path = "BioCaching/NSDictionary+Filtering.h"; sourceTree = SOURCE_ROOT; };
		A1875DF318FD48A2001DC029 /* NSDictionary+Filtering.m */ = {isa = PBXFileReference; fileEncoding = 4; lastKnownFileType = sourcecode.c.objc; name = "NSDictionary+Filtering.m"; path = "BioCaching/NSDictionary+Filtering.m"; sourceTree = SOURCE_ROOT; };
		A1875DF418FD48A2001DC029 /* NSString+UtilityMethods.h */ = {isa = PBXFileReference; fileEncoding = 4; lastKnownFileType = sourcecode.c.h; name = "NSString+UtilityMethods.h"; path = "BioCaching/NSString+UtilityMethods.h"; sourceTree = SOURCE_ROOT; };
		A1875DF518FD48A2001DC029 /* NSString+UtilityMethods.m */ = {isa = PBXFileReference; fileEncoding = 4; lastKnownFileType = sourcecode.c.objc; name = "NSString+UtilityMethods.m"; path = "BioCaching/NSString+UtilityMethods.m"; sourceTree = SOURCE_ROOT; };
		A1875DF618FD48A2001DC029 /* UIView+UtilityMethods.h */ = {isa = PBXFileReference; fileEncoding = 4; lastKnownFileType = sourcecode.c.h; name = "UIView+UtilityMethods.h"; path = "BioCaching/UIView+UtilityMethods.h"; sourceTree = SOURCE_ROOT; };
		A1875DF718FD48A2001DC029 /* UIView+UtilityMethods.m */ = {isa = PBXFileReference; fileEncoding = 4; lastKnownFileType = sourcecode.c.objc; name = "UIView+UtilityMethods.m"; path = "BioCaching/UIView+UtilityMethods.m"; sourceTree = SOURCE_ROOT; };
		A1875DFC18FD4A36001DC029 /* Podfile */ = {isa = PBXFileReference; fileEncoding = 4; lastKnownFileType = text; path = Podfile; sourceTree = "<group>"; xcLanguageSpecificationIdentifier = xcode.lang.ruby; };
		A1875E3018FECCBA001DC029 /* INatTrip.h */ = {isa = PBXFileReference; fileEncoding = 4; lastKnownFileType = sourcecode.c.h; path = INatTrip.h; sourceTree = "<group>"; };
		A1875E3118FECCBA001DC029 /* INatTrip.m */ = {isa = PBXFileReference; fileEncoding = 4; lastKnownFileType = sourcecode.c.objc; path = INatTrip.m; sourceTree = "<group>"; };
		A1875E3318FED8D2001DC029 /* constants.h */ = {isa = PBXFileReference; lastKnownFileType = sourcecode.c.h; path = constants.h; sourceTree = "<group>"; };
		A18AAA9B1907D98300FB75A5 /* MapViewLayoutGuide.h */ = {isa = PBXFileReference; fileEncoding = 4; lastKnownFileType = sourcecode.c.h; path = MapViewLayoutGuide.h; sourceTree = "<group>"; };
		A18AAA9E1907E14200FB75A5 /* DisplayOptions.h */ = {isa = PBXFileReference; fileEncoding = 4; lastKnownFileType = sourcecode.c.h; path = DisplayOptions.h; sourceTree = "<group>"; };
		A18AAA9F1907E14200FB75A5 /* DisplayOptions.m */ = {isa = PBXFileReference; fileEncoding = 4; lastKnownFileType = sourcecode.c.objc; path = DisplayOptions.m; sourceTree = "<group>"; };
		A18AAAA11907E1A300FB75A5 /* BCOptions.h */ = {isa = PBXFileReference; fileEncoding = 4; lastKnownFileType = sourcecode.c.h; path = BCOptions.h; sourceTree = "<group>"; };
		A18AAAA21907E1A300FB75A5 /* BCOptions.m */ = {isa = PBXFileReference; fileEncoding = 4; lastKnownFileType = sourcecode.c.objc; path = BCOptions.m; sourceTree = "<group>"; };
		A18AAAB91908100400FB75A5 /* iOSa_2.23.0.version */ = {isa = PBXFileReference; fileEncoding = 4; lastKnownFileType = text; path = iOSa_2.23.0.version; sourceTree = "<group>"; };
		A18AAABA1908100400FB75A5 /* libLocalyticsAMP_x64.a */ = {isa = PBXFileReference; lastKnownFileType = archive.ar; path = libLocalyticsAMP_x64.a; sourceTree = "<group>"; };
		A18AAABC1908100400FB75A5 /* LICENSE */ = {isa = PBXFileReference; fileEncoding = 4; lastKnownFileType = text; path = LICENSE; sourceTree = "<group>"; };
		A18AAABD1908100400FB75A5 /* LocalyticsAmpSession.h */ = {isa = PBXFileReference; fileEncoding = 4; lastKnownFileType = sourcecode.c.h; path = LocalyticsAmpSession.h; sourceTree = "<group>"; };
		A18AAABE1908100400FB75A5 /* LocalyticsSession.h */ = {isa = PBXFileReference; fileEncoding = 4; lastKnownFileType = sourcecode.c.h; path = LocalyticsSession.h; sourceTree = "<group>"; };
		A18C53C4190696CD001D6A9E /* CrossHairView.h */ = {isa = PBXFileReference; fileEncoding = 4; lastKnownFileType = sourcecode.c.h; path = CrossHairView.h; sourceTree = "<group>"; };
		A18C53C5190696CD001D6A9E /* CrossHairView.m */ = {isa = PBXFileReference; fileEncoding = 4; lastKnownFileType = sourcecode.c.objc; path = CrossHairView.m; sourceTree = "<group>"; };
		A1B9232B1919140A005092F4 /* CustomEmbedSegue.h */ = {isa = PBXFileReference; fileEncoding = 4; lastKnownFileType = sourcecode.c.h; path = CustomEmbedSegue.h; sourceTree = "<group>"; };
		A1B9232C1919140A005092F4 /* CustomEmbedSegue.m */ = {isa = PBXFileReference; fileEncoding = 4; lastKnownFileType = sourcecode.c.objc; path = CustomEmbedSegue.m; sourceTree = "<group>"; };
		A1B92331191962B1005092F4 /* ExploreSummaryTableViewController.h */ = {isa = PBXFileReference; fileEncoding = 4; lastKnownFileType = sourcecode.c.h; path = ExploreSummaryTableViewController.h; sourceTree = "<group>"; };
		A1B92332191962B1005092F4 /* ExploreSummaryTableViewController.m */ = {isa = PBXFileReference; fileEncoding = 4; lastKnownFileType = sourcecode.c.objc; path = ExploreSummaryTableViewController.m; sourceTree = "<group>"; };
		A1B92337191BA54C005092F4 /* TaxonListCell.h */ = {isa = PBXFileReference; fileEncoding = 4; lastKnownFileType = sourcecode.c.h; path = TaxonListCell.h; sourceTree = "<group>"; };
		A1B92338191BA54C005092F4 /* TaxonListCell.m */ = {isa = PBXFileReference; fileEncoding = 4; lastKnownFileType = sourcecode.c.objc; path = TaxonListCell.m; sourceTree = "<group>"; };
		A1B9233A191BAF91005092F4 /* UIView+Colors.h */ = {isa = PBXFileReference; fileEncoding = 4; lastKnownFileType = sourcecode.c.h; path = "UIView+Colors.h"; sourceTree = SOURCE_ROOT; };
		A1B9233B191BAF91005092F4 /* UIView+Colors.m */ = {isa = PBXFileReference; fileEncoding = 4; lastKnownFileType = sourcecode.c.objc; path = "UIView+Colors.m"; sourceTree = SOURCE_ROOT; };
		A1B92340191BB5BC005092F4 /* UILabel+Appearance.h */ = {isa = PBXFileReference; fileEncoding = 4; lastKnownFileType = sourcecode.c.h; path = "UILabel+Appearance.h"; sourceTree = SOURCE_ROOT; };
		A1B92341191BB5BC005092F4 /* UILabel+Appearance.m */ = {isa = PBXFileReference; fileEncoding = 4; lastKnownFileType = sourcecode.c.objc; path = "UILabel+Appearance.m"; sourceTree = SOURCE_ROOT; };
		A1D5DD8318C61B6A00FA005B /* Alexandra Park, London.gpx */ = {isa = PBXFileReference; fileEncoding = 4; lastKnownFileType = text; name = "Alexandra Park, London.gpx"; path = "Resources/TestData/Alexandra Park, London.gpx"; sourceTree = "<group>"; };
		A1D5DD8418C61B6A00FA005B /* Exe Estuary MPA, UK.gpx */ = {isa = PBXFileReference; fileEncoding = 4; lastKnownFileType = text; name = "Exe Estuary MPA, UK.gpx"; path = "Resources/TestData/Exe Estuary MPA, UK.gpx"; sourceTree = "<group>"; };
		A1D5DD8518C61B6A00FA005B /* GoldenGate Park, CA.gpx */ = {isa = PBXFileReference; fileEncoding = 4; lastKnownFileType = text; name = "GoldenGate Park, CA.gpx"; path = "Resources/TestData/GoldenGate Park, CA.gpx"; sourceTree = "<group>"; };
		A1D5DD8618C61B6A00FA005B /* Lafayette Reservoir, CA.gpx */ = {isa = PBXFileReference; fileEncoding = 4; lastKnownFileType = text; name = "Lafayette Reservoir, CA.gpx"; path = "Resources/TestData/Lafayette Reservoir, CA.gpx"; sourceTree = "<group>"; };
		A1D5DD8718C61B6A00FA005B /* Pepperwood Preserve, CA.gpx */ = {isa = PBXFileReference; fileEncoding = 4; lastKnownFileType = text; name = "Pepperwood Preserve, CA.gpx"; path = "Resources/TestData/Pepperwood Preserve, CA.gpx"; sourceTree = "<group>"; };
		A1D5DD8818C61B6A00FA005B /* White House, DC.gpx */ = {isa = PBXFileReference; fileEncoding = 4; lastKnownFileType = text; name = "White House, DC.gpx"; path = "Resources/TestData/White House, DC.gpx"; sourceTree = "<group>"; };
		A1D5DD8F18C61D0300FA005B /* SystemConfiguration.framework */ = {isa = PBXFileReference; lastKnownFileType = wrapper.framework; name = SystemConfiguration.framework; path = System/Library/Frameworks/SystemConfiguration.framework; sourceTree = SDKROOT; };
		A1D5DD9118C61D0F00FA005B /* Security.framework */ = {isa = PBXFileReference; lastKnownFileType = wrapper.framework; name = Security.framework; path = System/Library/Frameworks/Security.framework; sourceTree = SDKROOT; };
		A1D5DD9918C61FFB00FA005B /* Flurry.h */ = {isa = PBXFileReference; fileEncoding = 4; lastKnownFileType = sourcecode.c.h; path = Flurry.h; sourceTree = "<group>"; };
		A1D5DD9A18C61FFB00FA005B /* libFlurry_4.3.2.a */ = {isa = PBXFileReference; lastKnownFileType = archive.ar; path = libFlurry_4.3.2.a; sourceTree = "<group>"; };
		A1D5DD9F18C72E1500FA005B /* ExploreListViewController.h */ = {isa = PBXFileReference; fileEncoding = 4; lastKnownFileType = sourcecode.c.h; path = ExploreListViewController.h; sourceTree = "<group>"; };
		A1D5DDA018C72E1500FA005B /* ExploreListViewController.m */ = {isa = PBXFileReference; fileEncoding = 4; lastKnownFileType = sourcecode.c.objc; path = ExploreListViewController.m; sourceTree = "<group>"; };
		A1D5DDE318C7BAA500FA005B /* libz.dylib */ = {isa = PBXFileReference; lastKnownFileType = "compiled.mach-o.dylib"; name = libz.dylib; path = usr/lib/libz.dylib; sourceTree = SDKROOT; };
		A1D5DDE518C7BAB900FA005B /* libsqlite3.dylib */ = {isa = PBXFileReference; lastKnownFileType = "compiled.mach-o.dylib"; name = libsqlite3.dylib; path = usr/lib/libsqlite3.dylib; sourceTree = SDKROOT; };
		A1D5DDFE18C7CDC600FA005B /* en */ = {isa = PBXFileReference; lastKnownFileType = file.storyboard; name = en; path = en.lproj/Main.storyboard; sourceTree = "<group>"; };
		A1D5DE0118C9F4CA00FA005B /* GBIFOccurrenceResults.h */ = {isa = PBXFileReference; fileEncoding = 4; lastKnownFileType = sourcecode.c.h; path = GBIFOccurrenceResults.h; sourceTree = "<group>"; };
		A1D5DE0218C9F4CA00FA005B /* GBIFOccurrenceResults.m */ = {isa = PBXFileReference; fileEncoding = 4; lastKnownFileType = sourcecode.c.objc; path = GBIFOccurrenceResults.m; sourceTree = "<group>"; };
		A1D5DE0418C9F88000FA005B /* GBIFCommunicatorDelegate.h */ = {isa = PBXFileReference; lastKnownFileType = sourcecode.c.h; path = GBIFCommunicatorDelegate.h; sourceTree = "<group>"; };
		A1D5DE0518C9F93C00FA005B /* GBIFCommunicator.h */ = {isa = PBXFileReference; fileEncoding = 4; lastKnownFileType = sourcecode.c.h; path = GBIFCommunicator.h; sourceTree = "<group>"; };
		A1D5DE0618C9F93C00FA005B /* GBIFCommunicator.m */ = {isa = PBXFileReference; fileEncoding = 4; lastKnownFileType = sourcecode.c.objc; path = GBIFCommunicator.m; sourceTree = "<group>"; };
		A1D5DE0B18C9FED400FA005B /* MKPolygon+WKTParser.h */ = {isa = PBXFileReference; fileEncoding = 4; lastKnownFileType = sourcecode.c.h; name = "MKPolygon+WKTParser.h"; path = "BioCaching/MKPolygon+WKTParser.h"; sourceTree = SOURCE_ROOT; };
		A1D5DE0C18C9FED400FA005B /* MKPolygon+WKTParser.m */ = {isa = PBXFileReference; fileEncoding = 4; lastKnownFileType = sourcecode.c.objc; name = "MKPolygon+WKTParser.m"; path = "BioCaching/MKPolygon+WKTParser.m"; sourceTree = SOURCE_ROOT; };
		A1D5DE1218CA1A4100FA005B /* GBIFManagerDelegate.h */ = {isa = PBXFileReference; lastKnownFileType = sourcecode.c.h; path = GBIFManagerDelegate.h; sourceTree = "<group>"; };
		A1D5DE1318CB64C900FA005B /* GBIFManager.h */ = {isa = PBXFileReference; fileEncoding = 4; lastKnownFileType = sourcecode.c.h; path = GBIFManager.h; sourceTree = "<group>"; };
		A1D5DE1418CB64C900FA005B /* GBIFManager.m */ = {isa = PBXFileReference; fileEncoding = 4; lastKnownFileType = sourcecode.c.objc; path = GBIFManager.m; sourceTree = "<group>"; };
		A1D9A12918E20FAC006C1988 /* ionicons-codes.h */ = {isa = PBXFileReference; fileEncoding = 4; lastKnownFileType = sourcecode.c.h; path = "ionicons-codes.h"; sourceTree = "<group>"; };
		A1D9A12A18E20FAC006C1988 /* IonIcons.h */ = {isa = PBXFileReference; fileEncoding = 4; lastKnownFileType = sourcecode.c.h; path = IonIcons.h; sourceTree = "<group>"; };
		A1D9A12B18E20FAC006C1988 /* IonIcons.m */ = {isa = PBXFileReference; fileEncoding = 4; lastKnownFileType = sourcecode.c.objc; path = IonIcons.m; sourceTree = "<group>"; };
		A1D9A12C18E20FAC006C1988 /* ionicons.ttf */ = {isa = PBXFileReference; lastKnownFileType = file; path = ionicons.ttf; sourceTree = "<group>"; };
		A1D9A12D18E20FAC006C1988 /* LICENSE */ = {isa = PBXFileReference; fileEncoding = 4; lastKnownFileType = text; path = LICENSE; sourceTree = "<group>"; };
		A1D9A12E18E20FAC006C1988 /* README.md */ = {isa = PBXFileReference; fileEncoding = 4; lastKnownFileType = text; path = README.md; sourceTree = "<group>"; };
		A1D9A13318E3696A006C1988 /* Reveal.framework */ = {isa = PBXFileReference; lastKnownFileType = wrapper.framework; path = Reveal.framework; sourceTree = "<group>"; };
		A1D9A13B18E5786F006C1988 /* DropDownViewDelegate.h */ = {isa = PBXFileReference; lastKnownFileType = sourcecode.c.h; path = DropDownViewDelegate.h; sourceTree = "<group>"; };
		A1D9A13F18E5993D006C1988 /* DropDownViewController.h */ = {isa = PBXFileReference; fileEncoding = 4; lastKnownFileType = sourcecode.c.h; path = DropDownViewController.h; sourceTree = "<group>"; };
		A1D9A14018E5993D006C1988 /* DropDownViewController.m */ = {isa = PBXFileReference; fileEncoding = 4; lastKnownFileType = sourcecode.c.objc; path = DropDownViewController.m; sourceTree = "<group>"; };
		A1D9A14218E6D3D4006C1988 /* ExploreOptionsDelegate.h */ = {isa = PBXFileReference; lastKnownFileType = sourcecode.c.h; path = ExploreOptionsDelegate.h; sourceTree = "<group>"; };
		A1DAC5F518F320FD00ABC9BA /* INatManager.h */ = {isa = PBXFileReference; fileEncoding = 4; lastKnownFileType = sourcecode.c.h; path = INatManager.h; sourceTree = "<group>"; };
		A1DAC5F618F320FD00ABC9BA /* INatManager.m */ = {isa = PBXFileReference; fileEncoding = 4; lastKnownFileType = sourcecode.c.objc; path = INatManager.m; sourceTree = "<group>"; };
		A1DAC5FB18F44AE600ABC9BA /* INatManagerDelegate.h */ = {isa = PBXFileReference; lastKnownFileType = sourcecode.c.h; path = INatManagerDelegate.h; sourceTree = "<group>"; };
		A1DAC5FF18F4637F00ABC9BA /* INatTaxonPhoto.h */ = {isa = PBXFileReference; fileEncoding = 4; lastKnownFileType = sourcecode.c.h; path = INatTaxonPhoto.h; sourceTree = "<group>"; };
		A1DAC60018F4637F00ABC9BA /* INatTaxonPhoto.m */ = {isa = PBXFileReference; fileEncoding = 4; lastKnownFileType = sourcecode.c.objc; path = INatTaxonPhoto.m; sourceTree = "<group>"; };
		A1DAC60218F4773300ABC9BA /* INatTaxon.m */ = {isa = PBXFileReference; fileEncoding = 4; lastKnownFileType = sourcecode.c.objc; path = INatTaxon.m; sourceTree = "<group>"; };
		A1E78113190FD21400A3200F /* SWRevealViewController.h */ = {isa = PBXFileReference; fileEncoding = 4; lastKnownFileType = sourcecode.c.h; path = SWRevealViewController.h; sourceTree = "<group>"; };
		A1E78114190FD21400A3200F /* SWRevealViewController.m */ = {isa = PBXFileReference; fileEncoding = 4; lastKnownFileType = sourcecode.c.objc; path = SWRevealViewController.m; sourceTree = "<group>"; };
		A1E78116190FD32000A3200F /* SidebarViewController.h */ = {isa = PBXFileReference; fileEncoding = 4; lastKnownFileType = sourcecode.c.h; path = SidebarViewController.h; sourceTree = "<group>"; };
		A1E78117190FD32000A3200F /* SidebarViewController.m */ = {isa = PBXFileReference; fileEncoding = 4; lastKnownFileType = sourcecode.c.objc; path = SidebarViewController.m; sourceTree = "<group>"; };
		A1E78119190FEC6200A3200F /* MainViewController.h */ = {isa = PBXFileReference; fileEncoding = 4; lastKnownFileType = sourcecode.c.h; path = MainViewController.h; sourceTree = "<group>"; };
		A1E7811A190FEC6200A3200F /* MainViewController.m */ = {isa = PBXFileReference; fileEncoding = 4; lastKnownFileType = sourcecode.c.objc; path = MainViewController.m; sourceTree = "<group>"; };
		A1E7811C190FFE9900A3200F /* ExploreContainerViewController.h */ = {isa = PBXFileReference; fileEncoding = 4; lastKnownFileType = sourcecode.c.h; path = ExploreContainerViewController.h; sourceTree = "<group>"; };
		A1E7811D190FFE9900A3200F /* ExploreContainerViewController.m */ = {isa = PBXFileReference; fileEncoding = 4; lastKnownFileType = sourcecode.c.objc; path = ExploreContainerViewController.m; sourceTree = "<group>"; };
		A1E7811F19102AFE00A3200F /* UIColor+Defaults.h */ = {isa = PBXFileReference; fileEncoding = 4; lastKnownFileType = sourcecode.c.h; path = "UIColor+Defaults.h"; sourceTree = "<group>"; };
		A1E7812019102AFE00A3200F /* UIColor+Defaults.m */ = {isa = PBXFileReference; fileEncoding = 4; lastKnownFileType = sourcecode.c.objc; path = "UIColor+Defaults.m"; sourceTree = "<group>"; };
		A1E78138191295F600A3200F /* TaxonInfoViewController.h */ = {isa = PBXFileReference; fileEncoding = 4; lastKnownFileType = sourcecode.c.h; path = TaxonInfoViewController.h; sourceTree = "<group>"; };
		A1E78139191295F600A3200F /* TaxonInfoViewController.m */ = {isa = PBXFileReference; fileEncoding = 4; lastKnownFileType = sourcecode.c.objc; path = TaxonInfoViewController.m; sourceTree = "<group>"; };
		A1EA208F18B4F7AB00200D50 /* BioCaching.app */ = {isa = PBXFileReference; explicitFileType = wrapper.application; includeInIndex = 0; path = BioCaching.app; sourceTree = BUILT_PRODUCTS_DIR; };
		A1EA209218B4F7AB00200D50 /* Foundation.framework */ = {isa = PBXFileReference; lastKnownFileType = wrapper.framework; name = Foundation.framework; path = System/Library/Frameworks/Foundation.framework; sourceTree = SDKROOT; };
		A1EA209418B4F7AB00200D50 /* CoreGraphics.framework */ = {isa = PBXFileReference; lastKnownFileType = wrapper.framework; name = CoreGraphics.framework; path = System/Library/Frameworks/CoreGraphics.framework; sourceTree = SDKROOT; };
		A1EA209618B4F7AB00200D50 /* UIKit.framework */ = {isa = PBXFileReference; lastKnownFileType = wrapper.framework; name = UIKit.framework; path = System/Library/Frameworks/UIKit.framework; sourceTree = SDKROOT; };
		A1EA209A18B4F7AB00200D50 /* BioCaching-Info.plist */ = {isa = PBXFileReference; lastKnownFileType = text.plist.xml; path = "BioCaching-Info.plist"; sourceTree = "<group>"; };
		A1EA209C18B4F7AB00200D50 /* en */ = {isa = PBXFileReference; lastKnownFileType = text.plist.strings; name = en; path = en.lproj/InfoPlist.strings; sourceTree = "<group>"; };
		A1EA209E18B4F7AB00200D50 /* main.m */ = {isa = PBXFileReference; lastKnownFileType = sourcecode.c.objc; path = main.m; sourceTree = "<group>"; };
		A1EA20A018B4F7AB00200D50 /* BioCaching-Prefix.pch */ = {isa = PBXFileReference; lastKnownFileType = sourcecode.c.h; path = "BioCaching-Prefix.pch"; sourceTree = "<group>"; };
		A1EA20A118B4F7AB00200D50 /* AppDelegate.h */ = {isa = PBXFileReference; lastKnownFileType = sourcecode.c.h; path = AppDelegate.h; sourceTree = "<group>"; };
		A1EA20A218B4F7AB00200D50 /* AppDelegate.m */ = {isa = PBXFileReference; lastKnownFileType = sourcecode.c.objc; path = AppDelegate.m; sourceTree = "<group>"; };
		A1EA20A718B4F7AB00200D50 /* ExploreMapViewController.h */ = {isa = PBXFileReference; lastKnownFileType = sourcecode.c.h; path = ExploreMapViewController.h; sourceTree = "<group>"; };
		A1EA20A818B4F7AB00200D50 /* ExploreMapViewController.m */ = {isa = PBXFileReference; lastKnownFileType = sourcecode.c.objc; path = ExploreMapViewController.m; sourceTree = "<group>"; };
		A1EA20AA18B4F7AB00200D50 /* TripsViewController.h */ = {isa = PBXFileReference; lastKnownFileType = sourcecode.c.h; path = TripsViewController.h; sourceTree = "<group>"; };
		A1EA20AB18B4F7AB00200D50 /* TripsViewController.m */ = {isa = PBXFileReference; lastKnownFileType = sourcecode.c.objc; path = TripsViewController.m; sourceTree = "<group>"; };
		A1EA20CE18B4F7ED00200D50 /* MapKit.framework */ = {isa = PBXFileReference; lastKnownFileType = wrapper.framework; name = MapKit.framework; path = System/Library/Frameworks/MapKit.framework; sourceTree = SDKROOT; };
		A1EA20D318BDEED400200D50 /* ProfileViewController.h */ = {isa = PBXFileReference; fileEncoding = 4; lastKnownFileType = sourcecode.c.h; path = ProfileViewController.h; sourceTree = "<group>"; };
		A1EA20D418BDEED400200D50 /* ProfileViewController.m */ = {isa = PBXFileReference; fileEncoding = 4; lastKnownFileType = sourcecode.c.objc; path = ProfileViewController.m; sourceTree = "<group>"; };
		A1EA6CC518D0A921002FCDDD /* GBIFOccurrence.h */ = {isa = PBXFileReference; fileEncoding = 4; lastKnownFileType = sourcecode.c.h; path = GBIFOccurrence.h; sourceTree = "<group>"; };
		A1EA6CC618D0A921002FCDDD /* GBIFOccurrence.m */ = {isa = PBXFileReference; fileEncoding = 4; lastKnownFileType = sourcecode.c.objc; path = GBIFOccurrence.m; sourceTree = "<group>"; };
		A1EA6CD218D0BE87002FCDDD /* GBIFCommunicatorMock.h */ = {isa = PBXFileReference; fileEncoding = 4; lastKnownFileType = sourcecode.c.h; path = GBIFCommunicatorMock.h; sourceTree = "<group>"; };
		A1EA6CD318D0BE87002FCDDD /* GBIFCommunicatorMock.m */ = {isa = PBXFileReference; fileEncoding = 4; lastKnownFileType = sourcecode.c.objc; path = GBIFCommunicatorMock.m; sourceTree = "<group>"; };
		A1EA6CD518D0BFD5002FCDDD /* OccurrenceResultsAP.json */ = {isa = PBXFileReference; fileEncoding = 4; lastKnownFileType = text.json; name = OccurrenceResultsAP.json; path = Resources/TestData/OccurrenceResultsAP.json; sourceTree = "<group>"; };
		A1EA6CD918D1B278002FCDDD /* config.h */ = {isa = PBXFileReference; lastKnownFileType = sourcecode.c.h; path = config.h; sourceTree = "<group>"; };
		A1EA6CE718D23A87002FCDDD /* Images.xcassets */ = {isa = PBXFileReference; lastKnownFileType = folder.assetcatalog; path = Images.xcassets; sourceTree = "<group>"; };
		A1EB1C48192230B9005650D9 /* TripsListCell.h */ = {isa = PBXFileReference; fileEncoding = 4; lastKnownFileType = sourcecode.c.h; path = TripsListCell.h; sourceTree = "<group>"; };
		A1EB1C49192230B9005650D9 /* TripsListCell.m */ = {isa = PBXFileReference; fileEncoding = 4; lastKnownFileType = sourcecode.c.objc; path = TripsListCell.m; sourceTree = "<group>"; };
		A1EB1C4B192232D9005650D9 /* INatTripTaxon.h */ = {isa = PBXFileReference; fileEncoding = 4; lastKnownFileType = sourcecode.c.h; path = INatTripTaxon.h; sourceTree = "<group>"; };
		A1EB1C4C192232D9005650D9 /* INatTripTaxon.m */ = {isa = PBXFileReference; fileEncoding = 4; lastKnownFileType = sourcecode.c.objc; path = INatTripTaxon.m; sourceTree = "<group>"; };
		A1EB1C4E192232F1005650D9 /* INatTripPurpose.h */ = {isa = PBXFileReference; fileEncoding = 4; lastKnownFileType = sourcecode.c.h; path = INatTripPurpose.h; sourceTree = "<group>"; };
		A1EB1C4F192232F1005650D9 /* INatTripPurpose.m */ = {isa = PBXFileReference; fileEncoding = 4; lastKnownFileType = sourcecode.c.objc; path = INatTripPurpose.m; sourceTree = "<group>"; };
		A1EB1C5319223E91005650D9 /* BioCaching.xcdatamodel */ = {isa = PBXFileReference; lastKnownFileType = wrapper.xcdatamodel; path = BioCaching.xcdatamodel; sourceTree = "<group>"; };
		A1EB220A192271F2005650D9 /* NIActions.h */ = {isa = PBXFileReference; fileEncoding = 4; lastKnownFileType = sourcecode.c.h; name = NIActions.h; path = "../../../../../iOS Libraries/nimbus/src/core/src/NIActions.h"; sourceTree = "<group>"; };
		A1EB220B192271F2005650D9 /* NIActions.m */ = {isa = PBXFileReference; fileEncoding = 4; lastKnownFileType = sourcecode.c.objc; name = NIActions.m; path = "../../../../../iOS Libraries/nimbus/src/core/src/NIActions.m"; sourceTree = "<group>"; };
		A1EB220C192271F2005650D9 /* NIActions+Subclassing.h */ = {isa = PBXFileReference; fileEncoding = 4; lastKnownFileType = sourcecode.c.h; name = "NIActions+Subclassing.h"; path = "../../../../../iOS Libraries/nimbus/src/core/src/NIActions+Subclassing.h"; sourceTree = "<group>"; };
		A1EB220D192271F2005650D9 /* NIButtonUtilities.h */ = {isa = PBXFileReference; fileEncoding = 4; lastKnownFileType = sourcecode.c.h; name = NIButtonUtilities.h; path = "../../../../../iOS Libraries/nimbus/src/core/src/NIButtonUtilities.h"; sourceTree = "<group>"; };
		A1EB220E192271F2005650D9 /* NIButtonUtilities.m */ = {isa = PBXFileReference; fileEncoding = 4; lastKnownFileType = sourcecode.c.objc; name = NIButtonUtilities.m; path = "../../../../../iOS Libraries/nimbus/src/core/src/NIButtonUtilities.m"; sourceTree = "<group>"; };
		A1EB220F192271F2005650D9 /* NICommonMetrics.h */ = {isa = PBXFileReference; fileEncoding = 4; lastKnownFileType = sourcecode.c.h; name = NICommonMetrics.h; path = "../../../../../iOS Libraries/nimbus/src/core/src/NICommonMetrics.h"; sourceTree = "<group>"; };
		A1EB2210192271F2005650D9 /* NICommonMetrics.m */ = {isa = PBXFileReference; fileEncoding = 4; lastKnownFileType = sourcecode.c.objc; name = NICommonMetrics.m; path = "../../../../../iOS Libraries/nimbus/src/core/src/NICommonMetrics.m"; sourceTree = "<group>"; };
		A1EB2211192271F2005650D9 /* NIDataStructures.h */ = {isa = PBXFileReference; fileEncoding = 4; lastKnownFileType = sourcecode.c.h; name = NIDataStructures.h; path = "../../../../../iOS Libraries/nimbus/src/core/src/NIDataStructures.h"; sourceTree = "<group>"; };
		A1EB2212192271F2005650D9 /* NIDataStructures.m */ = {isa = PBXFileReference; fileEncoding = 4; lastKnownFileType = sourcecode.c.objc; name = NIDataStructures.m; path = "../../../../../iOS Libraries/nimbus/src/core/src/NIDataStructures.m"; sourceTree = "<group>"; };
		A1EB2213192271F2005650D9 /* NIDebuggingTools.h */ = {isa = PBXFileReference; fileEncoding = 4; lastKnownFileType = sourcecode.c.h; name = NIDebuggingTools.h; path = "../../../../../iOS Libraries/nimbus/src/core/src/NIDebuggingTools.h"; sourceTree = "<group>"; };
		A1EB2214192271F2005650D9 /* NIDebuggingTools.m */ = {isa = PBXFileReference; fileEncoding = 4; lastKnownFileType = sourcecode.c.objc; name = NIDebuggingTools.m; path = "../../../../../iOS Libraries/nimbus/src/core/src/NIDebuggingTools.m"; sourceTree = "<group>"; };
		A1EB2215192271F2005650D9 /* NIDeviceOrientation.h */ = {isa = PBXFileReference; fileEncoding = 4; lastKnownFileType = sourcecode.c.h; name = NIDeviceOrientation.h; path = "../../../../../iOS Libraries/nimbus/src/core/src/NIDeviceOrientation.h"; sourceTree = "<group>"; };
		A1EB2216192271F2005650D9 /* NIDeviceOrientation.m */ = {isa = PBXFileReference; fileEncoding = 4; lastKnownFileType = sourcecode.c.objc; name = NIDeviceOrientation.m; path = "../../../../../iOS Libraries/nimbus/src/core/src/NIDeviceOrientation.m"; sourceTree = "<group>"; };
		A1EB2217192271F2005650D9 /* NIError.h */ = {isa = PBXFileReference; fileEncoding = 4; lastKnownFileType = sourcecode.c.h; name = NIError.h; path = "../../../../../iOS Libraries/nimbus/src/core/src/NIError.h"; sourceTree = "<group>"; };
		A1EB2218192271F2005650D9 /* NIError.m */ = {isa = PBXFileReference; fileEncoding = 4; lastKnownFileType = sourcecode.c.objc; name = NIError.m; path = "../../../../../iOS Libraries/nimbus/src/core/src/NIError.m"; sourceTree = "<group>"; };
		A1EB2219192271F2005650D9 /* NIFoundationMethods.h */ = {isa = PBXFileReference; fileEncoding = 4; lastKnownFileType = sourcecode.c.h; name = NIFoundationMethods.h; path = "../../../../../iOS Libraries/nimbus/src/core/src/NIFoundationMethods.h"; sourceTree = "<group>"; };
		A1EB221A192271F2005650D9 /* NIFoundationMethods.m */ = {isa = PBXFileReference; fileEncoding = 4; lastKnownFileType = sourcecode.c.objc; name = NIFoundationMethods.m; path = "../../../../../iOS Libraries/nimbus/src/core/src/NIFoundationMethods.m"; sourceTree = "<group>"; };
		A1EB221B192271F2005650D9 /* NIImageUtilities.h */ = {isa = PBXFileReference; fileEncoding = 4; lastKnownFileType = sourcecode.c.h; name = NIImageUtilities.h; path = "../../../../../iOS Libraries/nimbus/src/core/src/NIImageUtilities.h"; sourceTree = "<group>"; };
		A1EB221C192271F2005650D9 /* NIImageUtilities.m */ = {isa = PBXFileReference; fileEncoding = 4; lastKnownFileType = sourcecode.c.objc; name = NIImageUtilities.m; path = "../../../../../iOS Libraries/nimbus/src/core/src/NIImageUtilities.m"; sourceTree = "<group>"; };
		A1EB221D192271F2005650D9 /* NIInMemoryCache.h */ = {isa = PBXFileReference; fileEncoding = 4; lastKnownFileType = sourcecode.c.h; name = NIInMemoryCache.h; path = "../../../../../iOS Libraries/nimbus/src/core/src/NIInMemoryCache.h"; sourceTree = "<group>"; };
		A1EB221E192271F2005650D9 /* NIInMemoryCache.m */ = {isa = PBXFileReference; fileEncoding = 4; lastKnownFileType = sourcecode.c.objc; name = NIInMemoryCache.m; path = "../../../../../iOS Libraries/nimbus/src/core/src/NIInMemoryCache.m"; sourceTree = "<group>"; };
		A1EB221F192271F2005650D9 /* NimbusCore.h */ = {isa = PBXFileReference; fileEncoding = 4; lastKnownFileType = sourcecode.c.h; name = NimbusCore.h; path = "../../../../../iOS Libraries/nimbus/src/core/src/NimbusCore.h"; sourceTree = "<group>"; };
		A1EB2220192271F2005650D9 /* NimbusCore+Additions.h */ = {isa = PBXFileReference; fileEncoding = 4; lastKnownFileType = sourcecode.c.h; name = "NimbusCore+Additions.h"; path = "../../../../../iOS Libraries/nimbus/src/core/src/NimbusCore+Additions.h"; sourceTree = "<group>"; };
		A1EB2221192271F2005650D9 /* NINavigationAppearance.h */ = {isa = PBXFileReference; fileEncoding = 4; lastKnownFileType = sourcecode.c.h; name = NINavigationAppearance.h; path = "../../../../../iOS Libraries/nimbus/src/core/src/NINavigationAppearance.h"; sourceTree = "<group>"; };
		A1EB2222192271F2005650D9 /* NINavigationAppearance.m */ = {isa = PBXFileReference; fileEncoding = 4; lastKnownFileType = sourcecode.c.objc; name = NINavigationAppearance.m; path = "../../../../../iOS Libraries/nimbus/src/core/src/NINavigationAppearance.m"; sourceTree = "<group>"; };
		A1EB2223192271F2005650D9 /* NINetworkActivity.h */ = {isa = PBXFileReference; fileEncoding = 4; lastKnownFileType = sourcecode.c.h; name = NINetworkActivity.h; path = "../../../../../iOS Libraries/nimbus/src/core/src/NINetworkActivity.h"; sourceTree = "<group>"; };
		A1EB2224192271F2005650D9 /* NINetworkActivity.m */ = {isa = PBXFileReference; fileEncoding = 4; lastKnownFileType = sourcecode.c.objc; name = NINetworkActivity.m; path = "../../../../../iOS Libraries/nimbus/src/core/src/NINetworkActivity.m"; sourceTree = "<group>"; };
		A1EB2225192271F2005650D9 /* NINonEmptyCollectionTesting.h */ = {isa = PBXFileReference; fileEncoding = 4; lastKnownFileType = sourcecode.c.h; name = NINonEmptyCollectionTesting.h; path = "../../../../../iOS Libraries/nimbus/src/core/src/NINonEmptyCollectionTesting.h"; sourceTree = "<group>"; };
		A1EB2226192271F2005650D9 /* NINonEmptyCollectionTesting.m */ = {isa = PBXFileReference; fileEncoding = 4; lastKnownFileType = sourcecode.c.objc; name = NINonEmptyCollectionTesting.m; path = "../../../../../iOS Libraries/nimbus/src/core/src/NINonEmptyCollectionTesting.m"; sourceTree = "<group>"; };
		A1EB2227192271F2005650D9 /* NINonRetainingCollections.h */ = {isa = PBXFileReference; fileEncoding = 4; lastKnownFileType = sourcecode.c.h; name = NINonRetainingCollections.h; path = "../../../../../iOS Libraries/nimbus/src/core/src/NINonRetainingCollections.h"; sourceTree = "<group>"; };
		A1EB2228192271F2005650D9 /* NINonRetainingCollections.m */ = {isa = PBXFileReference; fileEncoding = 4; lastKnownFileType = sourcecode.c.objc; name = NINonRetainingCollections.m; path = "../../../../../iOS Libraries/nimbus/src/core/src/NINonRetainingCollections.m"; sourceTree = "<group>"; };
		A1EB2229192271F2005650D9 /* NIOperations.h */ = {isa = PBXFileReference; fileEncoding = 4; lastKnownFileType = sourcecode.c.h; name = NIOperations.h; path = "../../../../../iOS Libraries/nimbus/src/core/src/NIOperations.h"; sourceTree = "<group>"; };
		A1EB222A192271F2005650D9 /* NIOperations.m */ = {isa = PBXFileReference; fileEncoding = 4; lastKnownFileType = sourcecode.c.objc; name = NIOperations.m; path = "../../../../../iOS Libraries/nimbus/src/core/src/NIOperations.m"; sourceTree = "<group>"; };
		A1EB222B192271F2005650D9 /* NIOperations+Subclassing.h */ = {isa = PBXFileReference; fileEncoding = 4; lastKnownFileType = sourcecode.c.h; name = "NIOperations+Subclassing.h"; path = "../../../../../iOS Libraries/nimbus/src/core/src/NIOperations+Subclassing.h"; sourceTree = "<group>"; };
		A1EB222C192271F2005650D9 /* NIPaths.h */ = {isa = PBXFileReference; fileEncoding = 4; lastKnownFileType = sourcecode.c.h; name = NIPaths.h; path = "../../../../../iOS Libraries/nimbus/src/core/src/NIPaths.h"; sourceTree = "<group>"; };
		A1EB222D192271F2005650D9 /* NIPaths.m */ = {isa = PBXFileReference; fileEncoding = 4; lastKnownFileType = sourcecode.c.objc; name = NIPaths.m; path = "../../../../../iOS Libraries/nimbus/src/core/src/NIPaths.m"; sourceTree = "<group>"; };
		A1EB222E192271F2005650D9 /* NIPreprocessorMacros.h */ = {isa = PBXFileReference; fileEncoding = 4; lastKnownFileType = sourcecode.c.h; name = NIPreprocessorMacros.h; path = "../../../../../iOS Libraries/nimbus/src/core/src/NIPreprocessorMacros.h"; sourceTree = "<group>"; };
		A1EB222F192271F2005650D9 /* NIRuntimeClassModifications.h */ = {isa = PBXFileReference; fileEncoding = 4; lastKnownFileType = sourcecode.c.h; name = NIRuntimeClassModifications.h; path = "../../../../../iOS Libraries/nimbus/src/core/src/NIRuntimeClassModifications.h"; sourceTree = "<group>"; };
		A1EB2230192271F2005650D9 /* NIRuntimeClassModifications.m */ = {isa = PBXFileReference; fileEncoding = 4; lastKnownFileType = sourcecode.c.objc; name = NIRuntimeClassModifications.m; path = "../../../../../iOS Libraries/nimbus/src/core/src/NIRuntimeClassModifications.m"; sourceTree = "<group>"; };
		A1EB2231192271F2005650D9 /* NISDKAvailability.h */ = {isa = PBXFileReference; fileEncoding = 4; lastKnownFileType = sourcecode.c.h; name = NISDKAvailability.h; path = "../../../../../iOS Libraries/nimbus/src/core/src/NISDKAvailability.h"; sourceTree = "<group>"; };
		A1EB2232192271F2005650D9 /* NISDKAvailability.m */ = {isa = PBXFileReference; fileEncoding = 4; lastKnownFileType = sourcecode.c.objc; name = NISDKAvailability.m; path = "../../../../../iOS Libraries/nimbus/src/core/src/NISDKAvailability.m"; sourceTree = "<group>"; };
		A1EB2233192271F2005650D9 /* NISnapshotRotation.h */ = {isa = PBXFileReference; fileEncoding = 4; lastKnownFileType = sourcecode.c.h; name = NISnapshotRotation.h; path = "../../../../../iOS Libraries/nimbus/src/core/src/NISnapshotRotation.h"; sourceTree = "<group>"; };
		A1EB2234192271F2005650D9 /* NISnapshotRotation.m */ = {isa = PBXFileReference; fileEncoding = 4; lastKnownFileType = sourcecode.c.objc; name = NISnapshotRotation.m; path = "../../../../../iOS Libraries/nimbus/src/core/src/NISnapshotRotation.m"; sourceTree = "<group>"; };
		A1EB2235192271F2005650D9 /* NIState.h */ = {isa = PBXFileReference; fileEncoding = 4; lastKnownFileType = sourcecode.c.h; name = NIState.h; path = "../../../../../iOS Libraries/nimbus/src/core/src/NIState.h"; sourceTree = "<group>"; };
		A1EB2236192271F2005650D9 /* NIState.m */ = {isa = PBXFileReference; fileEncoding = 4; lastKnownFileType = sourcecode.c.objc; name = NIState.m; path = "../../../../../iOS Libraries/nimbus/src/core/src/NIState.m"; sourceTree = "<group>"; };
		A1EB2237192271F2005650D9 /* NIViewRecycler.h */ = {isa = PBXFileReference; fileEncoding = 4; lastKnownFileType = sourcecode.c.h; name = NIViewRecycler.h; path = "../../../../../iOS Libraries/nimbus/src/core/src/NIViewRecycler.h"; sourceTree = "<group>"; };
		A1EB2238192271F2005650D9 /* NIViewRecycler.m */ = {isa = PBXFileReference; fileEncoding = 4; lastKnownFileType = sourcecode.c.objc; name = NIViewRecycler.m; path = "../../../../../iOS Libraries/nimbus/src/core/src/NIViewRecycler.m"; sourceTree = "<group>"; };
		A1EB2239192271F2005650D9 /* UIResponder+NimbusCore.h */ = {isa = PBXFileReference; fileEncoding = 4; lastKnownFileType = sourcecode.c.h; name = "UIResponder+NimbusCore.h"; path = "../../../../../iOS Libraries/nimbus/src/core/src/UIResponder+NimbusCore.h"; sourceTree = "<group>"; };
		A1EB223A192271F2005650D9 /* UIResponder+NimbusCore.m */ = {isa = PBXFileReference; fileEncoding = 4; lastKnownFileType = sourcecode.c.objc; name = "UIResponder+NimbusCore.m"; path = "../../../../../iOS Libraries/nimbus/src/core/src/UIResponder+NimbusCore.m"; sourceTree = "<group>"; };
		A1EB22511922721B005650D9 /* NimbusWebController.h */ = {isa = PBXFileReference; fileEncoding = 4; lastKnownFileType = sourcecode.c.h; name = NimbusWebController.h; path = "../../../../../iOS Libraries/nimbus/src/webcontroller/src/NimbusWebController.h"; sourceTree = "<group>"; };
		A1EB22521922721B005650D9 /* NIWebController.h */ = {isa = PBXFileReference; fileEncoding = 4; lastKnownFileType = sourcecode.c.h; name = NIWebController.h; path = "../../../../../iOS Libraries/nimbus/src/webcontroller/src/NIWebController.h"; sourceTree = "<group>"; };
		A1EB22531922721B005650D9 /* NIWebController.m */ = {isa = PBXFileReference; fileEncoding = 4; lastKnownFileType = sourcecode.c.objc; name = NIWebController.m; path = "../../../../../iOS Libraries/nimbus/src/webcontroller/src/NIWebController.m"; sourceTree = "<group>"; };
		A1EB2256192276A3005650D9 /* NIAttributedLabel.h */ = {isa = PBXFileReference; fileEncoding = 4; lastKnownFileType = sourcecode.c.h; name = NIAttributedLabel.h; path = "../../../iOS Libraries/nimbus/src/attributedlabel/src/NIAttributedLabel.h"; sourceTree = "<group>"; };
		A1EB2257192276A3005650D9 /* NIAttributedLabel.m */ = {isa = PBXFileReference; fileEncoding = 4; lastKnownFileType = sourcecode.c.objc; name = NIAttributedLabel.m; path = "../../../iOS Libraries/nimbus/src/attributedlabel/src/NIAttributedLabel.m"; sourceTree = "<group>"; };
		A1EB2258192276A3005650D9 /* NimbusAttributedLabel.h */ = {isa = PBXFileReference; fileEncoding = 4; lastKnownFileType = sourcecode.c.h; name = NimbusAttributedLabel.h; path = "../../../iOS Libraries/nimbus/src/attributedlabel/src/NimbusAttributedLabel.h"; sourceTree = "<group>"; };
		A1EB2259192276A3005650D9 /* NSMutableAttributedString+NimbusAttributedLabel.h */ = {isa = PBXFileReference; fileEncoding = 4; lastKnownFileType = sourcecode.c.h; name = "NSMutableAttributedString+NimbusAttributedLabel.h"; path = "../../../iOS Libraries/nimbus/src/attributedlabel/src/NSMutableAttributedString+NimbusAttributedLabel.h"; sourceTree = "<group>"; };
		A1EB225A192276A3005650D9 /* NSMutableAttributedString+NimbusAttributedLabel.m */ = {isa = PBXFileReference; fileEncoding = 4; lastKnownFileType = sourcecode.c.objc; name = "NSMutableAttributedString+NimbusAttributedLabel.m"; path = "../../../iOS Libraries/nimbus/src/attributedlabel/src/NSMutableAttributedString+NimbusAttributedLabel.m"; sourceTree = "<group>"; };
		A1EB225F192282CA005650D9 /* NimbusWebController.bundle */ = {isa = PBXFileReference; lastKnownFileType = "wrapper.plug-in"; name = NimbusWebController.bundle; path = "../../../../../iOS Libraries/nimbus/src/webcontroller/resources/NimbusWebController.bundle"; sourceTree = "<group>"; };
		A1EB2261192285F8005650D9 /* BCWebViewController.h */ = {isa = PBXFileReference; fileEncoding = 4; lastKnownFileType = sourcecode.c.h; path = BCWebViewController.h; sourceTree = "<group>"; };
		A1EB2262192285F8005650D9 /* BCWebViewController.m */ = {isa = PBXFileReference; fileEncoding = 4; lastKnownFileType = sourcecode.c.objc; path = BCWebViewController.m; sourceTree = "<group>"; };
		A1F2E12C190161110010B647 /* .gitignore */ = {isa = PBXFileReference; fileEncoding = 4; lastKnownFileType = text; path = .gitignore; sourceTree = "<group>"; };
		A1FD87DF18DC820100003091 /* OptionsSpeciesFilter.h */ = {isa = PBXFileReference; fileEncoding = 4; lastKnownFileType = sourcecode.c.h; path = OptionsSpeciesFilter.h; sourceTree = "<group>"; };
		A1FD87E018DC820100003091 /* OptionsSpeciesFilter.m */ = {isa = PBXFileReference; fileEncoding = 4; lastKnownFileType = sourcecode.c.objc; path = OptionsSpeciesFilter.m; sourceTree = "<group>"; };
		A1FD87E218DC821600003091 /* OptionsRecordSource.h */ = {isa = PBXFileReference; fileEncoding = 4; lastKnownFileType = sourcecode.c.h; path = OptionsRecordSource.h; sourceTree = "<group>"; };
		A1FD87E318DC821600003091 /* OptionsRecordSource.m */ = {isa = PBXFileReference; fileEncoding = 4; lastKnownFileType = sourcecode.c.objc; path = OptionsRecordSource.m; sourceTree = "<group>"; };
		A1FD87F018DF63F700003091 /* LocationsArray.h */ = {isa = PBXFileReference; fileEncoding = 4; lastKnownFileType = sourcecode.c.h; path = LocationsArray.h; sourceTree = "<group>"; };
		A1FD87F118DF63F700003091 /* LocationsArray.m */ = {isa = PBXFileReference; fileEncoding = 4; lastKnownFileType = sourcecode.c.objc; path = LocationsArray.m; sourceTree = "<group>"; };
		F438E4ED526F4BA7AB5770BF /* Pods.xcconfig */ = {isa = PBXFileReference; includeInIndex = 1; lastKnownFileType = text.xcconfig; name = Pods.xcconfig; path = Pods/Pods.xcconfig; sourceTree = "<group>"; };
/* End PBXFileReference section */

/* Begin PBXFrameworksBuildPhase section */
		A1EA208C18B4F7AB00200D50 /* Frameworks */ = {
			isa = PBXFrameworksBuildPhase;
			buildActionMask = 2147483647;
			files = (
				A1D5DDE618C7BAB900FA005B /* libsqlite3.dylib in Frameworks */,
				A1D5DDE418C7BAA500FA005B /* libz.dylib in Frameworks */,
				A1D5DD9B18C61FFB00FA005B /* libFlurry_4.3.2.a in Frameworks */,
				A1EA20CF18B4F7ED00200D50 /* MapKit.framework in Frameworks */,
				A18AAAC01908100400FB75A5 /* libLocalyticsAMP_x64.a in Frameworks */,
				A1D5DD9218C61D0F00FA005B /* Security.framework in Frameworks */,
				A1D5DD9018C61D0300FA005B /* SystemConfiguration.framework in Frameworks */,
				A1EA6CA818CDC24A002FCDDD /* CoreGraphics.framework in Frameworks */,
				A1EA209718B4F7AB00200D50 /* UIKit.framework in Frameworks */,
				A1EA209318B4F7AB00200D50 /* Foundation.framework in Frameworks */,
				B338778CE5E9420C93C92294 /* libPods.a in Frameworks */,
			);
			runOnlyForDeploymentPostprocessing = 0;
		};
/* End PBXFrameworksBuildPhase section */

/* Begin PBXGroup section */
		A1D5DCD118C10D1500FA005B /* TestData */ = {
			isa = PBXGroup;
			children = (
				A13B8F2118F75AAE000C522B /* OccurrenceResultsCASFilterv0.9.json */,
				A13B8F2218F75AAE000C522B /* OccurrenceResultsCASFilterv1.0.json */,
				A13B8F2318F75AAE000C522B /* OccurrenceResultsCASv0.9.json */,
				A13B8F2418F75AAE000C522B /* OccurrenceResultsCASv1.0.json */,
				A12B63B718EC5AED00F9C4C0 /* 2783288252_6f21bf941c.jpg */,
				A1EA6CD518D0BFD5002FCDDD /* OccurrenceResultsAP.json */,
				A1D5DD8318C61B6A00FA005B /* Alexandra Park, London.gpx */,
				A1D5DD8418C61B6A00FA005B /* Exe Estuary MPA, UK.gpx */,
				A1D5DD8518C61B6A00FA005B /* GoldenGate Park, CA.gpx */,
				A1D5DD8618C61B6A00FA005B /* Lafayette Reservoir, CA.gpx */,
				A1D5DD8718C61B6A00FA005B /* Pepperwood Preserve, CA.gpx */,
				A1D5DD8818C61B6A00FA005B /* White House, DC.gpx */,
				A162FD3A18D7060F00362A0A /* Genovesa, Galapagos.gpx */,
				A162FD3C18D7075B00362A0A /* Tortuga Bay, Santa Cruz, Galapagos.gpx */,
				A162FD3E18D708FD00362A0A /* Seymour Norte, Galapagos.gpx */,
			);
			name = TestData;
			sourceTree = "<group>";
		};
		A1D5DD9718C61FFB00FA005B /* Libraries */ = {
			isa = PBXGroup;
			children = (
				A1EB1C5519226B07005650D9 /* Nimbus */,
				A1E78112190FD21400A3200F /* SWRevealViewController */,
				A1D9A12818E20FAC006C1988 /* ionicons */,
				A1D5DDD818C7BA0F00FA005B /* Localytics */,
				A1D5DD9818C61FFB00FA005B /* Flurry */,
			);
			path = Libraries;
			sourceTree = "<group>";
		};
		A1D5DD9818C61FFB00FA005B /* Flurry */ = {
			isa = PBXGroup;
			children = (
				A1D5DD9918C61FFB00FA005B /* Flurry.h */,
				A1D5DD9A18C61FFB00FA005B /* libFlurry_4.3.2.a */,
			);
			path = Flurry;
			sourceTree = "<group>";
		};
		A1D5DDD818C7BA0F00FA005B /* Localytics */ = {
			isa = PBXGroup;
			children = (
				A18AAAB91908100400FB75A5 /* iOSa_2.23.0.version */,
				A18AAABA1908100400FB75A5 /* libLocalyticsAMP_x64.a */,
				A18AAABC1908100400FB75A5 /* LICENSE */,
				A18AAABD1908100400FB75A5 /* LocalyticsAmpSession.h */,
				A18AAABE1908100400FB75A5 /* LocalyticsSession.h */,
			);
			path = Localytics;
			sourceTree = "<group>";
		};
		A1D5DE0018C7F1E000FA005B /* Helpers */ = {
			isa = PBXGroup;
			children = (
				A1300959190E8DE400069DA4 /* ImageCache.h */,
				A130095A190E8DE400069DA4 /* ImageCache.m */,
				A1875DF018FD48A2001DC029 /* NSCountedSet+Sorting.h */,
				A1875DF118FD48A2001DC029 /* NSCountedSet+Sorting.m */,
				A1875DF218FD48A2001DC029 /* NSDictionary+Filtering.h */,
				A1875DF318FD48A2001DC029 /* NSDictionary+Filtering.m */,
				A1875DF418FD48A2001DC029 /* NSString+UtilityMethods.h */,
				A1875DF518FD48A2001DC029 /* NSString+UtilityMethods.m */,
				A1875DF618FD48A2001DC029 /* UIView+UtilityMethods.h */,
				A1875DF718FD48A2001DC029 /* UIView+UtilityMethods.m */,
				A1D5DE0B18C9FED400FA005B /* MKPolygon+WKTParser.h */,
				A1D5DE0C18C9FED400FA005B /* MKPolygon+WKTParser.m */,
				A1B9233A191BAF91005092F4 /* UIView+Colors.h */,
				A1B9233B191BAF91005092F4 /* UIView+Colors.m */,
				A1B92340191BB5BC005092F4 /* UILabel+Appearance.h */,
				A1B92341191BB5BC005092F4 /* UILabel+Appearance.m */,
			);
			path = Helpers;
			sourceTree = "<group>";
		};
		A1D9A12818E20FAC006C1988 /* ionicons */ = {
			isa = PBXGroup;
			children = (
				A1D9A12918E20FAC006C1988 /* ionicons-codes.h */,
				A1D9A12A18E20FAC006C1988 /* IonIcons.h */,
				A1D9A12B18E20FAC006C1988 /* IonIcons.m */,
				A1D9A12C18E20FAC006C1988 /* ionicons.ttf */,
				A1D9A12D18E20FAC006C1988 /* LICENSE */,
				A1D9A12E18E20FAC006C1988 /* README.md */,
			);
			path = ionicons;
			sourceTree = "<group>";
		};
		A1E78112190FD21400A3200F /* SWRevealViewController */ = {
			isa = PBXGroup;
			children = (
				A1E78113190FD21400A3200F /* SWRevealViewController.h */,
				A1E78114190FD21400A3200F /* SWRevealViewController.m */,
			);
			path = SWRevealViewController;
			sourceTree = "<group>";
		};
		A1EA208618B4F7AB00200D50 = {
			isa = PBXGroup;
			children = (
				A1875DFC18FD4A36001DC029 /* Podfile */,
				A1F2E12C190161110010B647 /* .gitignore */,
				A1EA209818B4F7AB00200D50 /* BioCaching */,
				A1EA209118B4F7AB00200D50 /* Frameworks */,
				A1D5DDE518C7BAB900FA005B /* libsqlite3.dylib */,
				A1D5DDE318C7BAA500FA005B /* libz.dylib */,
				A1D5DD9718C61FFB00FA005B /* Libraries */,
				A1EA209018B4F7AB00200D50 /* Products */,
				A1D5DCD118C10D1500FA005B /* TestData */,
				F438E4ED526F4BA7AB5770BF /* Pods.xcconfig */,
			);
			sourceTree = "<group>";
		};
		A1EA209018B4F7AB00200D50 /* Products */ = {
			isa = PBXGroup;
			children = (
				A1EA208F18B4F7AB00200D50 /* BioCaching.app */,
			);
			name = Products;
			sourceTree = "<group>";
		};
		A1EA209118B4F7AB00200D50 /* Frameworks */ = {
			isa = PBXGroup;
			children = (
				A1D9A13318E3696A006C1988 /* Reveal.framework */,
				A1D5DD9118C61D0F00FA005B /* Security.framework */,
				A1D5DD8F18C61D0300FA005B /* SystemConfiguration.framework */,
				A1EA20CE18B4F7ED00200D50 /* MapKit.framework */,
				A1EA209218B4F7AB00200D50 /* Foundation.framework */,
				A1EA209418B4F7AB00200D50 /* CoreGraphics.framework */,
				A1EA209618B4F7AB00200D50 /* UIKit.framework */,
				346CC70B6936431AB81A1540 /* libPods.a */,
			);
			name = Frameworks;
			sourceTree = "<group>";
		};
		A1EA209818B4F7AB00200D50 /* BioCaching */ = {
			isa = PBXGroup;
			children = (
				A1EA6CD918D1B278002FCDDD /* config.h */,
				A1875E3318FED8D2001DC029 /* constants.h */,
				A1EA20A118B4F7AB00200D50 /* AppDelegate.h */,
				A1EA20A218B4F7AB00200D50 /* AppDelegate.m */,
				A1EA20A418B4F7AB00200D50 /* Main.storyboard */,
				A1EA6CE718D23A87002FCDDD /* Images.xcassets */,
				A1EB1C5219223E91005650D9 /* BioCaching.xcdatamodeld */,
				A1EA20D018B4FAA900200D50 /* Model */,
				A1EA20D118B5078C00200D50 /* View */,
				A1EA20D218B5079900200D50 /* Controllers */,
				A1D5DE0018C7F1E000FA005B /* Helpers */,
				A1EA209918B4F7AB00200D50 /* Supporting Files */,
			);
			path = BioCaching;
			sourceTree = "<group>";
		};
		A1EA209918B4F7AB00200D50 /* Supporting Files */ = {
			isa = PBXGroup;
			children = (
				A1EA209A18B4F7AB00200D50 /* BioCaching-Info.plist */,
				A1EA209B18B4F7AB00200D50 /* InfoPlist.strings */,
				A1EA209E18B4F7AB00200D50 /* main.m */,
				A1EA20A018B4F7AB00200D50 /* BioCaching-Prefix.pch */,
			);
			name = "Supporting Files";
			sourceTree = "<group>";
		};
		A1EA20D018B4FAA900200D50 /* Model */ = {
			isa = PBXGroup;
			children = (
				A18AAAA11907E1A300FB75A5 /* BCOptions.h */,
				A18AAAA21907E1A300FB75A5 /* BCOptions.m */,
				A162FD3718D6FF2100362A0A /* SearchOptions.h */,
				A162FD3818D6FF2100362A0A /* SearchOptions.m */,
				A18AAA9E1907E14200FB75A5 /* DisplayOptions.h */,
				A18AAA9F1907E14200FB75A5 /* DisplayOptions.m */,
				A17BDE5A1917ECD000A804A4 /* APIOption.h */,
				A17BDE5B1917ECD000A804A4 /* APIOption.m */,
				A17BDE541917B57200A804A4 /* OptionsRecordType.h */,
				A17BDE551917B57200A804A4 /* OptionsRecordType.m */,
				A1FD87E218DC821600003091 /* OptionsRecordSource.h */,
				A1FD87E318DC821600003091 /* OptionsRecordSource.m */,
				A1FD87DF18DC820100003091 /* OptionsSpeciesFilter.h */,
				A1FD87E018DC820100003091 /* OptionsSpeciesFilter.m */,
				A1FD87F018DF63F700003091 /* LocationsArray.h */,
				A1FD87F118DF63F700003091 /* LocationsArray.m */,
				A1D5DE0118C9F4CA00FA005B /* GBIFOccurrenceResults.h */,
				A1D5DE0218C9F4CA00FA005B /* GBIFOccurrenceResults.m */,
				A1EA6CC518D0A921002FCDDD /* GBIFOccurrence.h */,
				A1EA6CC618D0A921002FCDDD /* GBIFOccurrence.m */,
				A12B63B018EC540600F9C4C0 /* INatTaxon.h */,
				A1DAC60218F4773300ABC9BA /* INatTaxon.m */,
				A1DAC5FF18F4637F00ABC9BA /* INatTaxonPhoto.h */,
				A1DAC60018F4637F00ABC9BA /* INatTaxonPhoto.m */,
				A1875E3018FECCBA001DC029 /* INatTrip.h */,
				A1875E3118FECCBA001DC029 /* INatTrip.m */,
				A1EB1C4B192232D9005650D9 /* INatTripTaxon.h */,
				A1EB1C4C192232D9005650D9 /* INatTripTaxon.m */,
				A1EB1C4E192232F1005650D9 /* INatTripPurpose.h */,
				A1EB1C4F192232F1005650D9 /* INatTripPurpose.m */,
			);
			name = Model;
			sourceTree = "<group>";
		};
		A1EA20D118B5078C00200D50 /* View */ = {
			isa = PBXGroup;
			children = (
				A1E7811F19102AFE00A3200F /* UIColor+Defaults.h */,
				A1E7812019102AFE00A3200F /* UIColor+Defaults.m */,
				A18C53C4190696CD001D6A9E /* CrossHairView.h */,
				A18C53C5190696CD001D6A9E /* CrossHairView.m */,
				A18AAA9B1907D98300FB75A5 /* MapViewLayoutGuide.h */,
				A1B9232B1919140A005092F4 /* CustomEmbedSegue.h */,
				A1B9232C1919140A005092F4 /* CustomEmbedSegue.m */,
				A1B92337191BA54C005092F4 /* TaxonListCell.h */,
				A1B92338191BA54C005092F4 /* TaxonListCell.m */,
				A1EB1C48192230B9005650D9 /* TripsListCell.h */,
				A1EB1C49192230B9005650D9 /* TripsListCell.m */,
			);
			name = View;
			sourceTree = "<group>";
		};
		A1EA20D218B5079900200D50 /* Controllers */ = {
			isa = PBXGroup;
			children = (
				A1E78116190FD32000A3200F /* SidebarViewController.h */,
				A1E78117190FD32000A3200F /* SidebarViewController.m */,
				A1E78119190FEC6200A3200F /* MainViewController.h */,
				A1E7811A190FEC6200A3200F /* MainViewController.m */,
				A1E7811C190FFE9900A3200F /* ExploreContainerViewController.h */,
				A1E7811D190FFE9900A3200F /* ExploreContainerViewController.m */,
				A1D9A14218E6D3D4006C1988 /* ExploreOptionsDelegate.h */,
				A162FE4118D998DE00362A0A /* ExploreOptionsViewController.h */,
				A162FE4218D998DE00362A0A /* ExploreOptionsViewController.m */,
				A1EA20A718B4F7AB00200D50 /* ExploreMapViewController.h */,
				A1EA20A818B4F7AB00200D50 /* ExploreMapViewController.m */,
				A1D5DD9F18C72E1500FA005B /* ExploreListViewController.h */,
				A1D5DDA018C72E1500FA005B /* ExploreListViewController.m */,
				A12B639118E9E33B00F9C4C0 /* ExploreSummaryViewController.h */,
				A12B639218E9E33B00F9C4C0 /* ExploreSummaryViewController.m */,
				A1B92331191962B1005092F4 /* ExploreSummaryTableViewController.h */,
				A1B92332191962B1005092F4 /* ExploreSummaryTableViewController.m */,
				A1E78138191295F600A3200F /* TaxonInfoViewController.h */,
				A1E78139191295F600A3200F /* TaxonInfoViewController.m */,
				A12B63AA18EC3A3C00F9C4C0 /* OccurrenceDetailsViewController.h */,
				A12B63AB18EC3A3C00F9C4C0 /* OccurrenceDetailsViewController.m */,
				A1EA20AA18B4F7AB00200D50 /* TripsViewController.h */,
				A1EA20AB18B4F7AB00200D50 /* TripsViewController.m */,
				A1EA20D318BDEED400200D50 /* ProfileViewController.h */,
				A1EA20D418BDEED400200D50 /* ProfileViewController.m */,
				A1D5DE1218CA1A4100FA005B /* GBIFManagerDelegate.h */,
				A1D5DE1318CB64C900FA005B /* GBIFManager.h */,
				A1D5DE1418CB64C900FA005B /* GBIFManager.m */,
				A1D5DE0418C9F88000FA005B /* GBIFCommunicatorDelegate.h */,
				A1D5DE0518C9F93C00FA005B /* GBIFCommunicator.h */,
				A1D5DE0618C9F93C00FA005B /* GBIFCommunicator.m */,
				A1EA6CD218D0BE87002FCDDD /* GBIFCommunicatorMock.h */,
				A1EA6CD318D0BE87002FCDDD /* GBIFCommunicatorMock.m */,
				A1DAC5FB18F44AE600ABC9BA /* INatManagerDelegate.h */,
				A1DAC5F518F320FD00ABC9BA /* INatManager.h */,
				A1DAC5F618F320FD00ABC9BA /* INatManager.m */,
				A1D9A13B18E5786F006C1988 /* DropDownViewDelegate.h */,
				A1D9A13F18E5993D006C1988 /* DropDownViewController.h */,
				A1D9A14018E5993D006C1988 /* DropDownViewController.m */,
				A1EB2261192285F8005650D9 /* BCWebViewController.h */,
				A1EB2262192285F8005650D9 /* BCWebViewController.m */,
			);
			name = Controllers;
			sourceTree = "<group>";
		};
		A1EB1C5519226B07005650D9 /* Nimbus */ = {
			isa = PBXGroup;
			children = (
				A1EB225519227680005650D9 /* attributedlabel */,
				A1EB1C5619226B97005650D9 /* core */,
				A1EB1C9C19226B98005650D9 /* webcontroller */,
			);
			name = Nimbus;
			sourceTree = "<group>";
		};
		A1EB1C5619226B97005650D9 /* core */ = {
			isa = PBXGroup;
			children = (
				A1EB220A192271F2005650D9 /* NIActions.h */,
				A1EB220B192271F2005650D9 /* NIActions.m */,
				A1EB220C192271F2005650D9 /* NIActions+Subclassing.h */,
				A1EB220D192271F2005650D9 /* NIButtonUtilities.h */,
				A1EB220E192271F2005650D9 /* NIButtonUtilities.m */,
				A1EB220F192271F2005650D9 /* NICommonMetrics.h */,
				A1EB2210192271F2005650D9 /* NICommonMetrics.m */,
				A1EB2211192271F2005650D9 /* NIDataStructures.h */,
				A1EB2212192271F2005650D9 /* NIDataStructures.m */,
				A1EB2213192271F2005650D9 /* NIDebuggingTools.h */,
				A1EB2214192271F2005650D9 /* NIDebuggingTools.m */,
				A1EB2215192271F2005650D9 /* NIDeviceOrientation.h */,
				A1EB2216192271F2005650D9 /* NIDeviceOrientation.m */,
				A1EB2217192271F2005650D9 /* NIError.h */,
				A1EB2218192271F2005650D9 /* NIError.m */,
				A1EB2219192271F2005650D9 /* NIFoundationMethods.h */,
				A1EB221A192271F2005650D9 /* NIFoundationMethods.m */,
				A1EB221B192271F2005650D9 /* NIImageUtilities.h */,
				A1EB221C192271F2005650D9 /* NIImageUtilities.m */,
				A1EB221D192271F2005650D9 /* NIInMemoryCache.h */,
				A1EB221E192271F2005650D9 /* NIInMemoryCache.m */,
				A1EB221F192271F2005650D9 /* NimbusCore.h */,
				A1EB2220192271F2005650D9 /* NimbusCore+Additions.h */,
				A1EB2221192271F2005650D9 /* NINavigationAppearance.h */,
				A1EB2222192271F2005650D9 /* NINavigationAppearance.m */,
				A1EB2223192271F2005650D9 /* NINetworkActivity.h */,
				A1EB2224192271F2005650D9 /* NINetworkActivity.m */,
				A1EB2225192271F2005650D9 /* NINonEmptyCollectionTesting.h */,
				A1EB2226192271F2005650D9 /* NINonEmptyCollectionTesting.m */,
				A1EB2227192271F2005650D9 /* NINonRetainingCollections.h */,
				A1EB2228192271F2005650D9 /* NINonRetainingCollections.m */,
				A1EB2229192271F2005650D9 /* NIOperations.h */,
				A1EB222A192271F2005650D9 /* NIOperations.m */,
				A1EB222B192271F2005650D9 /* NIOperations+Subclassing.h */,
				A1EB222C192271F2005650D9 /* NIPaths.h */,
				A1EB222D192271F2005650D9 /* NIPaths.m */,
				A1EB222E192271F2005650D9 /* NIPreprocessorMacros.h */,
				A1EB222F192271F2005650D9 /* NIRuntimeClassModifications.h */,
				A1EB2230192271F2005650D9 /* NIRuntimeClassModifications.m */,
				A1EB2231192271F2005650D9 /* NISDKAvailability.h */,
				A1EB2232192271F2005650D9 /* NISDKAvailability.m */,
				A1EB2233192271F2005650D9 /* NISnapshotRotation.h */,
				A1EB2234192271F2005650D9 /* NISnapshotRotation.m */,
				A1EB2235192271F2005650D9 /* NIState.h */,
				A1EB2236192271F2005650D9 /* NIState.m */,
				A1EB2237192271F2005650D9 /* NIViewRecycler.h */,
				A1EB2238192271F2005650D9 /* NIViewRecycler.m */,
				A1EB2239192271F2005650D9 /* UIResponder+NimbusCore.h */,
				A1EB223A192271F2005650D9 /* UIResponder+NimbusCore.m */,
			);
			name = core;
			path = Nimbus/core;
			sourceTree = "<group>";
		};
		A1EB1C9C19226B98005650D9 /* webcontroller */ = {
			isa = PBXGroup;
			children = (
				A1EB225F192282CA005650D9 /* NimbusWebController.bundle */,
				A1EB22511922721B005650D9 /* NimbusWebController.h */,
				A1EB22521922721B005650D9 /* NIWebController.h */,
				A1EB22531922721B005650D9 /* NIWebController.m */,
			);
			name = webcontroller;
			path = Nimbus/webcontroller;
			sourceTree = "<group>";
		};
		A1EB225519227680005650D9 /* attributedlabel */ = {
			isa = PBXGroup;
			children = (
				A1EB2256192276A3005650D9 /* NIAttributedLabel.h */,
				A1EB2257192276A3005650D9 /* NIAttributedLabel.m */,
				A1EB2258192276A3005650D9 /* NimbusAttributedLabel.h */,
				A1EB2259192276A3005650D9 /* NSMutableAttributedString+NimbusAttributedLabel.h */,
				A1EB225A192276A3005650D9 /* NSMutableAttributedString+NimbusAttributedLabel.m */,
			);
			name = attributedlabel;
			sourceTree = "<group>";
		};
/* End PBXGroup section */

/* Begin PBXNativeTarget section */
		A1EA208E18B4F7AB00200D50 /* BioCaching */ = {
			isa = PBXNativeTarget;
			buildConfigurationList = A1EA20C418B4F7AC00200D50 /* Build configuration list for PBXNativeTarget "BioCaching" */;
			buildPhases = (
				79E172EAF14649B99F184C0E /* Check Pods Manifest.lock */,
				A1EA208B18B4F7AB00200D50 /* Sources */,
				A1EA208C18B4F7AB00200D50 /* Frameworks */,
				A1EA208D18B4F7AB00200D50 /* Resources */,
				AE1D03355F574D8CAE6E59C9 /* Copy Pods Resources */,
			);
			buildRules = (
			);
			dependencies = (
			);
			name = BioCaching;
			productName = BioCaching;
			productReference = A1EA208F18B4F7AB00200D50 /* BioCaching.app */;
			productType = "com.apple.product-type.application";
		};
/* End PBXNativeTarget section */

/* Begin PBXProject section */
		A1EA208718B4F7AB00200D50 /* Project object */ = {
			isa = PBXProject;
			attributes = {
				LastUpgradeCheck = 0500;
				ORGANIZATIONNAME = MPApps.net;
				TargetAttributes = {
					A1EA208E18B4F7AB00200D50 = {
						DevelopmentTeam = 6RCE4287C6;
						SystemCapabilities = {
							com.apple.iOS = {
								enabled = 1;
							};
						};
					};
				};
			};
			buildConfigurationList = A1EA208A18B4F7AB00200D50 /* Build configuration list for PBXProject "BioCaching" */;
			compatibilityVersion = "Xcode 3.2";
			developmentRegion = English;
			hasScannedForEncodings = 0;
			knownRegions = (
				en,
				Base,
			);
			mainGroup = A1EA208618B4F7AB00200D50;
			productRefGroup = A1EA209018B4F7AB00200D50 /* Products */;
			projectDirPath = "";
			projectRoot = "";
			targets = (
				A1EA208E18B4F7AB00200D50 /* BioCaching */,
			);
		};
/* End PBXProject section */

/* Begin PBXResourcesBuildPhase section */
		A1EA208D18B4F7AB00200D50 /* Resources */ = {
			isa = PBXResourcesBuildPhase;
			buildActionMask = 2147483647;
			files = (
				A1F2E12D190161110010B647 /* .gitignore in Resources */,
				A13B8F2618F75AAE000C522B /* OccurrenceResultsCASFilterv1.0.json in Resources */,
				A13B8F2818F75AAE000C522B /* OccurrenceResultsCASv1.0.json in Resources */,
				A1D9A13018E20FAC006C1988 /* ionicons.ttf in Resources */,
				A1EB2260192282CA005650D9 /* NimbusWebController.bundle in Resources */,
				A18AAAC21908100400FB75A5 /* LICENSE in Resources */,
				A18AAABF1908100400FB75A5 /* iOSa_2.23.0.version in Resources */,
				A1EA209D18B4F7AB00200D50 /* InfoPlist.strings in Resources */,
				A1EA20A618B4F7AB00200D50 /* Main.storyboard in Resources */,
				A1EA6CE818D23A87002FCDDD /* Images.xcassets in Resources */,
				A1875DFD18FD4A36001DC029 /* Podfile in Resources */,
			);
			runOnlyForDeploymentPostprocessing = 0;
		};
/* End PBXResourcesBuildPhase section */

/* Begin PBXShellScriptBuildPhase section */
		79E172EAF14649B99F184C0E /* Check Pods Manifest.lock */ = {
			isa = PBXShellScriptBuildPhase;
			buildActionMask = 2147483647;
			files = (
			);
			inputPaths = (
			);
			name = "Check Pods Manifest.lock";
			outputPaths = (
			);
			runOnlyForDeploymentPostprocessing = 0;
			shellPath = /bin/sh;
			shellScript = "diff \"${PODS_ROOT}/../Podfile.lock\" \"${PODS_ROOT}/Manifest.lock\" > /dev/null\nif [[ $? != 0 ]] ; then\n    cat << EOM\nerror: The sandbox is not in sync with the Podfile.lock. Run 'pod install' or update your CocoaPods installation.\nEOM\n    exit 1\nfi\n";
			showEnvVarsInLog = 0;
		};
		AE1D03355F574D8CAE6E59C9 /* Copy Pods Resources */ = {
			isa = PBXShellScriptBuildPhase;
			buildActionMask = 2147483647;
			files = (
			);
			inputPaths = (
			);
			name = "Copy Pods Resources";
			outputPaths = (
			);
			runOnlyForDeploymentPostprocessing = 0;
			shellPath = /bin/sh;
			shellScript = "\"${SRCROOT}/Pods/Pods-resources.sh\"\n";
			showEnvVarsInLog = 0;
		};
/* End PBXShellScriptBuildPhase section */

/* Begin PBXSourcesBuildPhase section */
		A1EA208B18B4F7AB00200D50 /* Sources */ = {
			isa = PBXSourcesBuildPhase;
			buildActionMask = 2147483647;
			files = (
				A1E7811E190FFE9900A3200F /* ExploreContainerViewController.m in Sources */,
				A1EA20AC18B4F7AB00200D50 /* TripsViewController.m in Sources */,
				A1875DFA18FD48A2001DC029 /* NSString+UtilityMethods.m in Sources */,
				A1EB2244192271F2005650D9 /* NIInMemoryCache.m in Sources */,
				A1EB2240192271F2005650D9 /* NIDeviceOrientation.m in Sources */,
				A1EB2250192271F2005650D9 /* UIResponder+NimbusCore.m in Sources */,
				A12B639318E9E33B00F9C4C0 /* ExploreSummaryViewController.m in Sources */,
				A1EB224C192271F2005650D9 /* NISDKAvailability.m in Sources */,
				A18AAAA31907E1A300FB75A5 /* BCOptions.m in Sources */,
				A17BDE5C1917ECD000A804A4 /* APIOption.m in Sources */,
				A1B9232D1919140A005092F4 /* CustomEmbedSegue.m in Sources */,
				A1875E3218FECCBA001DC029 /* INatTrip.m in Sources */,
				A1EB1C4A192230B9005650D9 /* TripsListCell.m in Sources */,
				A1EB224F192271F2005650D9 /* NIViewRecycler.m in Sources */,
				A1DAC60318F4773300ABC9BA /* INatTaxon.m in Sources */,
				A1875DF918FD48A2001DC029 /* NSDictionary+Filtering.m in Sources */,
				A1E7811B190FEC6200A3200F /* MainViewController.m in Sources */,
				A1DAC60118F4637F00ABC9BA /* INatTaxonPhoto.m in Sources */,
				A1EB223B192271F2005650D9 /* NIActions.m in Sources */,
				A1EB2246192271F2005650D9 /* NINetworkActivity.m in Sources */,
				A1D5DDA118C72E1500FA005B /* ExploreListViewController.m in Sources */,
				A1D5DE0D18C9FED400FA005B /* MKPolygon+WKTParser.m in Sources */,
				A1EB2243192271F2005650D9 /* NIImageUtilities.m in Sources */,
				A1EB225C192276A3005650D9 /* NSMutableAttributedString+NimbusAttributedLabel.m in Sources */,
				A1EB1C50192232F1005650D9 /* INatTripPurpose.m in Sources */,
				A1FD87F218DF63F700003091 /* LocationsArray.m in Sources */,
				A1EB2263192285F8005650D9 /* BCWebViewController.m in Sources */,
				A162FE4318D998DE00362A0A /* ExploreOptionsViewController.m in Sources */,
				A1EB2242192271F2005650D9 /* NIFoundationMethods.m in Sources */,
				A1EB2248192271F2005650D9 /* NINonRetainingCollections.m in Sources */,
				A1EB223D192271F2005650D9 /* NICommonMetrics.m in Sources */,
				A1EA20A318B4F7AB00200D50 /* AppDelegate.m in Sources */,
				A1875DFB18FD48A2001DC029 /* UIView+UtilityMethods.m in Sources */,
				A1EB2245192271F2005650D9 /* NINavigationAppearance.m in Sources */,
				A1FD87E118DC820100003091 /* OptionsSpeciesFilter.m in Sources */,
				A1EB225B192276A3005650D9 /* NIAttributedLabel.m in Sources */,
				A1D9A12F18E20FAC006C1988 /* IonIcons.m in Sources */,
				A1B92333191962B1005092F4 /* ExploreSummaryTableViewController.m in Sources */,
				A12B63AC18EC3A3C00F9C4C0 /* OccurrenceDetailsViewController.m in Sources */,
				A1EB223E192271F2005650D9 /* NIDataStructures.m in Sources */,
				A1EB2249192271F2005650D9 /* NIOperations.m in Sources */,
				A1EB223C192271F2005650D9 /* NIButtonUtilities.m in Sources */,
				A1B92342191BB5BC005092F4 /* UILabel+Appearance.m in Sources */,
				A1875DF818FD48A2001DC029 /* NSCountedSet+Sorting.m in Sources */,
				A162FD3918D6FF2100362A0A /* SearchOptions.m in Sources */,
				A1B92339191BA54C005092F4 /* TaxonListCell.m in Sources */,
				A1EB22541922721B005650D9 /* NIWebController.m in Sources */,
				A18C53C6190696CD001D6A9E /* CrossHairView.m in Sources */,
				A1EB2247192271F2005650D9 /* NINonEmptyCollectionTesting.m in Sources */,
				A1EA6CD418D0BE87002FCDDD /* GBIFCommunicatorMock.m in Sources */,
				A18AAAA01907E14200FB75A5 /* DisplayOptions.m in Sources */,
				A1D5DE0718C9F93C00FA005B /* GBIFCommunicator.m in Sources */,
				A1EB224E192271F2005650D9 /* NIState.m in Sources */,
				A1EB1C4D192232D9005650D9 /* INatTripTaxon.m in Sources */,
				A1D5DE1518CB64C900FA005B /* GBIFManager.m in Sources */,
				A1E78118190FD32000A3200F /* SidebarViewController.m in Sources */,
				A1DAC5F718F320FD00ABC9BA /* INatManager.m in Sources */,
				A1EB224B192271F2005650D9 /* NIRuntimeClassModifications.m in Sources */,
				A1EB1C5419223E91005650D9 /* BioCaching.xcdatamodeld in Sources */,
				A1EA20A918B4F7AB00200D50 /* ExploreMapViewController.m in Sources */,
				A130095B190E8DE400069DA4 /* ImageCache.m in Sources */,
				A1EB2241192271F2005650D9 /* NIError.m in Sources */,
				A1E7813A191295F600A3200F /* TaxonInfoViewController.m in Sources */,
				A1EB223F192271F2005650D9 /* NIDebuggingTools.m in Sources */,
				A1E7812119102AFE00A3200F /* UIColor+Defaults.m in Sources */,
				A1EA209F18B4F7AB00200D50 /* main.m in Sources */,
				A1B9233C191BAF91005092F4 /* UIView+Colors.m in Sources */,
				A1FD87E418DC821600003091 /* OptionsRecordSource.m in Sources */,
				A1EB224A192271F2005650D9 /* NIPaths.m in Sources */,
				A1EB224D192271F2005650D9 /* NISnapshotRotation.m in Sources */,
				A17BDE561917B57200A804A4 /* OptionsRecordType.m in Sources */,
				A1EA20D518BDEED400200D50 /* ProfileViewController.m in Sources */,
				A1E78115190FD21400A3200F /* SWRevealViewController.m in Sources */,
				A1D9A14118E5993D006C1988 /* DropDownViewController.m in Sources */,
				A1EA6CC718D0A921002FCDDD /* GBIFOccurrence.m in Sources */,
				A1D5DE0318C9F4CA00FA005B /* GBIFOccurrenceResults.m in Sources */,
			);
			runOnlyForDeploymentPostprocessing = 0;
		};
/* End PBXSourcesBuildPhase section */

/* Begin PBXVariantGroup section */
		A1EA209B18B4F7AB00200D50 /* InfoPlist.strings */ = {
			isa = PBXVariantGroup;
			children = (
				A1EA209C18B4F7AB00200D50 /* en */,
			);
			name = InfoPlist.strings;
			sourceTree = "<group>";
		};
		A1EA20A418B4F7AB00200D50 /* Main.storyboard */ = {
			isa = PBXVariantGroup;
			children = (
				A1D5DDFE18C7CDC600FA005B /* en */,
			);
			name = Main.storyboard;
			sourceTree = "<group>";
		};
/* End PBXVariantGroup section */

/* Begin XCBuildConfiguration section */
		A1EA20C218B4F7AC00200D50 /* Debug */ = {
			isa = XCBuildConfiguration;
			buildSettings = {
				ALWAYS_SEARCH_USER_PATHS = NO;
				ARCHS = "$(ARCHS_STANDARD_INCLUDING_64_BIT)";
				CLANG_CXX_LANGUAGE_STANDARD = "gnu++0x";
				CLANG_CXX_LIBRARY = "libc++";
				CLANG_ENABLE_MODULES = YES;
				CLANG_ENABLE_OBJC_ARC = YES;
				CLANG_WARN_BOOL_CONVERSION = YES;
				CLANG_WARN_CONSTANT_CONVERSION = YES;
				CLANG_WARN_DIRECT_OBJC_ISA_USAGE = YES_ERROR;
				CLANG_WARN_EMPTY_BODY = YES;
				CLANG_WARN_ENUM_CONVERSION = YES;
				CLANG_WARN_INT_CONVERSION = YES;
				CLANG_WARN_OBJC_ROOT_CLASS = YES_ERROR;
				CLANG_WARN__DUPLICATE_METHOD_MATCH = YES;
				"CODE_SIGN_IDENTITY[sdk=iphoneos*]" = "iPhone Developer";
				COPY_PHASE_STRIP = NO;
				GCC_C_LANGUAGE_STANDARD = gnu99;
				GCC_DYNAMIC_NO_PIC = NO;
				GCC_OPTIMIZATION_LEVEL = 0;
				GCC_PREPROCESSOR_DEFINITIONS = (
					"DEBUG=1",
					"$(inherited)",
				);
				GCC_SYMBOLS_PRIVATE_EXTERN = NO;
				GCC_WARN_64_TO_32_BIT_CONVERSION = YES;
				GCC_WARN_ABOUT_RETURN_TYPE = YES_ERROR;
				GCC_WARN_UNDECLARED_SELECTOR = YES;
				GCC_WARN_UNINITIALIZED_AUTOS = YES;
				GCC_WARN_UNUSED_FUNCTION = YES;
				GCC_WARN_UNUSED_VARIABLE = YES;
				IPHONEOS_DEPLOYMENT_TARGET = 6.0;
				ONLY_ACTIVE_ARCH = YES;
				SDKROOT = iphoneos;
			};
			name = Debug;
		};
		A1EA20C318B4F7AC00200D50 /* Release */ = {
			isa = XCBuildConfiguration;
			buildSettings = {
				ALWAYS_SEARCH_USER_PATHS = NO;
				ARCHS = "$(ARCHS_STANDARD_INCLUDING_64_BIT)";
				CLANG_CXX_LANGUAGE_STANDARD = "gnu++0x";
				CLANG_CXX_LIBRARY = "libc++";
				CLANG_ENABLE_MODULES = YES;
				CLANG_ENABLE_OBJC_ARC = YES;
				CLANG_WARN_BOOL_CONVERSION = YES;
				CLANG_WARN_CONSTANT_CONVERSION = YES;
				CLANG_WARN_DIRECT_OBJC_ISA_USAGE = YES_ERROR;
				CLANG_WARN_EMPTY_BODY = YES;
				CLANG_WARN_ENUM_CONVERSION = YES;
				CLANG_WARN_INT_CONVERSION = YES;
				CLANG_WARN_OBJC_ROOT_CLASS = YES_ERROR;
				CLANG_WARN__DUPLICATE_METHOD_MATCH = YES;
				"CODE_SIGN_IDENTITY[sdk=iphoneos*]" = "iPhone Developer";
				COPY_PHASE_STRIP = YES;
				ENABLE_NS_ASSERTIONS = NO;
				GCC_C_LANGUAGE_STANDARD = gnu99;
				GCC_WARN_64_TO_32_BIT_CONVERSION = YES;
				GCC_WARN_ABOUT_RETURN_TYPE = YES_ERROR;
				GCC_WARN_UNDECLARED_SELECTOR = YES;
				GCC_WARN_UNINITIALIZED_AUTOS = YES;
				GCC_WARN_UNUSED_FUNCTION = YES;
				GCC_WARN_UNUSED_VARIABLE = YES;
				IPHONEOS_DEPLOYMENT_TARGET = 6.0;
				SDKROOT = iphoneos;
				VALIDATE_PRODUCT = YES;
			};
			name = Release;
		};
		A1EA20C518B4F7AC00200D50 /* Debug */ = {
			isa = XCBuildConfiguration;
			baseConfigurationReference = F438E4ED526F4BA7AB5770BF /* Pods.xcconfig */;
			buildSettings = {
				ASSETCATALOG_COMPILER_APPICON_NAME = AppIcon;
				ASSETCATALOG_COMPILER_LAUNCHIMAGE_NAME = LaunchImage;
				CODE_SIGN_IDENTITY = "iPhone Developer";
				FRAMEWORK_SEARCH_PATHS = (
					"$(inherited)",
					/Volumes/Data/Dev/Xcode/MPApps/BioCaching,
				);
				GCC_PRECOMPILE_PREFIX_HEADER = YES;
				GCC_PREFIX_HEADER = "BioCaching/BioCaching-Prefix.pch";
				INFOPLIST_FILE = "BioCaching/BioCaching-Info.plist";
				IPHONEOS_DEPLOYMENT_TARGET = 6.0;
				LIBRARY_SEARCH_PATHS = (
					"$(inherited)",
					/Volumes/Data/Dev/Xcode/MPApps/BioCaching/Libraries/Flurry,
					/Volumes/Data/Dev/Xcode/MPApps/BioCaching/Libraries/Localytics,
					"$(PROJECT_DIR)/Libraries/Localytics",
				);
				"OTHER_LDFLAGS[arch=*]" = (
					"-ObjC",
					"-framework",
					Reveal,
				);
				PRODUCT_NAME = "$(TARGET_NAME)";
				PROVISIONING_PROFILE = "DEBD90D3-454C-4BFD-82DD-D25E0EE7B394";
				WRAPPER_EXTENSION = app;
			};
			name = Debug;
		};
		A1EA20C618B4F7AC00200D50 /* Release */ = {
			isa = XCBuildConfiguration;
			baseConfigurationReference = F438E4ED526F4BA7AB5770BF /* Pods.xcconfig */;
			buildSettings = {
				ASSETCATALOG_COMPILER_APPICON_NAME = AppIcon;
				ASSETCATALOG_COMPILER_LAUNCHIMAGE_NAME = LaunchImage;
				CODE_SIGN_IDENTITY = "iPhone Distribution: Andy Jeffrey (6RCE4287C6)";
				FRAMEWORK_SEARCH_PATHS = (
					"$(inherited)",
					/Volumes/Data/Dev/Xcode/MPApps/BioCaching,
				);
				GCC_PRECOMPILE_PREFIX_HEADER = YES;
				GCC_PREFIX_HEADER = "BioCaching/BioCaching-Prefix.pch";
				INFOPLIST_FILE = "BioCaching/BioCaching-Info.plist";
				IPHONEOS_DEPLOYMENT_TARGET = 6.0;
				LIBRARY_SEARCH_PATHS = (
					"$(inherited)",
					/Volumes/Data/Dev/Xcode/MPApps/BioCaching/Libraries/Flurry,
					/Volumes/Data/Dev/Xcode/MPApps/BioCaching/Libraries/Localytics,
					"$(PROJECT_DIR)/Libraries/Localytics",
				);
				PRODUCT_NAME = "$(TARGET_NAME)";
				PROVISIONING_PROFILE = "2D99F65F-F73E-48D0-84E9-3C3968900CAE";
				WRAPPER_EXTENSION = app;
			};
			name = Release;
		};
/* End XCBuildConfiguration section */

/* Begin XCConfigurationList section */
		A1EA208A18B4F7AB00200D50 /* Build configuration list for PBXProject "BioCaching" */ = {
			isa = XCConfigurationList;
			buildConfigurations = (
				A1EA20C218B4F7AC00200D50 /* Debug */,
				A1EA20C318B4F7AC00200D50 /* Release */,
			);
			defaultConfigurationIsVisible = 0;
			defaultConfigurationName = Release;
		};
		A1EA20C418B4F7AC00200D50 /* Build configuration list for PBXNativeTarget "BioCaching" */ = {
			isa = XCConfigurationList;
			buildConfigurations = (
				A1EA20C518B4F7AC00200D50 /* Debug */,
				A1EA20C618B4F7AC00200D50 /* Release */,
			);
			defaultConfigurationIsVisible = 0;
			defaultConfigurationName = Release;
		};
/* End XCConfigurationList section */

/* Begin XCVersionGroup section */
		A1EB1C5219223E91005650D9 /* BioCaching.xcdatamodeld */ = {
			isa = XCVersionGroup;
			children = (
				A1EB1C5319223E91005650D9 /* BioCaching.xcdatamodel */,
			);
			currentVersion = A1EB1C5319223E91005650D9 /* BioCaching.xcdatamodel */;
			path = BioCaching.xcdatamodeld;
			sourceTree = "<group>";
			versionGroupType = wrapper.xcdatamodel;
		};
/* End XCVersionGroup section */
	};
	rootObject = A1EA208718B4F7AB00200D50 /* Project object */;
}
