// !$*UTF8*$!
{
	archiveVersion = 1;
	classes = {
	};
	objectVersion = 46;
	objects = {

/* Begin PBXBuildFile section */
		A119199519660F7D003B15F7 /* BCLocationManager.m in Sources */ = {isa = PBXBuildFile; fileRef = A119199419660F7D003B15F7 /* BCLocationManager.m */; };
		A119199819661E4E003B15F7 /* CLLocation+Formatting.m in Sources */ = {isa = PBXBuildFile; fileRef = A119199719661E4E003B15F7 /* CLLocation+Formatting.m */; };
		A13B8F2618F75AAE000C522B /* OccurrenceResultsCASFilterv1.0.json in Resources */ = {isa = PBXBuildFile; fileRef = A13B8F2218F75AAE000C522B /* OccurrenceResultsCASFilterv1.0.json */; };
		A13B8F2818F75AAE000C522B /* OccurrenceResultsCASv1.0.json in Resources */ = {isa = PBXBuildFile; fileRef = A13B8F2418F75AAE000C522B /* OccurrenceResultsCASv1.0.json */; };
		A1464512195074F4005C1107 /* ObservationViewController.m in Sources */ = {isa = PBXBuildFile; fileRef = A1464511195074F4005C1107 /* ObservationViewController.m */; };
		A15346E11962D53600E1C63F /* libFlurry_4.3.2.a in Frameworks */ = {isa = PBXBuildFile; fileRef = A15346931962D53600E1C63F /* libFlurry_4.3.2.a */; };
		A15346E21962D53600E1C63F /* IonIcons.m in Sources */ = {isa = PBXBuildFile; fileRef = A15346971962D53600E1C63F /* IonIcons.m */; };
		A15346E31962D53600E1C63F /* ionicons.ttf in Resources */ = {isa = PBXBuildFile; fileRef = A15346981962D53600E1C63F /* ionicons.ttf */; };
		A15346E41962D53600E1C63F /* LICENSE in Resources */ = {isa = PBXBuildFile; fileRef = A15346991962D53600E1C63F /* LICENSE */; };
		A15346E51962D53600E1C63F /* README.md in Resources */ = {isa = PBXBuildFile; fileRef = A153469A1962D53600E1C63F /* README.md */; };
		A15346E61962D53600E1C63F /* iOSa_2.23.0.version in Resources */ = {isa = PBXBuildFile; fileRef = A153469C1962D53600E1C63F /* iOSa_2.23.0.version */; };
		A15346E71962D53600E1C63F /* libLocalyticsAMP_x64.a in Frameworks */ = {isa = PBXBuildFile; fileRef = A153469D1962D53600E1C63F /* libLocalyticsAMP_x64.a */; };
		A15346E81962D53600E1C63F /* LICENSE in Resources */ = {isa = PBXBuildFile; fileRef = A153469E1962D53600E1C63F /* LICENSE */; };
		A15347021962D53600E1C63F /* SWRevealViewController.m in Sources */ = {isa = PBXBuildFile; fileRef = A15346E01962D53600E1C63F /* SWRevealViewController.m */; };
		A15347051962E5E300E1C63F /* PreTripMapViewController.m in Sources */ = {isa = PBXBuildFile; fileRef = A15347041962E5E300E1C63F /* PreTripMapViewController.m */; };
		A15347171964730C00E1C63F /* AboutViewController.m in Sources */ = {isa = PBXBuildFile; fileRef = A15347161964730C00E1C63F /* AboutViewController.m */; };
		A153471A1964790300E1C63F /* NSUserDefaults+CounterValues.m in Sources */ = {isa = PBXBuildFile; fileRef = A15347191964790300E1C63F /* NSUserDefaults+CounterValues.m */; };
		A15347221965BE7800E1C63F /* _INatObservation.m in Sources */ = {isa = PBXBuildFile; fileRef = A153471F1965BE7800E1C63F /* _INatObservation.m */; };
		A15347231965BE7800E1C63F /* _INatObservationPhoto.m in Sources */ = {isa = PBXBuildFile; fileRef = A15347211965BE7800E1C63F /* _INatObservationPhoto.m */; };
		A15347281965BE8300E1C63F /* INatObservation.m in Sources */ = {isa = PBXBuildFile; fileRef = A15347251965BE8300E1C63F /* INatObservation.m */; };
		A15347291965BE8300E1C63F /* INatObservationPhoto.m in Sources */ = {isa = PBXBuildFile; fileRef = A15347271965BE8300E1C63F /* INatObservationPhoto.m */; };
		A1727B2119869C8000150952 /* TDBadgedCell.m in Sources */ = {isa = PBXBuildFile; fileRef = A1727B2019869C8000150952 /* TDBadgedCell.m */; };
		A1727B2B198BF37800150952 /* libxml2.dylib in Frameworks */ = {isa = PBXBuildFile; fileRef = A1727B23198BF2E800150952 /* libxml2.dylib */; };
		A176286F1937359500DD69DB /* UIImage+Colors.m in Sources */ = {isa = PBXBuildFile; fileRef = A176286E1937359500DD69DB /* UIImage+Colors.m */; };
		A17628721937385400DD69DB /* BCButton.m in Sources */ = {isa = PBXBuildFile; fileRef = A17628711937385400DD69DB /* BCButton.m */; };
		A1762875193DEF9C00DD69DB /* ExploreDataManager.m in Sources */ = {isa = PBXBuildFile; fileRef = A1762874193DEF9C00DD69DB /* ExploreDataManager.m */; };
		A176288419471A6700DD69DB /* BioCaching.xcdatamodeld in Sources */ = {isa = PBXBuildFile; fileRef = A176288119471A6700DD69DB /* BioCaching.xcdatamodeld */; };
		A176288519471A6700DD69DB /* mogen_script.sh in Resources */ = {isa = PBXBuildFile; fileRef = A176288319471A6700DD69DB /* mogen_script.sh */; };
		A17628C219471BA500DD69DB /* _INatTrip.m in Sources */ = {isa = PBXBuildFile; fileRef = A17628B419471BA500DD69DB /* _INatTrip.m */; };
		A17628C319471BA500DD69DB /* _INatTripTaxaAttribute.m in Sources */ = {isa = PBXBuildFile; fileRef = A17628B619471BA500DD69DB /* _INatTripTaxaAttribute.m */; };
		A17628C419471BA500DD69DB /* _INatTripTaxaPurpose.m in Sources */ = {isa = PBXBuildFile; fileRef = A17628B819471BA500DD69DB /* _INatTripTaxaPurpose.m */; };
		A17628C519471BA500DD69DB /* INatTrip.m in Sources */ = {isa = PBXBuildFile; fileRef = A17628BA19471BA500DD69DB /* INatTrip.m */; };
		A17628C619471BA500DD69DB /* INatTripTaxaAttribute.m in Sources */ = {isa = PBXBuildFile; fileRef = A17628BC19471BA500DD69DB /* INatTripTaxaAttribute.m */; };
		A17628C719471BA500DD69DB /* INatTripTaxaPurpose.m in Sources */ = {isa = PBXBuildFile; fileRef = A17628BE19471BA500DD69DB /* INatTripTaxaPurpose.m */; };
		A17628CA1947274A00DD69DB /* NSDate+Formatting.m in Sources */ = {isa = PBXBuildFile; fileRef = A17628C91947274A00DD69DB /* NSDate+Formatting.m */; };
		A17628CC1947425000DD69DB /* TaskList.txt in Resources */ = {isa = PBXBuildFile; fileRef = A17628CB1947425000DD69DB /* TaskList.txt */; };
		A17628D5194F08CD00DD69DB /* BCAlerts.m in Sources */ = {isa = PBXBuildFile; fileRef = A17628D4194F08CD00DD69DB /* BCAlerts.m */; };
		A17BAE32195DBB8A004B1C37 /* _OccurrenceRecord.m in Sources */ = {isa = PBXBuildFile; fileRef = A17BAE31195DBB8A004B1C37 /* _OccurrenceRecord.m */; };
		A17BAE35195DBBA2004B1C37 /* OccurrenceRecord.m in Sources */ = {isa = PBXBuildFile; fileRef = A17BAE34195DBBA2004B1C37 /* OccurrenceRecord.m */; };
		A17BAE38195DC6AD004B1C37 /* _BCManagedObject.m in Sources */ = {isa = PBXBuildFile; fileRef = A17BAE37195DC6AD004B1C37 /* _BCManagedObject.m */; };
		A17BAE3B195DC6B9004B1C37 /* BCManagedObject.m in Sources */ = {isa = PBXBuildFile; fileRef = A17BAE3A195DC6B9004B1C37 /* BCManagedObject.m */; };
		A17BAE3C1961532B004B1C37 /* MapKit.framework in Frameworks */ = {isa = PBXBuildFile; fileRef = A1EA20CE18B4F7ED00200D50 /* MapKit.framework */; };
		A1875DFD18FD4A36001DC029 /* Podfile in Resources */ = {isa = PBXBuildFile; fileRef = A1875DFC18FD4A36001DC029 /* Podfile */; };
		A1BEE394196AB69000297526 /* TripListCell.m in Sources */ = {isa = PBXBuildFile; fileRef = A1BEE393196AB69000297526 /* TripListCell.m */; };
		A1C52445197033030002686A /* ImageManager.m in Sources */ = {isa = PBXBuildFile; fileRef = A1C52444197033030002686A /* ImageManager.m */; };
		A1C5244C197179D40002686A /* Images.xcassets in Resources */ = {isa = PBXBuildFile; fileRef = A1C5244B197179D40002686A /* Images.xcassets */; };
		A1C524541971AA3F0002686A /* ConnectionHelper.m in Sources */ = {isa = PBXBuildFile; fileRef = A1C524531971AA3F0002686A /* ConnectionHelper.m */; };
		A1C5245A1971B5510002686A /* Reachability.m in Sources */ = {isa = PBXBuildFile; fileRef = A1C524581971B5510002686A /* Reachability.m */; };
		A1C52463197811B20002686A /* Finsbury Park1, London.gpx in Resources */ = {isa = PBXBuildFile; fileRef = A1C5245F197811B20002686A /* Finsbury Park1, London.gpx */; };
		A1C52464197811B20002686A /* Finsbury Park2, London.gpx in Resources */ = {isa = PBXBuildFile; fileRef = A1C52460197811B20002686A /* Finsbury Park2, London.gpx */; };
		A1C52465197811B20002686A /* Finsbury Park3, London.gpx in Resources */ = {isa = PBXBuildFile; fileRef = A1C52461197811B20002686A /* Finsbury Park3, London.gpx */; };
		A1C52466197811B20002686A /* Finsbury Park4, London.gpx in Resources */ = {isa = PBXBuildFile; fileRef = A1C52462197811B20002686A /* Finsbury Park4, London.gpx */; };
		A1D5DD9018C61D0300FA005B /* SystemConfiguration.framework in Frameworks */ = {isa = PBXBuildFile; fileRef = A1D5DD8F18C61D0300FA005B /* SystemConfiguration.framework */; };
		A1D5DD9218C61D0F00FA005B /* Security.framework in Frameworks */ = {isa = PBXBuildFile; fileRef = A1D5DD9118C61D0F00FA005B /* Security.framework */; };
		A1D5DDE418C7BAA500FA005B /* libz.dylib in Frameworks */ = {isa = PBXBuildFile; fileRef = A1D5DDE318C7BAA500FA005B /* libz.dylib */; };
		A1D5DDE618C7BAB900FA005B /* libsqlite3.dylib in Frameworks */ = {isa = PBXBuildFile; fileRef = A1D5DDE518C7BAB900FA005B /* libsqlite3.dylib */; };
		A1EA12DF1926562A00449327 /* BCOptions.m in Sources */ = {isa = PBXBuildFile; fileRef = A1EA12C71926562A00449327 /* BCOptions.m */; };
		A1EA12E01926562A00449327 /* DisplayOptions.m in Sources */ = {isa = PBXBuildFile; fileRef = A1EA12C91926562A00449327 /* DisplayOptions.m */; };
		A1EA12E11926562A00449327 /* GBIFOccurrence.m in Sources */ = {isa = PBXBuildFile; fileRef = A1EA12CB1926562A00449327 /* GBIFOccurrence.m */; };
		A1EA12E21926562A00449327 /* GBIFOccurrenceResults.m in Sources */ = {isa = PBXBuildFile; fileRef = A1EA12CD1926562A00449327 /* GBIFOccurrenceResults.m */; };
		A1EA12E51926562A00449327 /* LocationsArray.m in Sources */ = {isa = PBXBuildFile; fileRef = A1EA12D41926562A00449327 /* LocationsArray.m */; };
		A1EA12E61926562A00449327 /* OptionsRecordSource.m in Sources */ = {isa = PBXBuildFile; fileRef = A1EA12D61926562A00449327 /* OptionsRecordSource.m */; };
		A1EA12E71926562A00449327 /* OptionsRecordType.m in Sources */ = {isa = PBXBuildFile; fileRef = A1EA12D81926562A00449327 /* OptionsRecordType.m */; };
		A1EA12E81926562A00449327 /* OptionsSpeciesFilter.m in Sources */ = {isa = PBXBuildFile; fileRef = A1EA12DA1926562A00449327 /* OptionsSpeciesFilter.m */; };
		A1EA12E91926562A00449327 /* SearchOptions.m in Sources */ = {isa = PBXBuildFile; fileRef = A1EA12DC1926562A00449327 /* SearchOptions.m */; };
		A1EA12F919265A2500449327 /* CrossHairView.m in Sources */ = {isa = PBXBuildFile; fileRef = A1EA12EF19265A2500449327 /* CrossHairView.m */; };
		A1EA12FA19265A2500449327 /* CustomEmbedSegue.m in Sources */ = {isa = PBXBuildFile; fileRef = A1EA12F119265A2500449327 /* CustomEmbedSegue.m */; };
		A1EA12FB19265A2500449327 /* TaxonListCell.m in Sources */ = {isa = PBXBuildFile; fileRef = A1EA12F419265A2500449327 /* TaxonListCell.m */; };
		A1EA12FD19265A2500449327 /* UIColor+Defaults.m in Sources */ = {isa = PBXBuildFile; fileRef = A1EA12F819265A2500449327 /* UIColor+Defaults.m */; };
		A1EA131D19265B4900449327 /* BCWebViewController.m in Sources */ = {isa = PBXBuildFile; fileRef = A1EA130019265B4900449327 /* BCWebViewController.m */; };
		A1EA131E19265B4900449327 /* DropDownViewController.m in Sources */ = {isa = PBXBuildFile; fileRef = A1EA130219265B4900449327 /* DropDownViewController.m */; };
		A1EA131F19265B4900449327 /* ExploreContainerViewController.m in Sources */ = {isa = PBXBuildFile; fileRef = A1EA130519265B4900449327 /* ExploreContainerViewController.m */; };
		A1EA132019265B4900449327 /* ExploreListViewController.m in Sources */ = {isa = PBXBuildFile; fileRef = A1EA130719265B4900449327 /* ExploreListViewController.m */; };
		A1EA132119265B4900449327 /* ExploreMapViewController.m in Sources */ = {isa = PBXBuildFile; fileRef = A1EA130919265B4900449327 /* ExploreMapViewController.m */; };
		A1EA132219265B4900449327 /* ExploreOptionsViewController.m in Sources */ = {isa = PBXBuildFile; fileRef = A1EA130C19265B4900449327 /* ExploreOptionsViewController.m */; };
		A1EA132319265B4900449327 /* ExploreSummaryTableViewController.m in Sources */ = {isa = PBXBuildFile; fileRef = A1EA130E19265B4900449327 /* ExploreSummaryTableViewController.m */; };
		A1EA132419265B4900449327 /* ExploreSummaryViewController.m in Sources */ = {isa = PBXBuildFile; fileRef = A1EA131019265B4900449327 /* ExploreSummaryViewController.m */; };
		A1EA132519265B4900449327 /* MainViewController.m in Sources */ = {isa = PBXBuildFile; fileRef = A1EA131219265B4900449327 /* MainViewController.m */; };
		A1EA132619265B4900449327 /* OccurrenceDetailsViewController.m in Sources */ = {isa = PBXBuildFile; fileRef = A1EA131419265B4900449327 /* OccurrenceDetailsViewController.m */; };
		A1EA132719265B4900449327 /* ProfileViewController.m in Sources */ = {isa = PBXBuildFile; fileRef = A1EA131619265B4900449327 /* ProfileViewController.m */; };
		A1EA132819265B4900449327 /* SidebarViewController.m in Sources */ = {isa = PBXBuildFile; fileRef = A1EA131819265B4900449327 /* SidebarViewController.m */; };
		A1EA132919265B4900449327 /* TaxonInfoViewController.m in Sources */ = {isa = PBXBuildFile; fileRef = A1EA131A19265B4900449327 /* TaxonInfoViewController.m */; };
		A1EA132A19265B4900449327 /* TripsViewController.m in Sources */ = {isa = PBXBuildFile; fileRef = A1EA131C19265B4900449327 /* TripsViewController.m */; };
		A1EA133A19265B5200449327 /* MKPolygon+WKTParser.m in Sources */ = {isa = PBXBuildFile; fileRef = A1EA132D19265B5200449327 /* MKPolygon+WKTParser.m */; };
		A1EA133B19265B5200449327 /* NSCountedSet+Sorting.m in Sources */ = {isa = PBXBuildFile; fileRef = A1EA132F19265B5200449327 /* NSCountedSet+Sorting.m */; };
		A1EA133C19265B5200449327 /* NSDictionary+Filtering.m in Sources */ = {isa = PBXBuildFile; fileRef = A1EA133119265B5200449327 /* NSDictionary+Filtering.m */; };
		A1EA133D19265B5200449327 /* NSString+UtilityMethods.m in Sources */ = {isa = PBXBuildFile; fileRef = A1EA133319265B5200449327 /* NSString+UtilityMethods.m */; };
		A1EA133E19265B5200449327 /* UILabel+Appearance.m in Sources */ = {isa = PBXBuildFile; fileRef = A1EA133519265B5200449327 /* UILabel+Appearance.m */; };
		A1EA133F19265B5200449327 /* UIView+Colors.m in Sources */ = {isa = PBXBuildFile; fileRef = A1EA133719265B5200449327 /* UIView+Colors.m */; };
		A1EA134019265B5200449327 /* UIView+UtilityMethods.m in Sources */ = {isa = PBXBuildFile; fileRef = A1EA133919265B5200449327 /* UIView+UtilityMethods.m */; };
		A1EA135119265B5D00449327 /* GBIFCommunicator.m in Sources */ = {isa = PBXBuildFile; fileRef = A1EA134319265B5D00449327 /* GBIFCommunicator.m */; };
		A1EA135219265B5D00449327 /* GBIFCommunicatorMock.m in Sources */ = {isa = PBXBuildFile; fileRef = A1EA134619265B5D00449327 /* GBIFCommunicatorMock.m */; };
		A1EA135319265B5D00449327 /* GBIFManager.m in Sources */ = {isa = PBXBuildFile; fileRef = A1EA134819265B5D00449327 /* GBIFManager.m */; };
		A1EA135419265B5D00449327 /* ImageCache.m in Sources */ = {isa = PBXBuildFile; fileRef = A1EA134B19265B5D00449327 /* ImageCache.m */; };
		A1EA135519265B5D00449327 /* INatManager.m in Sources */ = {isa = PBXBuildFile; fileRef = A1EA134D19265B5D00449327 /* INatManager.m */; };
		A1EA135619265B5D00449327 /* TripsDataManager.m in Sources */ = {isa = PBXBuildFile; fileRef = A1EA135019265B5D00449327 /* TripsDataManager.m */; };
		A1EA13F5192D5A6400449327 /* LoginManager.m in Sources */ = {isa = PBXBuildFile; fileRef = A1EA13F4192D5A6300449327 /* LoginManager.m */; };
		A1EA13F8192DFD7D00449327 /* ProfileTableViewController.m in Sources */ = {isa = PBXBuildFile; fileRef = A1EA13F7192DFD7D00449327 /* ProfileTableViewController.m */; };
		A1EA209318B4F7AB00200D50 /* Foundation.framework in Frameworks */ = {isa = PBXBuildFile; fileRef = A1EA209218B4F7AB00200D50 /* Foundation.framework */; };
		A1EA209718B4F7AB00200D50 /* UIKit.framework in Frameworks */ = {isa = PBXBuildFile; fileRef = A1EA209618B4F7AB00200D50 /* UIKit.framework */; };
		A1EA209D18B4F7AB00200D50 /* InfoPlist.strings in Resources */ = {isa = PBXBuildFile; fileRef = A1EA209B18B4F7AB00200D50 /* InfoPlist.strings */; };
		A1EA209F18B4F7AB00200D50 /* main.m in Sources */ = {isa = PBXBuildFile; fileRef = A1EA209E18B4F7AB00200D50 /* main.m */; };
		A1EA20A318B4F7AB00200D50 /* AppDelegate.m in Sources */ = {isa = PBXBuildFile; fileRef = A1EA20A218B4F7AB00200D50 /* AppDelegate.m */; };
		A1EA20A618B4F7AB00200D50 /* Main.storyboard in Resources */ = {isa = PBXBuildFile; fileRef = A1EA20A418B4F7AB00200D50 /* Main.storyboard */; };
		A1EA6CA818CDC24A002FCDDD /* CoreGraphics.framework in Frameworks */ = {isa = PBXBuildFile; fileRef = A1EA209418B4F7AB00200D50 /* CoreGraphics.framework */; };
		A1EB226B1923961F005650D9 /* CoreData.framework in Frameworks */ = {isa = PBXBuildFile; fileRef = A1EB226A1923961F005650D9 /* CoreData.framework */; };
		A1EE9C50196F4AAF00D51972 /* BCRestKitJsonParser.m in Sources */ = {isa = PBXBuildFile; fileRef = A1EE9C4F196F4AAF00D51972 /* BCRestKitJsonParser.m */; };
		A1F0511219588F2D008569AB /* INatTaxon.m in Sources */ = {isa = PBXBuildFile; fileRef = A1F0511119588F2D008569AB /* INatTaxon.m */; };
		A1F0511519588F3F008569AB /* _INatTaxon.m in Sources */ = {isa = PBXBuildFile; fileRef = A1F0511419588F3F008569AB /* _INatTaxon.m */; };
		A1F05118195AEF20008569AB /* INatTaxonPhoto.m in Sources */ = {isa = PBXBuildFile; fileRef = A1F05117195AEF20008569AB /* INatTaxonPhoto.m */; };
		A1F0511B195AEF2E008569AB /* _INatTaxonPhoto.m in Sources */ = {isa = PBXBuildFile; fileRef = A1F0511A195AEF2E008569AB /* _INatTaxonPhoto.m */; };
		A1F2E12D190161110010B647 /* .gitignore in Resources */ = {isa = PBXBuildFile; fileRef = A1F2E12C190161110010B647 /* .gitignore */; };
		B338778CE5E9420C93C92294 /* libPods.a in Frameworks */ = {isa = PBXBuildFile; fileRef = 346CC70B6936431AB81A1540 /* libPods.a */; };
/* End PBXBuildFile section */

/* Begin PBXFileReference section */
		346CC70B6936431AB81A1540 /* libPods.a */ = {isa = PBXFileReference; explicitFileType = archive.ar; includeInIndex = 0; path = libPods.a; sourceTree = BUILT_PRODUCTS_DIR; };
		A119199319660F7D003B15F7 /* BCLocationManager.h */ = {isa = PBXFileReference; fileEncoding = 4; lastKnownFileType = sourcecode.c.h; path = BCLocationManager.h; sourceTree = "<group>"; };
		A119199419660F7D003B15F7 /* BCLocationManager.m */ = {isa = PBXFileReference; fileEncoding = 4; lastKnownFileType = sourcecode.c.objc; path = BCLocationManager.m; sourceTree = "<group>"; };
		A119199619661E4E003B15F7 /* CLLocation+Formatting.h */ = {isa = PBXFileReference; fileEncoding = 4; lastKnownFileType = sourcecode.c.h; path = "CLLocation+Formatting.h"; sourceTree = "<group>"; };
		A119199719661E4E003B15F7 /* CLLocation+Formatting.m */ = {isa = PBXFileReference; fileEncoding = 4; lastKnownFileType = sourcecode.c.objc; path = "CLLocation+Formatting.m"; sourceTree = "<group>"; };
		A12B63B718EC5AED00F9C4C0 /* 2783288252_6f21bf941c.jpg */ = {isa = PBXFileReference; lastKnownFileType = image.jpeg; name = 2783288252_6f21bf941c.jpg; path = Resources/TestData/Images/2783288252_6f21bf941c.jpg; sourceTree = "<group>"; };
		A13B8F2118F75AAE000C522B /* OccurrenceResultsCASFilterv0.9.json */ = {isa = PBXFileReference; fileEncoding = 4; lastKnownFileType = text.json; name = OccurrenceResultsCASFilterv0.9.json; path = Resources/TestData/OccurrenceResultsCASFilterv0.9.json; sourceTree = "<group>"; };
		A13B8F2218F75AAE000C522B /* OccurrenceResultsCASFilterv1.0.json */ = {isa = PBXFileReference; fileEncoding = 4; lastKnownFileType = text.json; name = OccurrenceResultsCASFilterv1.0.json; path = Resources/TestData/OccurrenceResultsCASFilterv1.0.json; sourceTree = "<group>"; };
		A13B8F2318F75AAE000C522B /* OccurrenceResultsCASv0.9.json */ = {isa = PBXFileReference; fileEncoding = 4; lastKnownFileType = text.json; name = OccurrenceResultsCASv0.9.json; path = Resources/TestData/OccurrenceResultsCASv0.9.json; sourceTree = "<group>"; };
		A13B8F2418F75AAE000C522B /* OccurrenceResultsCASv1.0.json */ = {isa = PBXFileReference; fileEncoding = 4; lastKnownFileType = text.json; name = OccurrenceResultsCASv1.0.json; path = Resources/TestData/OccurrenceResultsCASv1.0.json; sourceTree = "<group>"; };
		A1464510195074F4005C1107 /* ObservationViewController.h */ = {isa = PBXFileReference; fileEncoding = 4; lastKnownFileType = sourcecode.c.h; path = ObservationViewController.h; sourceTree = "<group>"; };
		A1464511195074F4005C1107 /* ObservationViewController.m */ = {isa = PBXFileReference; fileEncoding = 4; lastKnownFileType = sourcecode.c.objc; path = ObservationViewController.m; sourceTree = "<group>"; };
		A15346921962D53600E1C63F /* Flurry.h */ = {isa = PBXFileReference; fileEncoding = 4; lastKnownFileType = sourcecode.c.h; path = Flurry.h; sourceTree = "<group>"; };
		A15346931962D53600E1C63F /* libFlurry_4.3.2.a */ = {isa = PBXFileReference; lastKnownFileType = archive.ar; path = libFlurry_4.3.2.a; sourceTree = "<group>"; };
		A15346951962D53600E1C63F /* ionicons-codes.h */ = {isa = PBXFileReference; fileEncoding = 4; lastKnownFileType = sourcecode.c.h; path = "ionicons-codes.h"; sourceTree = "<group>"; };
		A15346961962D53600E1C63F /* IonIcons.h */ = {isa = PBXFileReference; fileEncoding = 4; lastKnownFileType = sourcecode.c.h; path = IonIcons.h; sourceTree = "<group>"; };
		A15346971962D53600E1C63F /* IonIcons.m */ = {isa = PBXFileReference; fileEncoding = 4; lastKnownFileType = sourcecode.c.objc; path = IonIcons.m; sourceTree = "<group>"; };
		A15346981962D53600E1C63F /* ionicons.ttf */ = {isa = PBXFileReference; lastKnownFileType = file; path = ionicons.ttf; sourceTree = "<group>"; };
		A15346991962D53600E1C63F /* LICENSE */ = {isa = PBXFileReference; fileEncoding = 4; lastKnownFileType = text; path = LICENSE; sourceTree = "<group>"; };
		A153469A1962D53600E1C63F /* README.md */ = {isa = PBXFileReference; fileEncoding = 4; lastKnownFileType = text; path = README.md; sourceTree = "<group>"; };
		A153469C1962D53600E1C63F /* iOSa_2.23.0.version */ = {isa = PBXFileReference; fileEncoding = 4; lastKnownFileType = text; path = iOSa_2.23.0.version; sourceTree = "<group>"; };
		A153469D1962D53600E1C63F /* libLocalyticsAMP_x64.a */ = {isa = PBXFileReference; lastKnownFileType = archive.ar; path = libLocalyticsAMP_x64.a; sourceTree = "<group>"; };
		A153469E1962D53600E1C63F /* LICENSE */ = {isa = PBXFileReference; fileEncoding = 4; lastKnownFileType = text; path = LICENSE; sourceTree = "<group>"; };
		A153469F1962D53600E1C63F /* LocalyticsAmpSession.h */ = {isa = PBXFileReference; fileEncoding = 4; lastKnownFileType = sourcecode.c.h; path = LocalyticsAmpSession.h; sourceTree = "<group>"; };
		A15346A01962D53600E1C63F /* LocalyticsSession.h */ = {isa = PBXFileReference; fileEncoding = 4; lastKnownFileType = sourcecode.c.h; path = LocalyticsSession.h; sourceTree = "<group>"; };
		A15346DF1962D53600E1C63F /* SWRevealViewController.h */ = {isa = PBXFileReference; fileEncoding = 4; lastKnownFileType = sourcecode.c.h; path = SWRevealViewController.h; sourceTree = "<group>"; };
		A15346E01962D53600E1C63F /* SWRevealViewController.m */ = {isa = PBXFileReference; fileEncoding = 4; lastKnownFileType = sourcecode.c.objc; path = SWRevealViewController.m; sourceTree = "<group>"; };
		A15347031962E5E300E1C63F /* PreTripMapViewController.h */ = {isa = PBXFileReference; fileEncoding = 4; lastKnownFileType = sourcecode.c.h; path = PreTripMapViewController.h; sourceTree = "<group>"; };
		A15347041962E5E300E1C63F /* PreTripMapViewController.m */ = {isa = PBXFileReference; fileEncoding = 4; lastKnownFileType = sourcecode.c.objc; path = PreTripMapViewController.m; sourceTree = "<group>"; };
		A1534709196414FA00E1C63F /* CoreLocation.framework */ = {isa = PBXFileReference; lastKnownFileType = wrapper.framework; name = CoreLocation.framework; path = System/Library/Frameworks/CoreLocation.framework; sourceTree = SDKROOT; };
		A153470B1964150D00E1C63F /* CFNetwork.framework */ = {isa = PBXFileReference; lastKnownFileType = wrapper.framework; name = CFNetwork.framework; path = System/Library/Frameworks/CFNetwork.framework; sourceTree = SDKROOT; };
		A153470D1964152D00E1C63F /* MobileCoreServices.framework */ = {isa = PBXFileReference; lastKnownFileType = wrapper.framework; name = MobileCoreServices.framework; path = System/Library/Frameworks/MobileCoreServices.framework; sourceTree = SDKROOT; };
		A153470F1964153800E1C63F /* QuartzCore.framework */ = {isa = PBXFileReference; lastKnownFileType = wrapper.framework; name = QuartzCore.framework; path = System/Library/Frameworks/QuartzCore.framework; sourceTree = SDKROOT; };
		A15347111964154E00E1C63F /* StoreKit.framework */ = {isa = PBXFileReference; lastKnownFileType = wrapper.framework; name = StoreKit.framework; path = System/Library/Frameworks/StoreKit.framework; sourceTree = SDKROOT; };
		A153471319641D2A00E1C63F /* AudioToolbox.framework */ = {isa = PBXFileReference; lastKnownFileType = wrapper.framework; name = AudioToolbox.framework; path = System/Library/Frameworks/AudioToolbox.framework; sourceTree = SDKROOT; };
		A15347151964730C00E1C63F /* AboutViewController.h */ = {isa = PBXFileReference; fileEncoding = 4; lastKnownFileType = sourcecode.c.h; path = AboutViewController.h; sourceTree = "<group>"; };
		A15347161964730C00E1C63F /* AboutViewController.m */ = {isa = PBXFileReference; fileEncoding = 4; lastKnownFileType = sourcecode.c.objc; path = AboutViewController.m; sourceTree = "<group>"; };
		A15347181964790300E1C63F /* NSUserDefaults+CounterValues.h */ = {isa = PBXFileReference; fileEncoding = 4; lastKnownFileType = sourcecode.c.h; path = "NSUserDefaults+CounterValues.h"; sourceTree = "<group>"; };
		A15347191964790300E1C63F /* NSUserDefaults+CounterValues.m */ = {isa = PBXFileReference; fileEncoding = 4; lastKnownFileType = sourcecode.c.objc; path = "NSUserDefaults+CounterValues.m"; sourceTree = "<group>"; };
		A153471E1965BE7800E1C63F /* _INatObservation.h */ = {isa = PBXFileReference; fileEncoding = 4; lastKnownFileType = sourcecode.c.h; path = _INatObservation.h; sourceTree = "<group>"; };
		A153471F1965BE7800E1C63F /* _INatObservation.m */ = {isa = PBXFileReference; fileEncoding = 4; lastKnownFileType = sourcecode.c.objc; path = _INatObservation.m; sourceTree = "<group>"; };
		A15347201965BE7800E1C63F /* _INatObservationPhoto.h */ = {isa = PBXFileReference; fileEncoding = 4; lastKnownFileType = sourcecode.c.h; path = _INatObservationPhoto.h; sourceTree = "<group>"; };
		A15347211965BE7800E1C63F /* _INatObservationPhoto.m */ = {isa = PBXFileReference; fileEncoding = 4; lastKnownFileType = sourcecode.c.objc; path = _INatObservationPhoto.m; sourceTree = "<group>"; };
		A15347241965BE8300E1C63F /* INatObservation.h */ = {isa = PBXFileReference; fileEncoding = 4; lastKnownFileType = sourcecode.c.h; path = INatObservation.h; sourceTree = "<group>"; };
		A15347251965BE8300E1C63F /* INatObservation.m */ = {isa = PBXFileReference; fileEncoding = 4; lastKnownFileType = sourcecode.c.objc; path = INatObservation.m; sourceTree = "<group>"; };
		A15347261965BE8300E1C63F /* INatObservationPhoto.h */ = {isa = PBXFileReference; fileEncoding = 4; lastKnownFileType = sourcecode.c.h; path = INatObservationPhoto.h; sourceTree = "<group>"; };
		A15347271965BE8300E1C63F /* INatObservationPhoto.m */ = {isa = PBXFileReference; fileEncoding = 4; lastKnownFileType = sourcecode.c.objc; path = INatObservationPhoto.m; sourceTree = "<group>"; };
		A162FD3A18D7060F00362A0A /* Genovesa, Galapagos.gpx */ = {isa = PBXFileReference; fileEncoding = 4; lastKnownFileType = text; name = "Genovesa, Galapagos.gpx"; path = "Resources/TestData/Genovesa, Galapagos.gpx"; sourceTree = "<group>"; };
		A162FD3C18D7075B00362A0A /* Tortuga Bay, Santa Cruz, Galapagos.gpx */ = {isa = PBXFileReference; fileEncoding = 4; lastKnownFileType = text; name = "Tortuga Bay, Santa Cruz, Galapagos.gpx"; path = "Resources/TestData/Tortuga Bay, Santa Cruz, Galapagos.gpx"; sourceTree = "<group>"; };
		A162FD3E18D708FD00362A0A /* Seymour Norte, Galapagos.gpx */ = {isa = PBXFileReference; fileEncoding = 4; lastKnownFileType = text; name = "Seymour Norte, Galapagos.gpx"; path = "Resources/TestData/Seymour Norte, Galapagos.gpx"; sourceTree = "<group>"; };
		A1727B1F19869C8000150952 /* TDBadgedCell.h */ = {isa = PBXFileReference; fileEncoding = 4; lastKnownFileType = sourcecode.c.h; path = TDBadgedCell.h; sourceTree = "<group>"; };
		A1727B2019869C8000150952 /* TDBadgedCell.m */ = {isa = PBXFileReference; fileEncoding = 4; lastKnownFileType = sourcecode.c.objc; path = TDBadgedCell.m; sourceTree = "<group>"; };
		A1727B23198BF2E800150952 /* libxml2.dylib */ = {isa = PBXFileReference; lastKnownFileType = "compiled.mach-o.dylib"; name = libxml2.dylib; path = usr/lib/libxml2.dylib; sourceTree = SDKROOT; };
		A1727B25198BF2F800150952 /* ImageIO.framework */ = {isa = PBXFileReference; lastKnownFileType = wrapper.framework; name = ImageIO.framework; path = System/Library/Frameworks/ImageIO.framework; sourceTree = SDKROOT; };
		A1727B28198BF31100150952 /* CoreText.framework */ = {isa = PBXFileReference; lastKnownFileType = wrapper.framework; name = CoreText.framework; path = System/Library/Frameworks/CoreText.framework; sourceTree = SDKROOT; };
		A176286D1937359500DD69DB /* UIImage+Colors.h */ = {isa = PBXFileReference; fileEncoding = 4; lastKnownFileType = sourcecode.c.h; path = "UIImage+Colors.h"; sourceTree = "<group>"; };
		A176286E1937359500DD69DB /* UIImage+Colors.m */ = {isa = PBXFileReference; fileEncoding = 4; lastKnownFileType = sourcecode.c.objc; path = "UIImage+Colors.m"; sourceTree = "<group>"; };
		A17628701937385400DD69DB /* BCButton.h */ = {isa = PBXFileReference; fileEncoding = 4; lastKnownFileType = sourcecode.c.h; path = BCButton.h; sourceTree = "<group>"; };
		A17628711937385400DD69DB /* BCButton.m */ = {isa = PBXFileReference; fileEncoding = 4; lastKnownFileType = sourcecode.c.objc; path = BCButton.m; sourceTree = "<group>"; };
		A1762873193DEF9C00DD69DB /* ExploreDataManager.h */ = {isa = PBXFileReference; fileEncoding = 4; lastKnownFileType = sourcecode.c.h; path = ExploreDataManager.h; sourceTree = "<group>"; };
		A1762874193DEF9C00DD69DB /* ExploreDataManager.m */ = {isa = PBXFileReference; fileEncoding = 4; lastKnownFileType = sourcecode.c.objc; path = ExploreDataManager.m; sourceTree = "<group>"; };
		A17628791940A5C100DD69DB /* ExploreDataManagerDelegate.h */ = {isa = PBXFileReference; lastKnownFileType = sourcecode.c.h; path = ExploreDataManagerDelegate.h; sourceTree = "<group>"; };
		A176288219471A6700DD69DB /* BioCaching.xcdatamodel */ = {isa = PBXFileReference; lastKnownFileType = wrapper.xcdatamodel; path = BioCaching.xcdatamodel; sourceTree = "<group>"; };
		A176288319471A6700DD69DB /* mogen_script.sh */ = {isa = PBXFileReference; fileEncoding = 4; lastKnownFileType = text.script.sh; name = mogen_script.sh; path = ../../mogen_script.sh; sourceTree = "<group>"; };
		A17628B319471BA500DD69DB /* _INatTrip.h */ = {isa = PBXFileReference; fileEncoding = 4; lastKnownFileType = sourcecode.c.h; path = _INatTrip.h; sourceTree = "<group>"; };
		A17628B419471BA500DD69DB /* _INatTrip.m */ = {isa = PBXFileReference; fileEncoding = 4; lastKnownFileType = sourcecode.c.objc; path = _INatTrip.m; sourceTree = "<group>"; };
		A17628B519471BA500DD69DB /* _INatTripTaxaAttribute.h */ = {isa = PBXFileReference; fileEncoding = 4; lastKnownFileType = sourcecode.c.h; path = _INatTripTaxaAttribute.h; sourceTree = "<group>"; };
		A17628B619471BA500DD69DB /* _INatTripTaxaAttribute.m */ = {isa = PBXFileReference; fileEncoding = 4; lastKnownFileType = sourcecode.c.objc; path = _INatTripTaxaAttribute.m; sourceTree = "<group>"; };
		A17628B719471BA500DD69DB /* _INatTripTaxaPurpose.h */ = {isa = PBXFileReference; fileEncoding = 4; lastKnownFileType = sourcecode.c.h; path = _INatTripTaxaPurpose.h; sourceTree = "<group>"; };
		A17628B819471BA500DD69DB /* _INatTripTaxaPurpose.m */ = {isa = PBXFileReference; fileEncoding = 4; lastKnownFileType = sourcecode.c.objc; path = _INatTripTaxaPurpose.m; sourceTree = "<group>"; };
		A17628B919471BA500DD69DB /* INatTrip.h */ = {isa = PBXFileReference; fileEncoding = 4; lastKnownFileType = sourcecode.c.h; path = INatTrip.h; sourceTree = "<group>"; };
		A17628BA19471BA500DD69DB /* INatTrip.m */ = {isa = PBXFileReference; fileEncoding = 4; lastKnownFileType = sourcecode.c.objc; path = INatTrip.m; sourceTree = "<group>"; };
		A17628BB19471BA500DD69DB /* INatTripTaxaAttribute.h */ = {isa = PBXFileReference; fileEncoding = 4; lastKnownFileType = sourcecode.c.h; path = INatTripTaxaAttribute.h; sourceTree = "<group>"; };
		A17628BC19471BA500DD69DB /* INatTripTaxaAttribute.m */ = {isa = PBXFileReference; fileEncoding = 4; lastKnownFileType = sourcecode.c.objc; path = INatTripTaxaAttribute.m; sourceTree = "<group>"; };
		A17628BD19471BA500DD69DB /* INatTripTaxaPurpose.h */ = {isa = PBXFileReference; fileEncoding = 4; lastKnownFileType = sourcecode.c.h; path = INatTripTaxaPurpose.h; sourceTree = "<group>"; };
		A17628BE19471BA500DD69DB /* INatTripTaxaPurpose.m */ = {isa = PBXFileReference; fileEncoding = 4; lastKnownFileType = sourcecode.c.objc; path = INatTripTaxaPurpose.m; sourceTree = "<group>"; };
		A17628BF19471BA500DD69DB /* ManagedObjects.h */ = {isa = PBXFileReference; fileEncoding = 4; lastKnownFileType = sourcecode.c.h; path = ManagedObjects.h; sourceTree = "<group>"; };
		A17628C81947274A00DD69DB /* NSDate+Formatting.h */ = {isa = PBXFileReference; fileEncoding = 4; lastKnownFileType = sourcecode.c.h; path = "NSDate+Formatting.h"; sourceTree = "<group>"; };
		A17628C91947274A00DD69DB /* NSDate+Formatting.m */ = {isa = PBXFileReference; fileEncoding = 4; lastKnownFileType = sourcecode.c.objc; path = "NSDate+Formatting.m"; sourceTree = "<group>"; };
		A17628CB1947425000DD69DB /* TaskList.txt */ = {isa = PBXFileReference; fileEncoding = 4; lastKnownFileType = text; name = TaskList.txt; path = BioCaching/TaskList.txt; sourceTree = "<group>"; };
		A17628D3194F08CD00DD69DB /* BCAlerts.h */ = {isa = PBXFileReference; fileEncoding = 4; lastKnownFileType = sourcecode.c.h; path = BCAlerts.h; sourceTree = "<group>"; };
		A17628D4194F08CD00DD69DB /* BCAlerts.m */ = {isa = PBXFileReference; fileEncoding = 4; lastKnownFileType = sourcecode.c.objc; path = BCAlerts.m; sourceTree = "<group>"; };
		A17BAE30195DBB8A004B1C37 /* _OccurrenceRecord.h */ = {isa = PBXFileReference; fileEncoding = 4; lastKnownFileType = sourcecode.c.h; path = _OccurrenceRecord.h; sourceTree = "<group>"; };
		A17BAE31195DBB8A004B1C37 /* _OccurrenceRecord.m */ = {isa = PBXFileReference; fileEncoding = 4; lastKnownFileType = sourcecode.c.objc; path = _OccurrenceRecord.m; sourceTree = "<group>"; };
		A17BAE33195DBBA2004B1C37 /* OccurrenceRecord.h */ = {isa = PBXFileReference; fileEncoding = 4; lastKnownFileType = sourcecode.c.h; name = OccurrenceRecord.h; path = BioCaching/Model/ManagedObjects/OccurrenceRecord.h; sourceTree = SOURCE_ROOT; };
		A17BAE34195DBBA2004B1C37 /* OccurrenceRecord.m */ = {isa = PBXFileReference; fileEncoding = 4; lastKnownFileType = sourcecode.c.objc; name = OccurrenceRecord.m; path = BioCaching/Model/ManagedObjects/OccurrenceRecord.m; sourceTree = SOURCE_ROOT; };
		A17BAE36195DC6AD004B1C37 /* _BCManagedObject.h */ = {isa = PBXFileReference; fileEncoding = 4; lastKnownFileType = sourcecode.c.h; path = _BCManagedObject.h; sourceTree = "<group>"; };
		A17BAE37195DC6AD004B1C37 /* _BCManagedObject.m */ = {isa = PBXFileReference; fileEncoding = 4; lastKnownFileType = sourcecode.c.objc; path = _BCManagedObject.m; sourceTree = "<group>"; };
		A17BAE39195DC6B9004B1C37 /* BCManagedObject.h */ = {isa = PBXFileReference; fileEncoding = 4; lastKnownFileType = sourcecode.c.h; path = BCManagedObject.h; sourceTree = "<group>"; };
		A17BAE3A195DC6B9004B1C37 /* BCManagedObject.m */ = {isa = PBXFileReference; fileEncoding = 4; lastKnownFileType = sourcecode.c.objc; path = BCManagedObject.m; sourceTree = "<group>"; };
		A1875DFC18FD4A36001DC029 /* Podfile */ = {isa = PBXFileReference; fileEncoding = 4; lastKnownFileType = text; path = Podfile; sourceTree = "<group>"; xcLanguageSpecificationIdentifier = xcode.lang.ruby; };
		A1875E3318FED8D2001DC029 /* constants.h */ = {isa = PBXFileReference; lastKnownFileType = sourcecode.c.h; path = constants.h; sourceTree = "<group>"; };
		A1BEE392196AB69000297526 /* TripListCell.h */ = {isa = PBXFileReference; fileEncoding = 4; lastKnownFileType = sourcecode.c.h; path = TripListCell.h; sourceTree = "<group>"; };
		A1BEE393196AB69000297526 /* TripListCell.m */ = {isa = PBXFileReference; fileEncoding = 4; lastKnownFileType = sourcecode.c.objc; path = TripListCell.m; sourceTree = "<group>"; };
		A1C52443197033030002686A /* ImageManager.h */ = {isa = PBXFileReference; fileEncoding = 4; lastKnownFileType = sourcecode.c.h; path = ImageManager.h; sourceTree = "<group>"; };
		A1C52444197033030002686A /* ImageManager.m */ = {isa = PBXFileReference; fileEncoding = 4; lastKnownFileType = sourcecode.c.objc; path = ImageManager.m; sourceTree = "<group>"; };
		A1C5244B197179D40002686A /* Images.xcassets */ = {isa = PBXFileReference; lastKnownFileType = folder.assetcatalog; path = Images.xcassets; sourceTree = "<group>"; };
		A1C524521971AA3F0002686A /* ConnectionHelper.h */ = {isa = PBXFileReference; fileEncoding = 4; lastKnownFileType = sourcecode.c.h; path = ConnectionHelper.h; sourceTree = "<group>"; };
		A1C524531971AA3F0002686A /* ConnectionHelper.m */ = {isa = PBXFileReference; fileEncoding = 4; lastKnownFileType = sourcecode.c.objc; path = ConnectionHelper.m; sourceTree = "<group>"; };
		A1C524571971B5510002686A /* Reachability.h */ = {isa = PBXFileReference; fileEncoding = 4; lastKnownFileType = sourcecode.c.h; path = Reachability.h; sourceTree = "<group>"; };
		A1C524581971B5510002686A /* Reachability.m */ = {isa = PBXFileReference; fileEncoding = 4; lastKnownFileType = sourcecode.c.objc; path = Reachability.m; sourceTree = "<group>"; };
		A1C5245C1977EE170002686A /* APIOptions.h */ = {isa = PBXFileReference; lastKnownFileType = sourcecode.c.h; path = APIOptions.h; sourceTree = "<group>"; };
		A1C5245F197811B20002686A /* Finsbury Park1, London.gpx */ = {isa = PBXFileReference; fileEncoding = 4; lastKnownFileType = text; name = "Finsbury Park1, London.gpx"; path = "Resources/TestData/Finsbury Park1, London.gpx"; sourceTree = "<group>"; };
		A1C52460197811B20002686A /* Finsbury Park2, London.gpx */ = {isa = PBXFileReference; fileEncoding = 4; lastKnownFileType = text; name = "Finsbury Park2, London.gpx"; path = "Resources/TestData/Finsbury Park2, London.gpx"; sourceTree = "<group>"; };
		A1C52461197811B20002686A /* Finsbury Park3, London.gpx */ = {isa = PBXFileReference; fileEncoding = 4; lastKnownFileType = text; name = "Finsbury Park3, London.gpx"; path = "Resources/TestData/Finsbury Park3, London.gpx"; sourceTree = "<group>"; };
		A1C52462197811B20002686A /* Finsbury Park4, London.gpx */ = {isa = PBXFileReference; fileEncoding = 4; lastKnownFileType = text; name = "Finsbury Park4, London.gpx"; path = "Resources/TestData/Finsbury Park4, London.gpx"; sourceTree = "<group>"; };
		A1CD979819618E8900582BF0 /* TripsDataManagerDelegate.h */ = {isa = PBXFileReference; lastKnownFileType = sourcecode.c.h; path = TripsDataManagerDelegate.h; sourceTree = "<group>"; };
		A1D5DD8318C61B6A00FA005B /* Alexandra Park, London.gpx */ = {isa = PBXFileReference; fileEncoding = 4; lastKnownFileType = text; name = "Alexandra Park, London.gpx"; path = "Resources/TestData/Alexandra Park, London.gpx"; sourceTree = "<group>"; };
		A1D5DD8418C61B6A00FA005B /* Exe Estuary MPA, UK.gpx */ = {isa = PBXFileReference; fileEncoding = 4; lastKnownFileType = text; name = "Exe Estuary MPA, UK.gpx"; path = "Resources/TestData/Exe Estuary MPA, UK.gpx"; sourceTree = "<group>"; };
		A1D5DD8518C61B6A00FA005B /* GoldenGate Park, CA.gpx */ = {isa = PBXFileReference; fileEncoding = 4; lastKnownFileType = text; name = "GoldenGate Park, CA.gpx"; path = "Resources/TestData/GoldenGate Park, CA.gpx"; sourceTree = "<group>"; };
		A1D5DD8618C61B6A00FA005B /* Lafayette Reservoir, CA.gpx */ = {isa = PBXFileReference; fileEncoding = 4; lastKnownFileType = text; name = "Lafayette Reservoir, CA.gpx"; path = "Resources/TestData/Lafayette Reservoir, CA.gpx"; sourceTree = "<group>"; };
		A1D5DD8718C61B6A00FA005B /* Pepperwood Preserve, CA.gpx */ = {isa = PBXFileReference; fileEncoding = 4; lastKnownFileType = text; name = "Pepperwood Preserve, CA.gpx"; path = "Resources/TestData/Pepperwood Preserve, CA.gpx"; sourceTree = "<group>"; };
		A1D5DD8818C61B6A00FA005B /* White House, DC.gpx */ = {isa = PBXFileReference; fileEncoding = 4; lastKnownFileType = text; name = "White House, DC.gpx"; path = "Resources/TestData/White House, DC.gpx"; sourceTree = "<group>"; };
		A1D5DD8F18C61D0300FA005B /* SystemConfiguration.framework */ = {isa = PBXFileReference; lastKnownFileType = wrapper.framework; name = SystemConfiguration.framework; path = System/Library/Frameworks/SystemConfiguration.framework; sourceTree = SDKROOT; };
		A1D5DD9118C61D0F00FA005B /* Security.framework */ = {isa = PBXFileReference; lastKnownFileType = wrapper.framework; name = Security.framework; path = System/Library/Frameworks/Security.framework; sourceTree = SDKROOT; };
		A1D5DDE318C7BAA500FA005B /* libz.dylib */ = {isa = PBXFileReference; lastKnownFileType = "compiled.mach-o.dylib"; name = libz.dylib; path = usr/lib/libz.dylib; sourceTree = SDKROOT; };
		A1D5DDE518C7BAB900FA005B /* libsqlite3.dylib */ = {isa = PBXFileReference; lastKnownFileType = "compiled.mach-o.dylib"; name = libsqlite3.dylib; path = usr/lib/libsqlite3.dylib; sourceTree = SDKROOT; };
		A1D5DDFE18C7CDC600FA005B /* en */ = {isa = PBXFileReference; lastKnownFileType = file.storyboard; name = en; path = en.lproj/Main.storyboard; sourceTree = "<group>"; };
		A1D9A13318E3696A006C1988 /* Reveal.framework */ = {isa = PBXFileReference; lastKnownFileType = wrapper.framework; path = Reveal.framework; sourceTree = "<group>"; };
		A1EA12C61926562A00449327 /* BCOptions.h */ = {isa = PBXFileReference; fileEncoding = 4; lastKnownFileType = sourcecode.c.h; path = BCOptions.h; sourceTree = "<group>"; };
		A1EA12C71926562A00449327 /* BCOptions.m */ = {isa = PBXFileReference; fileEncoding = 4; lastKnownFileType = sourcecode.c.objc; path = BCOptions.m; sourceTree = "<group>"; };
		A1EA12C81926562A00449327 /* DisplayOptions.h */ = {isa = PBXFileReference; fileEncoding = 4; lastKnownFileType = sourcecode.c.h; path = DisplayOptions.h; sourceTree = "<group>"; };
		A1EA12C91926562A00449327 /* DisplayOptions.m */ = {isa = PBXFileReference; fileEncoding = 4; lastKnownFileType = sourcecode.c.objc; path = DisplayOptions.m; sourceTree = "<group>"; };
		A1EA12CA1926562A00449327 /* GBIFOccurrence.h */ = {isa = PBXFileReference; fileEncoding = 4; lastKnownFileType = sourcecode.c.h; path = GBIFOccurrence.h; sourceTree = "<group>"; };
		A1EA12CB1926562A00449327 /* GBIFOccurrence.m */ = {isa = PBXFileReference; fileEncoding = 4; lastKnownFileType = sourcecode.c.objc; path = GBIFOccurrence.m; sourceTree = "<group>"; };
		A1EA12CC1926562A00449327 /* GBIFOccurrenceResults.h */ = {isa = PBXFileReference; fileEncoding = 4; lastKnownFileType = sourcecode.c.h; path = GBIFOccurrenceResults.h; sourceTree = "<group>"; };
		A1EA12CD1926562A00449327 /* GBIFOccurrenceResults.m */ = {isa = PBXFileReference; fileEncoding = 4; lastKnownFileType = sourcecode.c.objc; path = GBIFOccurrenceResults.m; sourceTree = "<group>"; };
		A1EA12D31926562A00449327 /* LocationsArray.h */ = {isa = PBXFileReference; fileEncoding = 4; lastKnownFileType = sourcecode.c.h; path = LocationsArray.h; sourceTree = "<group>"; };
		A1EA12D41926562A00449327 /* LocationsArray.m */ = {isa = PBXFileReference; fileEncoding = 4; lastKnownFileType = sourcecode.c.objc; path = LocationsArray.m; sourceTree = "<group>"; };
		A1EA12D51926562A00449327 /* OptionsRecordSource.h */ = {isa = PBXFileReference; fileEncoding = 4; lastKnownFileType = sourcecode.c.h; path = OptionsRecordSource.h; sourceTree = "<group>"; };
		A1EA12D61926562A00449327 /* OptionsRecordSource.m */ = {isa = PBXFileReference; fileEncoding = 4; lastKnownFileType = sourcecode.c.objc; path = OptionsRecordSource.m; sourceTree = "<group>"; };
		A1EA12D71926562A00449327 /* OptionsRecordType.h */ = {isa = PBXFileReference; fileEncoding = 4; lastKnownFileType = sourcecode.c.h; path = OptionsRecordType.h; sourceTree = "<group>"; };
		A1EA12D81926562A00449327 /* OptionsRecordType.m */ = {isa = PBXFileReference; fileEncoding = 4; lastKnownFileType = sourcecode.c.objc; path = OptionsRecordType.m; sourceTree = "<group>"; };
		A1EA12D91926562A00449327 /* OptionsSpeciesFilter.h */ = {isa = PBXFileReference; fileEncoding = 4; lastKnownFileType = sourcecode.c.h; path = OptionsSpeciesFilter.h; sourceTree = "<group>"; };
		A1EA12DA1926562A00449327 /* OptionsSpeciesFilter.m */ = {isa = PBXFileReference; fileEncoding = 4; lastKnownFileType = sourcecode.c.objc; path = OptionsSpeciesFilter.m; sourceTree = "<group>"; };
		A1EA12DB1926562A00449327 /* SearchOptions.h */ = {isa = PBXFileReference; fileEncoding = 4; lastKnownFileType = sourcecode.c.h; path = SearchOptions.h; sourceTree = "<group>"; };
		A1EA12DC1926562A00449327 /* SearchOptions.m */ = {isa = PBXFileReference; fileEncoding = 4; lastKnownFileType = sourcecode.c.objc; path = SearchOptions.m; sourceTree = "<group>"; };
		A1EA12EE19265A2500449327 /* CrossHairView.h */ = {isa = PBXFileReference; fileEncoding = 4; lastKnownFileType = sourcecode.c.h; path = CrossHairView.h; sourceTree = "<group>"; };
		A1EA12EF19265A2500449327 /* CrossHairView.m */ = {isa = PBXFileReference; fileEncoding = 4; lastKnownFileType = sourcecode.c.objc; path = CrossHairView.m; sourceTree = "<group>"; };
		A1EA12F019265A2500449327 /* CustomEmbedSegue.h */ = {isa = PBXFileReference; fileEncoding = 4; lastKnownFileType = sourcecode.c.h; path = CustomEmbedSegue.h; sourceTree = "<group>"; };
		A1EA12F119265A2500449327 /* CustomEmbedSegue.m */ = {isa = PBXFileReference; fileEncoding = 4; lastKnownFileType = sourcecode.c.objc; path = CustomEmbedSegue.m; sourceTree = "<group>"; };
		A1EA12F219265A2500449327 /* MapViewLayoutGuide.h */ = {isa = PBXFileReference; fileEncoding = 4; lastKnownFileType = sourcecode.c.h; path = MapViewLayoutGuide.h; sourceTree = "<group>"; };
		A1EA12F319265A2500449327 /* TaxonListCell.h */ = {isa = PBXFileReference; fileEncoding = 4; lastKnownFileType = sourcecode.c.h; path = TaxonListCell.h; sourceTree = "<group>"; };
		A1EA12F419265A2500449327 /* TaxonListCell.m */ = {isa = PBXFileReference; fileEncoding = 4; lastKnownFileType = sourcecode.c.objc; path = TaxonListCell.m; sourceTree = "<group>"; };
		A1EA12F719265A2500449327 /* UIColor+Defaults.h */ = {isa = PBXFileReference; fileEncoding = 4; lastKnownFileType = sourcecode.c.h; path = "UIColor+Defaults.h"; sourceTree = "<group>"; };
		A1EA12F819265A2500449327 /* UIColor+Defaults.m */ = {isa = PBXFileReference; fileEncoding = 4; lastKnownFileType = sourcecode.c.objc; path = "UIColor+Defaults.m"; sourceTree = "<group>"; };
		A1EA12FF19265B4900449327 /* BCWebViewController.h */ = {isa = PBXFileReference; fileEncoding = 4; lastKnownFileType = sourcecode.c.h; path = BCWebViewController.h; sourceTree = "<group>"; };
		A1EA130019265B4900449327 /* BCWebViewController.m */ = {isa = PBXFileReference; fileEncoding = 4; lastKnownFileType = sourcecode.c.objc; path = BCWebViewController.m; sourceTree = "<group>"; };
		A1EA130119265B4900449327 /* DropDownViewController.h */ = {isa = PBXFileReference; fileEncoding = 4; lastKnownFileType = sourcecode.c.h; path = DropDownViewController.h; sourceTree = "<group>"; };
		A1EA130219265B4900449327 /* DropDownViewController.m */ = {isa = PBXFileReference; fileEncoding = 4; lastKnownFileType = sourcecode.c.objc; path = DropDownViewController.m; sourceTree = "<group>"; };
		A1EA130319265B4900449327 /* DropDownViewDelegate.h */ = {isa = PBXFileReference; fileEncoding = 4; lastKnownFileType = sourcecode.c.h; path = DropDownViewDelegate.h; sourceTree = "<group>"; };
		A1EA130419265B4900449327 /* ExploreContainerViewController.h */ = {isa = PBXFileReference; fileEncoding = 4; lastKnownFileType = sourcecode.c.h; path = ExploreContainerViewController.h; sourceTree = "<group>"; };
		A1EA130519265B4900449327 /* ExploreContainerViewController.m */ = {isa = PBXFileReference; fileEncoding = 4; lastKnownFileType = sourcecode.c.objc; path = ExploreContainerViewController.m; sourceTree = "<group>"; };
		A1EA130619265B4900449327 /* ExploreListViewController.h */ = {isa = PBXFileReference; fileEncoding = 4; lastKnownFileType = sourcecode.c.h; path = ExploreListViewController.h; sourceTree = "<group>"; };
		A1EA130719265B4900449327 /* ExploreListViewController.m */ = {isa = PBXFileReference; fileEncoding = 4; lastKnownFileType = sourcecode.c.objc; path = ExploreListViewController.m; sourceTree = "<group>"; };
		A1EA130819265B4900449327 /* ExploreMapViewController.h */ = {isa = PBXFileReference; fileEncoding = 4; lastKnownFileType = sourcecode.c.h; path = ExploreMapViewController.h; sourceTree = "<group>"; };
		A1EA130919265B4900449327 /* ExploreMapViewController.m */ = {isa = PBXFileReference; fileEncoding = 4; lastKnownFileType = sourcecode.c.objc; path = ExploreMapViewController.m; sourceTree = "<group>"; };
		A1EA130A19265B4900449327 /* ExploreOptionsDelegate.h */ = {isa = PBXFileReference; fileEncoding = 4; lastKnownFileType = sourcecode.c.h; path = ExploreOptionsDelegate.h; sourceTree = "<group>"; };
		A1EA130B19265B4900449327 /* ExploreOptionsViewController.h */ = {isa = PBXFileReference; fileEncoding = 4; lastKnownFileType = sourcecode.c.h; path = ExploreOptionsViewController.h; sourceTree = "<group>"; };
		A1EA130C19265B4900449327 /* ExploreOptionsViewController.m */ = {isa = PBXFileReference; fileEncoding = 4; lastKnownFileType = sourcecode.c.objc; path = ExploreOptionsViewController.m; sourceTree = "<group>"; };
		A1EA130D19265B4900449327 /* ExploreSummaryTableViewController.h */ = {isa = PBXFileReference; fileEncoding = 4; lastKnownFileType = sourcecode.c.h; path = ExploreSummaryTableViewController.h; sourceTree = "<group>"; };
		A1EA130E19265B4900449327 /* ExploreSummaryTableViewController.m */ = {isa = PBXFileReference; fileEncoding = 4; lastKnownFileType = sourcecode.c.objc; path = ExploreSummaryTableViewController.m; sourceTree = "<group>"; };
		A1EA130F19265B4900449327 /* ExploreSummaryViewController.h */ = {isa = PBXFileReference; fileEncoding = 4; lastKnownFileType = sourcecode.c.h; path = ExploreSummaryViewController.h; sourceTree = "<group>"; };
		A1EA131019265B4900449327 /* ExploreSummaryViewController.m */ = {isa = PBXFileReference; fileEncoding = 4; lastKnownFileType = sourcecode.c.objc; path = ExploreSummaryViewController.m; sourceTree = "<group>"; };
		A1EA131119265B4900449327 /* MainViewController.h */ = {isa = PBXFileReference; fileEncoding = 4; lastKnownFileType = sourcecode.c.h; path = MainViewController.h; sourceTree = "<group>"; };
		A1EA131219265B4900449327 /* MainViewController.m */ = {isa = PBXFileReference; fileEncoding = 4; lastKnownFileType = sourcecode.c.objc; path = MainViewController.m; sourceTree = "<group>"; };
		A1EA131319265B4900449327 /* OccurrenceDetailsViewController.h */ = {isa = PBXFileReference; fileEncoding = 4; lastKnownFileType = sourcecode.c.h; path = OccurrenceDetailsViewController.h; sourceTree = "<group>"; };
		A1EA131419265B4900449327 /* OccurrenceDetailsViewController.m */ = {isa = PBXFileReference; fileEncoding = 4; lastKnownFileType = sourcecode.c.objc; path = OccurrenceDetailsViewController.m; sourceTree = "<group>"; };
		A1EA131519265B4900449327 /* ProfileViewController.h */ = {isa = PBXFileReference; fileEncoding = 4; lastKnownFileType = sourcecode.c.h; path = ProfileViewController.h; sourceTree = "<group>"; };
		A1EA131619265B4900449327 /* ProfileViewController.m */ = {isa = PBXFileReference; fileEncoding = 4; lastKnownFileType = sourcecode.c.objc; path = ProfileViewController.m; sourceTree = "<group>"; };
		A1EA131719265B4900449327 /* SidebarViewController.h */ = {isa = PBXFileReference; fileEncoding = 4; lastKnownFileType = sourcecode.c.h; path = SidebarViewController.h; sourceTree = "<group>"; };
		A1EA131819265B4900449327 /* SidebarViewController.m */ = {isa = PBXFileReference; fileEncoding = 4; lastKnownFileType = sourcecode.c.objc; path = SidebarViewController.m; sourceTree = "<group>"; };
		A1EA131919265B4900449327 /* TaxonInfoViewController.h */ = {isa = PBXFileReference; fileEncoding = 4; lastKnownFileType = sourcecode.c.h; path = TaxonInfoViewController.h; sourceTree = "<group>"; };
		A1EA131A19265B4900449327 /* TaxonInfoViewController.m */ = {isa = PBXFileReference; fileEncoding = 4; lastKnownFileType = sourcecode.c.objc; path = TaxonInfoViewController.m; sourceTree = "<group>"; };
		A1EA131B19265B4900449327 /* TripsViewController.h */ = {isa = PBXFileReference; fileEncoding = 4; lastKnownFileType = sourcecode.c.h; path = TripsViewController.h; sourceTree = "<group>"; };
		A1EA131C19265B4900449327 /* TripsViewController.m */ = {isa = PBXFileReference; fileEncoding = 4; lastKnownFileType = sourcecode.c.objc; path = TripsViewController.m; sourceTree = "<group>"; };
		A1EA132C19265B5200449327 /* MKPolygon+WKTParser.h */ = {isa = PBXFileReference; fileEncoding = 4; lastKnownFileType = sourcecode.c.h; path = "MKPolygon+WKTParser.h"; sourceTree = "<group>"; };
		A1EA132D19265B5200449327 /* MKPolygon+WKTParser.m */ = {isa = PBXFileReference; fileEncoding = 4; lastKnownFileType = sourcecode.c.objc; path = "MKPolygon+WKTParser.m"; sourceTree = "<group>"; };
		A1EA132E19265B5200449327 /* NSCountedSet+Sorting.h */ = {isa = PBXFileReference; fileEncoding = 4; lastKnownFileType = sourcecode.c.h; path = "NSCountedSet+Sorting.h"; sourceTree = "<group>"; };
		A1EA132F19265B5200449327 /* NSCountedSet+Sorting.m */ = {isa = PBXFileReference; fileEncoding = 4; lastKnownFileType = sourcecode.c.objc; path = "NSCountedSet+Sorting.m"; sourceTree = "<group>"; };
		A1EA133019265B5200449327 /* NSDictionary+Filtering.h */ = {isa = PBXFileReference; fileEncoding = 4; lastKnownFileType = sourcecode.c.h; path = "NSDictionary+Filtering.h"; sourceTree = "<group>"; };
		A1EA133119265B5200449327 /* NSDictionary+Filtering.m */ = {isa = PBXFileReference; fileEncoding = 4; lastKnownFileType = sourcecode.c.objc; path = "NSDictionary+Filtering.m"; sourceTree = "<group>"; };
		A1EA133219265B5200449327 /* NSString+UtilityMethods.h */ = {isa = PBXFileReference; fileEncoding = 4; lastKnownFileType = sourcecode.c.h; path = "NSString+UtilityMethods.h"; sourceTree = "<group>"; };
		A1EA133319265B5200449327 /* NSString+UtilityMethods.m */ = {isa = PBXFileReference; fileEncoding = 4; lastKnownFileType = sourcecode.c.objc; path = "NSString+UtilityMethods.m"; sourceTree = "<group>"; };
		A1EA133419265B5200449327 /* UILabel+Appearance.h */ = {isa = PBXFileReference; fileEncoding = 4; lastKnownFileType = sourcecode.c.h; path = "UILabel+Appearance.h"; sourceTree = "<group>"; };
		A1EA133519265B5200449327 /* UILabel+Appearance.m */ = {isa = PBXFileReference; fileEncoding = 4; lastKnownFileType = sourcecode.c.objc; path = "UILabel+Appearance.m"; sourceTree = "<group>"; };
		A1EA133619265B5200449327 /* UIView+Colors.h */ = {isa = PBXFileReference; fileEncoding = 4; lastKnownFileType = sourcecode.c.h; path = "UIView+Colors.h"; sourceTree = "<group>"; };
		A1EA133719265B5200449327 /* UIView+Colors.m */ = {isa = PBXFileReference; fileEncoding = 4; lastKnownFileType = sourcecode.c.objc; path = "UIView+Colors.m"; sourceTree = "<group>"; };
		A1EA133819265B5200449327 /* UIView+UtilityMethods.h */ = {isa = PBXFileReference; fileEncoding = 4; lastKnownFileType = sourcecode.c.h; path = "UIView+UtilityMethods.h"; sourceTree = "<group>"; };
		A1EA133919265B5200449327 /* UIView+UtilityMethods.m */ = {isa = PBXFileReference; fileEncoding = 4; lastKnownFileType = sourcecode.c.objc; path = "UIView+UtilityMethods.m"; sourceTree = "<group>"; };
		A1EA134219265B5D00449327 /* GBIFCommunicator.h */ = {isa = PBXFileReference; fileEncoding = 4; lastKnownFileType = sourcecode.c.h; path = GBIFCommunicator.h; sourceTree = "<group>"; };
		A1EA134319265B5D00449327 /* GBIFCommunicator.m */ = {isa = PBXFileReference; fileEncoding = 4; lastKnownFileType = sourcecode.c.objc; path = GBIFCommunicator.m; sourceTree = "<group>"; };
		A1EA134419265B5D00449327 /* GBIFCommunicatorDelegate.h */ = {isa = PBXFileReference; fileEncoding = 4; lastKnownFileType = sourcecode.c.h; path = GBIFCommunicatorDelegate.h; sourceTree = "<group>"; };
		A1EA134519265B5D00449327 /* GBIFCommunicatorMock.h */ = {isa = PBXFileReference; fileEncoding = 4; lastKnownFileType = sourcecode.c.h; path = GBIFCommunicatorMock.h; sourceTree = "<group>"; };
		A1EA134619265B5D00449327 /* GBIFCommunicatorMock.m */ = {isa = PBXFileReference; fileEncoding = 4; lastKnownFileType = sourcecode.c.objc; path = GBIFCommunicatorMock.m; sourceTree = "<group>"; };
		A1EA134719265B5D00449327 /* GBIFManager.h */ = {isa = PBXFileReference; fileEncoding = 4; lastKnownFileType = sourcecode.c.h; path = GBIFManager.h; sourceTree = "<group>"; };
		A1EA134819265B5D00449327 /* GBIFManager.m */ = {isa = PBXFileReference; fileEncoding = 4; lastKnownFileType = sourcecode.c.objc; path = GBIFManager.m; sourceTree = "<group>"; };
		A1EA134919265B5D00449327 /* GBIFManagerDelegate.h */ = {isa = PBXFileReference; fileEncoding = 4; lastKnownFileType = sourcecode.c.h; path = GBIFManagerDelegate.h; sourceTree = "<group>"; };
		A1EA134A19265B5D00449327 /* ImageCache.h */ = {isa = PBXFileReference; fileEncoding = 4; lastKnownFileType = sourcecode.c.h; path = ImageCache.h; sourceTree = "<group>"; };
		A1EA134B19265B5D00449327 /* ImageCache.m */ = {isa = PBXFileReference; fileEncoding = 4; lastKnownFileType = sourcecode.c.objc; path = ImageCache.m; sourceTree = "<group>"; };
		A1EA134C19265B5D00449327 /* INatManager.h */ = {isa = PBXFileReference; fileEncoding = 4; lastKnownFileType = sourcecode.c.h; path = INatManager.h; sourceTree = "<group>"; };
		A1EA134D19265B5D00449327 /* INatManager.m */ = {isa = PBXFileReference; fileEncoding = 4; lastKnownFileType = sourcecode.c.objc; path = INatManager.m; sourceTree = "<group>"; };
		A1EA134E19265B5D00449327 /* INatManagerDelegate.h */ = {isa = PBXFileReference; fileEncoding = 4; lastKnownFileType = sourcecode.c.h; path = INatManagerDelegate.h; sourceTree = "<group>"; };
		A1EA134F19265B5D00449327 /* TripsDataManager.h */ = {isa = PBXFileReference; fileEncoding = 4; lastKnownFileType = sourcecode.c.h; path = TripsDataManager.h; sourceTree = "<group>"; };
		A1EA135019265B5D00449327 /* TripsDataManager.m */ = {isa = PBXFileReference; fileEncoding = 4; lastKnownFileType = sourcecode.c.objc; path = TripsDataManager.m; sourceTree = "<group>"; };
		A1EA13F3192D5A6300449327 /* LoginManager.h */ = {isa = PBXFileReference; fileEncoding = 4; lastKnownFileType = sourcecode.c.h; path = LoginManager.h; sourceTree = "<group>"; };
		A1EA13F4192D5A6300449327 /* LoginManager.m */ = {isa = PBXFileReference; fileEncoding = 4; lastKnownFileType = sourcecode.c.objc; path = LoginManager.m; sourceTree = "<group>"; };
		A1EA13F6192DFD7D00449327 /* ProfileTableViewController.h */ = {isa = PBXFileReference; fileEncoding = 4; lastKnownFileType = sourcecode.c.h; path = ProfileTableViewController.h; sourceTree = "<group>"; };
		A1EA13F7192DFD7D00449327 /* ProfileTableViewController.m */ = {isa = PBXFileReference; fileEncoding = 4; lastKnownFileType = sourcecode.c.objc; path = ProfileTableViewController.m; sourceTree = "<group>"; };
		A1EA208F18B4F7AB00200D50 /* BioCaching.app */ = {isa = PBXFileReference; explicitFileType = wrapper.application; includeInIndex = 0; path = BioCaching.app; sourceTree = BUILT_PRODUCTS_DIR; };
		A1EA209218B4F7AB00200D50 /* Foundation.framework */ = {isa = PBXFileReference; lastKnownFileType = wrapper.framework; name = Foundation.framework; path = System/Library/Frameworks/Foundation.framework; sourceTree = SDKROOT; };
		A1EA209418B4F7AB00200D50 /* CoreGraphics.framework */ = {isa = PBXFileReference; lastKnownFileType = wrapper.framework; name = CoreGraphics.framework; path = System/Library/Frameworks/CoreGraphics.framework; sourceTree = SDKROOT; };
		A1EA209618B4F7AB00200D50 /* UIKit.framework */ = {isa = PBXFileReference; lastKnownFileType = wrapper.framework; name = UIKit.framework; path = System/Library/Frameworks/UIKit.framework; sourceTree = SDKROOT; };
		A1EA209A18B4F7AB00200D50 /* BioCaching-Info.plist */ = {isa = PBXFileReference; lastKnownFileType = text.plist.xml; path = "BioCaching-Info.plist"; sourceTree = "<group>"; };
		A1EA209C18B4F7AB00200D50 /* en */ = {isa = PBXFileReference; lastKnownFileType = text.plist.strings; name = en; path = en.lproj/InfoPlist.strings; sourceTree = "<group>"; };
		A1EA209E18B4F7AB00200D50 /* main.m */ = {isa = PBXFileReference; lastKnownFileType = sourcecode.c.objc; path = main.m; sourceTree = "<group>"; };
		A1EA20A018B4F7AB00200D50 /* BioCaching-Prefix.pch */ = {isa = PBXFileReference; lastKnownFileType = sourcecode.c.h; path = "BioCaching-Prefix.pch"; sourceTree = "<group>"; };
		A1EA20A118B4F7AB00200D50 /* AppDelegate.h */ = {isa = PBXFileReference; lastKnownFileType = sourcecode.c.h; path = AppDelegate.h; sourceTree = "<group>"; };
		A1EA20A218B4F7AB00200D50 /* AppDelegate.m */ = {isa = PBXFileReference; lastKnownFileType = sourcecode.c.objc; path = AppDelegate.m; sourceTree = "<group>"; };
		A1EA20CE18B4F7ED00200D50 /* MapKit.framework */ = {isa = PBXFileReference; lastKnownFileType = wrapper.framework; name = MapKit.framework; path = System/Library/Frameworks/MapKit.framework; sourceTree = SDKROOT; };
		A1EA6CD518D0BFD5002FCDDD /* OccurrenceResultsAP.json */ = {isa = PBXFileReference; fileEncoding = 4; lastKnownFileType = text.json; name = OccurrenceResultsAP.json; path = Resources/TestData/OccurrenceResultsAP.json; sourceTree = "<group>"; };
		A1EA6CD918D1B278002FCDDD /* config.h */ = {isa = PBXFileReference; lastKnownFileType = sourcecode.c.h; path = config.h; sourceTree = "<group>"; };
		A1EB226A1923961F005650D9 /* CoreData.framework */ = {isa = PBXFileReference; lastKnownFileType = wrapper.framework; name = CoreData.framework; path = System/Library/Frameworks/CoreData.framework; sourceTree = SDKROOT; };
		A1EE9C4E196F4AAF00D51972 /* BCRestKitJsonParser.h */ = {isa = PBXFileReference; fileEncoding = 4; lastKnownFileType = sourcecode.c.h; path = BCRestKitJsonParser.h; sourceTree = "<group>"; };
		A1EE9C4F196F4AAF00D51972 /* BCRestKitJsonParser.m */ = {isa = PBXFileReference; fileEncoding = 4; lastKnownFileType = sourcecode.c.objc; path = BCRestKitJsonParser.m; sourceTree = "<group>"; };
		A1F0511019588F2D008569AB /* INatTaxon.h */ = {isa = PBXFileReference; fileEncoding = 4; lastKnownFileType = sourcecode.c.h; path = INatTaxon.h; sourceTree = "<group>"; };
		A1F0511119588F2D008569AB /* INatTaxon.m */ = {isa = PBXFileReference; fileEncoding = 4; lastKnownFileType = sourcecode.c.objc; path = INatTaxon.m; sourceTree = "<group>"; };
		A1F0511319588F3F008569AB /* _INatTaxon.h */ = {isa = PBXFileReference; fileEncoding = 4; lastKnownFileType = sourcecode.c.h; path = _INatTaxon.h; sourceTree = "<group>"; };
		A1F0511419588F3F008569AB /* _INatTaxon.m */ = {isa = PBXFileReference; fileEncoding = 4; lastKnownFileType = sourcecode.c.objc; path = _INatTaxon.m; sourceTree = "<group>"; };
		A1F05116195AEF20008569AB /* INatTaxonPhoto.h */ = {isa = PBXFileReference; fileEncoding = 4; lastKnownFileType = sourcecode.c.h; path = INatTaxonPhoto.h; sourceTree = "<group>"; };
		A1F05117195AEF20008569AB /* INatTaxonPhoto.m */ = {isa = PBXFileReference; fileEncoding = 4; lastKnownFileType = sourcecode.c.objc; path = INatTaxonPhoto.m; sourceTree = "<group>"; };
		A1F05119195AEF2E008569AB /* _INatTaxonPhoto.h */ = {isa = PBXFileReference; fileEncoding = 4; lastKnownFileType = sourcecode.c.h; path = _INatTaxonPhoto.h; sourceTree = "<group>"; };
		A1F0511A195AEF2E008569AB /* _INatTaxonPhoto.m */ = {isa = PBXFileReference; fileEncoding = 4; lastKnownFileType = sourcecode.c.objc; path = _INatTaxonPhoto.m; sourceTree = "<group>"; };
		A1F2E12C190161110010B647 /* .gitignore */ = {isa = PBXFileReference; fileEncoding = 4; lastKnownFileType = text; path = .gitignore; sourceTree = "<group>"; };
		F438E4ED526F4BA7AB5770BF /* Pods.xcconfig */ = {isa = PBXFileReference; includeInIndex = 1; lastKnownFileType = text.xcconfig; name = Pods.xcconfig; path = Pods/Pods.xcconfig; sourceTree = "<group>"; };
/* End PBXFileReference section */

/* Begin PBXFrameworksBuildPhase section */
		A1EA208C18B4F7AB00200D50 /* Frameworks */ = {
			isa = PBXFrameworksBuildPhase;
			buildActionMask = 2147483647;
			files = (
				A1727B2B198BF37800150952 /* libxml2.dylib in Frameworks */,
				A1D5DDE618C7BAB900FA005B /* libsqlite3.dylib in Frameworks */,
				A1D5DDE418C7BAA500FA005B /* libz.dylib in Frameworks */,
				A15346E11962D53600E1C63F /* libFlurry_4.3.2.a in Frameworks */,
				A17BAE3C1961532B004B1C37 /* MapKit.framework in Frameworks */,
				A1EB226B1923961F005650D9 /* CoreData.framework in Frameworks */,
				A1D5DD9218C61D0F00FA005B /* Security.framework in Frameworks */,
				A1D5DD9018C61D0300FA005B /* SystemConfiguration.framework in Frameworks */,
				A1EA6CA818CDC24A002FCDDD /* CoreGraphics.framework in Frameworks */,
				A1EA209718B4F7AB00200D50 /* UIKit.framework in Frameworks */,
				A1EA209318B4F7AB00200D50 /* Foundation.framework in Frameworks */,
				A15346E71962D53600E1C63F /* libLocalyticsAMP_x64.a in Frameworks */,
				B338778CE5E9420C93C92294 /* libPods.a in Frameworks */,
			);
			runOnlyForDeploymentPostprocessing = 0;
		};
/* End PBXFrameworksBuildPhase section */

/* Begin PBXGroup section */
		A15346901962D53600E1C63F /* Libraries */ = {
			isa = PBXGroup;
			children = (
				A1727B1E19869C8000150952 /* TDBadgedCell */,
				A1C524551971B5510002686A /* Reachability */,
				A15346911962D53600E1C63F /* Flurry */,
				A15346941962D53600E1C63F /* ionicons */,
				A153469B1962D53600E1C63F /* Localytics */,
				A15346DE1962D53600E1C63F /* SWRevealViewController */,
			);
			path = Libraries;
			sourceTree = "<group>";
		};
		A15346911962D53600E1C63F /* Flurry */ = {
			isa = PBXGroup;
			children = (
				A15346921962D53600E1C63F /* Flurry.h */,
				A15346931962D53600E1C63F /* libFlurry_4.3.2.a */,
			);
			path = Flurry;
			sourceTree = "<group>";
		};
		A15346941962D53600E1C63F /* ionicons */ = {
			isa = PBXGroup;
			children = (
				A15346951962D53600E1C63F /* ionicons-codes.h */,
				A15346961962D53600E1C63F /* IonIcons.h */,
				A15346971962D53600E1C63F /* IonIcons.m */,
				A15346981962D53600E1C63F /* ionicons.ttf */,
				A15346991962D53600E1C63F /* LICENSE */,
				A153469A1962D53600E1C63F /* README.md */,
			);
			path = ionicons;
			sourceTree = "<group>";
		};
		A153469B1962D53600E1C63F /* Localytics */ = {
			isa = PBXGroup;
			children = (
				A153469C1962D53600E1C63F /* iOSa_2.23.0.version */,
				A153469D1962D53600E1C63F /* libLocalyticsAMP_x64.a */,
				A153469E1962D53600E1C63F /* LICENSE */,
				A153469F1962D53600E1C63F /* LocalyticsAmpSession.h */,
				A15346A01962D53600E1C63F /* LocalyticsSession.h */,
			);
			path = Localytics;
			sourceTree = "<group>";
		};
		A15346DE1962D53600E1C63F /* SWRevealViewController */ = {
			isa = PBXGroup;
			children = (
				A15346DF1962D53600E1C63F /* SWRevealViewController.h */,
				A15346E01962D53600E1C63F /* SWRevealViewController.m */,
			);
			path = SWRevealViewController;
			sourceTree = "<group>";
		};
		A1727B1E19869C8000150952 /* TDBadgedCell */ = {
			isa = PBXGroup;
			children = (
				A1727B1F19869C8000150952 /* TDBadgedCell.h */,
				A1727B2019869C8000150952 /* TDBadgedCell.m */,
			);
			path = TDBadgedCell;
			sourceTree = "<group>";
		};
		A176287E194719F900DD69DB /* ManagedObjects */ = {
			isa = PBXGroup;
			children = (
				A176288319471A6700DD69DB /* mogen_script.sh */,
				A17628BF19471BA500DD69DB /* ManagedObjects.h */,
				A1EE9C4E196F4AAF00D51972 /* BCRestKitJsonParser.h */,
				A1EE9C4F196F4AAF00D51972 /* BCRestKitJsonParser.m */,
				A17628B019471BA500DD69DB /* Generated */,
				A17BAE39195DC6B9004B1C37 /* BCManagedObject.h */,
				A17BAE3A195DC6B9004B1C37 /* BCManagedObject.m */,
				A17628B919471BA500DD69DB /* INatTrip.h */,
				A17628BA19471BA500DD69DB /* INatTrip.m */,
				A17628BB19471BA500DD69DB /* INatTripTaxaAttribute.h */,
				A17628BC19471BA500DD69DB /* INatTripTaxaAttribute.m */,
				A17628BD19471BA500DD69DB /* INatTripTaxaPurpose.h */,
				A17628BE19471BA500DD69DB /* INatTripTaxaPurpose.m */,
				A1F0511019588F2D008569AB /* INatTaxon.h */,
				A1F0511119588F2D008569AB /* INatTaxon.m */,
				A1F05116195AEF20008569AB /* INatTaxonPhoto.h */,
				A1F05117195AEF20008569AB /* INatTaxonPhoto.m */,
				A15347241965BE8300E1C63F /* INatObservation.h */,
				A15347251965BE8300E1C63F /* INatObservation.m */,
				A15347261965BE8300E1C63F /* INatObservationPhoto.h */,
				A15347271965BE8300E1C63F /* INatObservationPhoto.m */,
				A17BAE33195DBBA2004B1C37 /* OccurrenceRecord.h */,
				A17BAE34195DBBA2004B1C37 /* OccurrenceRecord.m */,
			);
			path = ManagedObjects;
			sourceTree = "<group>";
		};
		A17628B019471BA500DD69DB /* Generated */ = {
			isa = PBXGroup;
			children = (
				A153471E1965BE7800E1C63F /* _INatObservation.h */,
				A153471F1965BE7800E1C63F /* _INatObservation.m */,
				A15347201965BE7800E1C63F /* _INatObservationPhoto.h */,
				A15347211965BE7800E1C63F /* _INatObservationPhoto.m */,
				A17BAE36195DC6AD004B1C37 /* _BCManagedObject.h */,
				A17BAE37195DC6AD004B1C37 /* _BCManagedObject.m */,
				A17628B319471BA500DD69DB /* _INatTrip.h */,
				A17628B419471BA500DD69DB /* _INatTrip.m */,
				A17628B519471BA500DD69DB /* _INatTripTaxaAttribute.h */,
				A17628B619471BA500DD69DB /* _INatTripTaxaAttribute.m */,
				A17628B719471BA500DD69DB /* _INatTripTaxaPurpose.h */,
				A17628B819471BA500DD69DB /* _INatTripTaxaPurpose.m */,
				A1F0511319588F3F008569AB /* _INatTaxon.h */,
				A1F0511419588F3F008569AB /* _INatTaxon.m */,
				A1F05119195AEF2E008569AB /* _INatTaxonPhoto.h */,
				A1F0511A195AEF2E008569AB /* _INatTaxonPhoto.m */,
				A17BAE30195DBB8A004B1C37 /* _OccurrenceRecord.h */,
				A17BAE31195DBB8A004B1C37 /* _OccurrenceRecord.m */,
			);
			path = Generated;
			sourceTree = "<group>";
		};
		A1C524551971B5510002686A /* Reachability */ = {
			isa = PBXGroup;
			children = (
				A1C524571971B5510002686A /* Reachability.h */,
				A1C524581971B5510002686A /* Reachability.m */,
			);
			path = Reachability;
			sourceTree = "<group>";
		};
		A1D5DCD118C10D1500FA005B /* TestData */ = {
			isa = PBXGroup;
			children = (
				A1C5245F197811B20002686A /* Finsbury Park1, London.gpx */,
				A1C52460197811B20002686A /* Finsbury Park2, London.gpx */,
				A1C52461197811B20002686A /* Finsbury Park3, London.gpx */,
				A1C52462197811B20002686A /* Finsbury Park4, London.gpx */,
				A13B8F2118F75AAE000C522B /* OccurrenceResultsCASFilterv0.9.json */,
				A13B8F2218F75AAE000C522B /* OccurrenceResultsCASFilterv1.0.json */,
				A13B8F2318F75AAE000C522B /* OccurrenceResultsCASv0.9.json */,
				A13B8F2418F75AAE000C522B /* OccurrenceResultsCASv1.0.json */,
				A12B63B718EC5AED00F9C4C0 /* 2783288252_6f21bf941c.jpg */,
				A1EA6CD518D0BFD5002FCDDD /* OccurrenceResultsAP.json */,
				A1D5DD8318C61B6A00FA005B /* Alexandra Park, London.gpx */,
				A1D5DD8418C61B6A00FA005B /* Exe Estuary MPA, UK.gpx */,
				A1D5DD8518C61B6A00FA005B /* GoldenGate Park, CA.gpx */,
				A1D5DD8618C61B6A00FA005B /* Lafayette Reservoir, CA.gpx */,
				A1D5DD8718C61B6A00FA005B /* Pepperwood Preserve, CA.gpx */,
				A1D5DD8818C61B6A00FA005B /* White House, DC.gpx */,
				A162FD3A18D7060F00362A0A /* Genovesa, Galapagos.gpx */,
				A162FD3C18D7075B00362A0A /* Tortuga Bay, Santa Cruz, Galapagos.gpx */,
				A162FD3E18D708FD00362A0A /* Seymour Norte, Galapagos.gpx */,
			);
			name = TestData;
			sourceTree = "<group>";
		};
		A1EA12C11926562A00449327 /* Model */ = {
			isa = PBXGroup;
			children = (
				A176287E194719F900DD69DB /* ManagedObjects */,
				A1EA12C61926562A00449327 /* BCOptions.h */,
				A1EA12C71926562A00449327 /* BCOptions.m */,
				A1EA12C81926562A00449327 /* DisplayOptions.h */,
				A1EA12C91926562A00449327 /* DisplayOptions.m */,
				A1EA12DB1926562A00449327 /* SearchOptions.h */,
				A1EA12DC1926562A00449327 /* SearchOptions.m */,
				A1EA12CA1926562A00449327 /* GBIFOccurrence.h */,
				A1EA12CB1926562A00449327 /* GBIFOccurrence.m */,
				A1EA12CC1926562A00449327 /* GBIFOccurrenceResults.h */,
				A1EA12CD1926562A00449327 /* GBIFOccurrenceResults.m */,
				A1EA12D31926562A00449327 /* LocationsArray.h */,
				A1EA12D41926562A00449327 /* LocationsArray.m */,
				A1C5245C1977EE170002686A /* APIOptions.h */,
				A1EA12D71926562A00449327 /* OptionsRecordType.h */,
				A1EA12D81926562A00449327 /* OptionsRecordType.m */,
				A1EA12D51926562A00449327 /* OptionsRecordSource.h */,
				A1EA12D61926562A00449327 /* OptionsRecordSource.m */,
				A1EA12D91926562A00449327 /* OptionsSpeciesFilter.h */,
				A1EA12DA1926562A00449327 /* OptionsSpeciesFilter.m */,
			);
			path = Model;
			sourceTree = "<group>";
		};
		A1EA12ED19265A2500449327 /* View */ = {
			isa = PBXGroup;
			children = (
				A1EA12EE19265A2500449327 /* CrossHairView.h */,
				A1EA12EF19265A2500449327 /* CrossHairView.m */,
				A1EA12F019265A2500449327 /* CustomEmbedSegue.h */,
				A1EA12F119265A2500449327 /* CustomEmbedSegue.m */,
				A1EA12F219265A2500449327 /* MapViewLayoutGuide.h */,
				A1EA12F319265A2500449327 /* TaxonListCell.h */,
				A1EA12F419265A2500449327 /* TaxonListCell.m */,
				A1BEE392196AB69000297526 /* TripListCell.h */,
				A1BEE393196AB69000297526 /* TripListCell.m */,
				A1EA12F719265A2500449327 /* UIColor+Defaults.h */,
				A1EA12F819265A2500449327 /* UIColor+Defaults.m */,
				A17628701937385400DD69DB /* BCButton.h */,
				A17628711937385400DD69DB /* BCButton.m */,
			);
			path = View;
			sourceTree = "<group>";
		};
		A1EA12FE19265B4900449327 /* Controller */ = {
			isa = PBXGroup;
			children = (
				A1EA131719265B4900449327 /* SidebarViewController.h */,
				A1EA131819265B4900449327 /* SidebarViewController.m */,
				A1EA131119265B4900449327 /* MainViewController.h */,
				A1EA131219265B4900449327 /* MainViewController.m */,
				A1EA130319265B4900449327 /* DropDownViewDelegate.h */,
				A1EA130119265B4900449327 /* DropDownViewController.h */,
				A1EA130219265B4900449327 /* DropDownViewController.m */,
				A1EA130419265B4900449327 /* ExploreContainerViewController.h */,
				A1EA130519265B4900449327 /* ExploreContainerViewController.m */,
				A1EA130819265B4900449327 /* ExploreMapViewController.h */,
				A1EA130919265B4900449327 /* ExploreMapViewController.m */,
				A15347031962E5E300E1C63F /* PreTripMapViewController.h */,
				A15347041962E5E300E1C63F /* PreTripMapViewController.m */,
				A1EA130619265B4900449327 /* ExploreListViewController.h */,
				A1EA130719265B4900449327 /* ExploreListViewController.m */,
				A1EA130F19265B4900449327 /* ExploreSummaryViewController.h */,
				A1EA131019265B4900449327 /* ExploreSummaryViewController.m */,
				A1EA130D19265B4900449327 /* ExploreSummaryTableViewController.h */,
				A1EA130E19265B4900449327 /* ExploreSummaryTableViewController.m */,
				A1EA130A19265B4900449327 /* ExploreOptionsDelegate.h */,
				A1EA130B19265B4900449327 /* ExploreOptionsViewController.h */,
				A1EA130C19265B4900449327 /* ExploreOptionsViewController.m */,
				A1EA131319265B4900449327 /* OccurrenceDetailsViewController.h */,
				A1EA131419265B4900449327 /* OccurrenceDetailsViewController.m */,
				A1EA131919265B4900449327 /* TaxonInfoViewController.h */,
				A1EA131A19265B4900449327 /* TaxonInfoViewController.m */,
				A1EA131B19265B4900449327 /* TripsViewController.h */,
				A1EA131C19265B4900449327 /* TripsViewController.m */,
				A1EA131519265B4900449327 /* ProfileViewController.h */,
				A1EA131619265B4900449327 /* ProfileViewController.m */,
				A1EA13F6192DFD7D00449327 /* ProfileTableViewController.h */,
				A1EA13F7192DFD7D00449327 /* ProfileTableViewController.m */,
				A1EA12FF19265B4900449327 /* BCWebViewController.h */,
				A1EA130019265B4900449327 /* BCWebViewController.m */,
				A1464510195074F4005C1107 /* ObservationViewController.h */,
				A1464511195074F4005C1107 /* ObservationViewController.m */,
				A15347151964730C00E1C63F /* AboutViewController.h */,
				A15347161964730C00E1C63F /* AboutViewController.m */,
			);
			path = Controller;
			sourceTree = "<group>";
		};
		A1EA132B19265B5200449327 /* Categories */ = {
			isa = PBXGroup;
			children = (
				A1EA132C19265B5200449327 /* MKPolygon+WKTParser.h */,
				A1EA132D19265B5200449327 /* MKPolygon+WKTParser.m */,
				A1EA132E19265B5200449327 /* NSCountedSet+Sorting.h */,
				A1EA132F19265B5200449327 /* NSCountedSet+Sorting.m */,
				A1EA133019265B5200449327 /* NSDictionary+Filtering.h */,
				A1EA133119265B5200449327 /* NSDictionary+Filtering.m */,
				A1EA133219265B5200449327 /* NSString+UtilityMethods.h */,
				A1EA133319265B5200449327 /* NSString+UtilityMethods.m */,
				A1EA133419265B5200449327 /* UILabel+Appearance.h */,
				A1EA133519265B5200449327 /* UILabel+Appearance.m */,
				A1EA133619265B5200449327 /* UIView+Colors.h */,
				A1EA133719265B5200449327 /* UIView+Colors.m */,
				A1EA133819265B5200449327 /* UIView+UtilityMethods.h */,
				A1EA133919265B5200449327 /* UIView+UtilityMethods.m */,
				A176286D1937359500DD69DB /* UIImage+Colors.h */,
				A176286E1937359500DD69DB /* UIImage+Colors.m */,
				A17628C81947274A00DD69DB /* NSDate+Formatting.h */,
				A17628C91947274A00DD69DB /* NSDate+Formatting.m */,
				A15347181964790300E1C63F /* NSUserDefaults+CounterValues.h */,
				A15347191964790300E1C63F /* NSUserDefaults+CounterValues.m */,
				A119199619661E4E003B15F7 /* CLLocation+Formatting.h */,
				A119199719661E4E003B15F7 /* CLLocation+Formatting.m */,
			);
			path = Categories;
			sourceTree = "<group>";
		};
		A1EA134119265B5D00449327 /* Helpers */ = {
			isa = PBXGroup;
			children = (
				A1EA13F3192D5A6300449327 /* LoginManager.h */,
				A1EA13F4192D5A6300449327 /* LoginManager.m */,
				A1762873193DEF9C00DD69DB /* ExploreDataManager.h */,
				A1762874193DEF9C00DD69DB /* ExploreDataManager.m */,
				A17628791940A5C100DD69DB /* ExploreDataManagerDelegate.h */,
				A1EA134F19265B5D00449327 /* TripsDataManager.h */,
				A1EA135019265B5D00449327 /* TripsDataManager.m */,
				A1CD979819618E8900582BF0 /* TripsDataManagerDelegate.h */,
				A1EA134219265B5D00449327 /* GBIFCommunicator.h */,
				A1EA134319265B5D00449327 /* GBIFCommunicator.m */,
				A1EA134419265B5D00449327 /* GBIFCommunicatorDelegate.h */,
				A1EA134519265B5D00449327 /* GBIFCommunicatorMock.h */,
				A1EA134619265B5D00449327 /* GBIFCommunicatorMock.m */,
				A1EA134719265B5D00449327 /* GBIFManager.h */,
				A1EA134819265B5D00449327 /* GBIFManager.m */,
				A1EA134919265B5D00449327 /* GBIFManagerDelegate.h */,
				A1EA134A19265B5D00449327 /* ImageCache.h */,
				A1EA134B19265B5D00449327 /* ImageCache.m */,
				A1EA134C19265B5D00449327 /* INatManager.h */,
				A1EA134D19265B5D00449327 /* INatManager.m */,
				A1EA134E19265B5D00449327 /* INatManagerDelegate.h */,
				A17628D3194F08CD00DD69DB /* BCAlerts.h */,
				A17628D4194F08CD00DD69DB /* BCAlerts.m */,
				A1C52443197033030002686A /* ImageManager.h */,
				A1C52444197033030002686A /* ImageManager.m */,
				A1C524521971AA3F0002686A /* ConnectionHelper.h */,
				A1C524531971AA3F0002686A /* ConnectionHelper.m */,
				A119199319660F7D003B15F7 /* BCLocationManager.h */,
				A119199419660F7D003B15F7 /* BCLocationManager.m */,
			);
			path = Helpers;
			sourceTree = "<group>";
		};
		A1EA208618B4F7AB00200D50 = {
			isa = PBXGroup;
			children = (
				A1875DFC18FD4A36001DC029 /* Podfile */,
				A1F2E12C190161110010B647 /* .gitignore */,
				A17628CB1947425000DD69DB /* TaskList.txt */,
				A1EA209818B4F7AB00200D50 /* BioCaching */,
				A15346901962D53600E1C63F /* Libraries */,
				A1EA209118B4F7AB00200D50 /* Frameworks */,
				A1D5DDE518C7BAB900FA005B /* libsqlite3.dylib */,
				A1D5DDE318C7BAA500FA005B /* libz.dylib */,
				A1EA209018B4F7AB00200D50 /* Products */,
				A1D5DCD118C10D1500FA005B /* TestData */,
				F438E4ED526F4BA7AB5770BF /* Pods.xcconfig */,
			);
			sourceTree = "<group>";
		};
		A1EA209018B4F7AB00200D50 /* Products */ = {
			isa = PBXGroup;
			children = (
				A1EA208F18B4F7AB00200D50 /* BioCaching.app */,
			);
			name = Products;
			sourceTree = "<group>";
		};
		A1EA209118B4F7AB00200D50 /* Frameworks */ = {
			isa = PBXGroup;
			children = (
				A1727B28198BF31100150952 /* CoreText.framework */,
				A1727B25198BF2F800150952 /* ImageIO.framework */,
				A1727B23198BF2E800150952 /* libxml2.dylib */,
				A153471319641D2A00E1C63F /* AudioToolbox.framework */,
				A15347111964154E00E1C63F /* StoreKit.framework */,
				A153470F1964153800E1C63F /* QuartzCore.framework */,
				A153470D1964152D00E1C63F /* MobileCoreServices.framework */,
				A153470B1964150D00E1C63F /* CFNetwork.framework */,
				A1534709196414FA00E1C63F /* CoreLocation.framework */,
				A1EB226A1923961F005650D9 /* CoreData.framework */,
				A1D9A13318E3696A006C1988 /* Reveal.framework */,
				A1D5DD9118C61D0F00FA005B /* Security.framework */,
				A1D5DD8F18C61D0300FA005B /* SystemConfiguration.framework */,
				A1EA20CE18B4F7ED00200D50 /* MapKit.framework */,
				A1EA209218B4F7AB00200D50 /* Foundation.framework */,
				A1EA209418B4F7AB00200D50 /* CoreGraphics.framework */,
				A1EA209618B4F7AB00200D50 /* UIKit.framework */,
				346CC70B6936431AB81A1540 /* libPods.a */,
			);
			name = Frameworks;
			sourceTree = "<group>";
		};
		A1EA209818B4F7AB00200D50 /* BioCaching */ = {
			isa = PBXGroup;
			children = (
				A1EA6CD918D1B278002FCDDD /* config.h */,
				A1875E3318FED8D2001DC029 /* constants.h */,
				A1EA20A018B4F7AB00200D50 /* BioCaching-Prefix.pch */,
				A1EA20A118B4F7AB00200D50 /* AppDelegate.h */,
				A1EA20A218B4F7AB00200D50 /* AppDelegate.m */,
				A1EA20A418B4F7AB00200D50 /* Main.storyboard */,
				A1C5244B197179D40002686A /* Images.xcassets */,
				A176288119471A6700DD69DB /* BioCaching.xcdatamodeld */,
				A1EA12C11926562A00449327 /* Model */,
				A1EA12ED19265A2500449327 /* View */,
				A1EA12FE19265B4900449327 /* Controller */,
				A1EA134119265B5D00449327 /* Helpers */,
				A1EA132B19265B5200449327 /* Categories */,
				A1EA209918B4F7AB00200D50 /* Supporting Files */,
			);
			path = BioCaching;
			sourceTree = "<group>";
		};
		A1EA209918B4F7AB00200D50 /* Supporting Files */ = {
			isa = PBXGroup;
			children = (
				A1EA209A18B4F7AB00200D50 /* BioCaching-Info.plist */,
				A1EA209B18B4F7AB00200D50 /* InfoPlist.strings */,
				A1EA209E18B4F7AB00200D50 /* main.m */,
			);
			name = "Supporting Files";
			sourceTree = "<group>";
		};
/* End PBXGroup section */

/* Begin PBXNativeTarget section */
		A1EA208E18B4F7AB00200D50 /* BioCaching */ = {
			isa = PBXNativeTarget;
			buildConfigurationList = A1EA20C418B4F7AC00200D50 /* Build configuration list for PBXNativeTarget "BioCaching" */;
			buildPhases = (
				79E172EAF14649B99F184C0E /* Check Pods Manifest.lock */,
				A1EA208B18B4F7AB00200D50 /* Sources */,
				A1EA208C18B4F7AB00200D50 /* Frameworks */,
				A1EA208D18B4F7AB00200D50 /* Resources */,
				AE1D03355F574D8CAE6E59C9 /* Copy Pods Resources */,
			);
			buildRules = (
			);
			dependencies = (
			);
			name = BioCaching;
			productName = BioCaching;
			productReference = A1EA208F18B4F7AB00200D50 /* BioCaching.app */;
			productType = "com.apple.product-type.application";
		};
/* End PBXNativeTarget section */

/* Begin PBXProject section */
		A1EA208718B4F7AB00200D50 /* Project object */ = {
			isa = PBXProject;
			attributes = {
				LastUpgradeCheck = 0500;
				ORGANIZATIONNAME = MPApps.net;
				TargetAttributes = {
					A1EA208E18B4F7AB00200D50 = {
						DevelopmentTeam = 6RCE4287C6;
						SystemCapabilities = {
							com.apple.iOS = {
								enabled = 1;
							};
						};
					};
				};
			};
			buildConfigurationList = A1EA208A18B4F7AB00200D50 /* Build configuration list for PBXProject "BioCaching" */;
			compatibilityVersion = "Xcode 3.2";
			developmentRegion = English;
			hasScannedForEncodings = 0;
			knownRegions = (
				en,
				Base,
			);
			mainGroup = A1EA208618B4F7AB00200D50;
			productRefGroup = A1EA209018B4F7AB00200D50 /* Products */;
			projectDirPath = "";
			projectRoot = "";
			targets = (
				A1EA208E18B4F7AB00200D50 /* BioCaching */,
			);
		};
/* End PBXProject section */

/* Begin PBXResourcesBuildPhase section */
		A1EA208D18B4F7AB00200D50 /* Resources */ = {
			isa = PBXResourcesBuildPhase;
			buildActionMask = 2147483647;
			files = (
				A1F2E12D190161110010B647 /* .gitignore in Resources */,
				A13B8F2618F75AAE000C522B /* OccurrenceResultsCASFilterv1.0.json in Resources */,
				A176288519471A6700DD69DB /* mogen_script.sh in Resources */,
				A17628CC1947425000DD69DB /* TaskList.txt in Resources */,
				A13B8F2818F75AAE000C522B /* OccurrenceResultsCASv1.0.json in Resources */,
				A1C52466197811B20002686A /* Finsbury Park4, London.gpx in Resources */,
				A1C5244C197179D40002686A /* Images.xcassets in Resources */,
				A15346E41962D53600E1C63F /* LICENSE in Resources */,
				A15346E51962D53600E1C63F /* README.md in Resources */,
				A1EA209D18B4F7AB00200D50 /* InfoPlist.strings in Resources */,
				A15346E31962D53600E1C63F /* ionicons.ttf in Resources */,
				A15346E61962D53600E1C63F /* iOSa_2.23.0.version in Resources */,
				A15346E81962D53600E1C63F /* LICENSE in Resources */,
				A1C52463197811B20002686A /* Finsbury Park1, London.gpx in Resources */,
				A1EA20A618B4F7AB00200D50 /* Main.storyboard in Resources */,
				A1875DFD18FD4A36001DC029 /* Podfile in Resources */,
				A1C52464197811B20002686A /* Finsbury Park2, London.gpx in Resources */,
				A1C52465197811B20002686A /* Finsbury Park3, London.gpx in Resources */,
			);
			runOnlyForDeploymentPostprocessing = 0;
		};
/* End PBXResourcesBuildPhase section */

/* Begin PBXShellScriptBuildPhase section */
		79E172EAF14649B99F184C0E /* Check Pods Manifest.lock */ = {
			isa = PBXShellScriptBuildPhase;
			buildActionMask = 2147483647;
			files = (
			);
			inputPaths = (
			);
			name = "Check Pods Manifest.lock";
			outputPaths = (
			);
			runOnlyForDeploymentPostprocessing = 0;
			shellPath = /bin/sh;
			shellScript = "diff \"${PODS_ROOT}/../Podfile.lock\" \"${PODS_ROOT}/Manifest.lock\" > /dev/null\nif [[ $? != 0 ]] ; then\n    cat << EOM\nerror: The sandbox is not in sync with the Podfile.lock. Run 'pod install' or update your CocoaPods installation.\nEOM\n    exit 1\nfi\n";
			showEnvVarsInLog = 0;
		};
		AE1D03355F574D8CAE6E59C9 /* Copy Pods Resources */ = {
			isa = PBXShellScriptBuildPhase;
			buildActionMask = 2147483647;
			files = (
			);
			inputPaths = (
			);
			name = "Copy Pods Resources";
			outputPaths = (
			);
			runOnlyForDeploymentPostprocessing = 0;
			shellPath = /bin/sh;
			shellScript = "\"${SRCROOT}/Pods/Pods-resources.sh\"\n";
			showEnvVarsInLog = 0;
		};
/* End PBXShellScriptBuildPhase section */

/* Begin PBXSourcesBuildPhase section */
		A1EA208B18B4F7AB00200D50 /* Sources */ = {
			isa = PBXSourcesBuildPhase;
			buildActionMask = 2147483647;
			files = (
				A1EA12E11926562A00449327 /* GBIFOccurrence.m in Sources */,
				A15346E21962D53600E1C63F /* IonIcons.m in Sources */,
				A17BAE32195DBB8A004B1C37 /* _OccurrenceRecord.m in Sources */,
				A1EA12F919265A2500449327 /* CrossHairView.m in Sources */,
				A119199819661E4E003B15F7 /* CLLocation+Formatting.m in Sources */,
				A17628C319471BA500DD69DB /* _INatTripTaxaAttribute.m in Sources */,
				A1EA131F19265B4900449327 /* ExploreContainerViewController.m in Sources */,
				A1F0511519588F3F008569AB /* _INatTaxon.m in Sources */,
				A1EA135619265B5D00449327 /* TripsDataManager.m in Sources */,
				A1EA132A19265B4900449327 /* TripsViewController.m in Sources */,
				A1EA135519265B5D00449327 /* INatManager.m in Sources */,
				A1C5245A1971B5510002686A /* Reachability.m in Sources */,
				A17628C419471BA500DD69DB /* _INatTripTaxaPurpose.m in Sources */,
				A15347221965BE7800E1C63F /* _INatObservation.m in Sources */,
				A15347291965BE8300E1C63F /* INatObservationPhoto.m in Sources */,
				A1762875193DEF9C00DD69DB /* ExploreDataManager.m in Sources */,
				A1EA132619265B4900449327 /* OccurrenceDetailsViewController.m in Sources */,
				A15347231965BE7800E1C63F /* _INatObservationPhoto.m in Sources */,
				A17BAE3B195DC6B9004B1C37 /* BCManagedObject.m in Sources */,
				A1EA12E51926562A00449327 /* LocationsArray.m in Sources */,
				A15347171964730C00E1C63F /* AboutViewController.m in Sources */,
				A17628721937385400DD69DB /* BCButton.m in Sources */,
				A1C524541971AA3F0002686A /* ConnectionHelper.m in Sources */,
				A1EA133C19265B5200449327 /* NSDictionary+Filtering.m in Sources */,
				A1EA12FA19265A2500449327 /* CustomEmbedSegue.m in Sources */,
				A17BAE38195DC6AD004B1C37 /* _BCManagedObject.m in Sources */,
				A1EA132919265B4900449327 /* TaxonInfoViewController.m in Sources */,
				A1EA135219265B5D00449327 /* GBIFCommunicatorMock.m in Sources */,
				A1EA133E19265B5200449327 /* UILabel+Appearance.m in Sources */,
				A119199519660F7D003B15F7 /* BCLocationManager.m in Sources */,
				A1464512195074F4005C1107 /* ObservationViewController.m in Sources */,
				A1EA132019265B4900449327 /* ExploreListViewController.m in Sources */,
				A1C52445197033030002686A /* ImageManager.m in Sources */,
				A17628C719471BA500DD69DB /* INatTripTaxaPurpose.m in Sources */,
				A1EA12FD19265A2500449327 /* UIColor+Defaults.m in Sources */,
				A1EA12E01926562A00449327 /* DisplayOptions.m in Sources */,
				A176288419471A6700DD69DB /* BioCaching.xcdatamodeld in Sources */,
				A1EA20A318B4F7AB00200D50 /* AppDelegate.m in Sources */,
				A1EA135319265B5D00449327 /* GBIFManager.m in Sources */,
				A1EE9C50196F4AAF00D51972 /* BCRestKitJsonParser.m in Sources */,
				A15347051962E5E300E1C63F /* PreTripMapViewController.m in Sources */,
				A1EA132319265B4900449327 /* ExploreSummaryTableViewController.m in Sources */,
				A1EA135419265B5D00449327 /* ImageCache.m in Sources */,
				A17628CA1947274A00DD69DB /* NSDate+Formatting.m in Sources */,
				A1F0511219588F2D008569AB /* INatTaxon.m in Sources */,
				A1EA13F5192D5A6400449327 /* LoginManager.m in Sources */,
				A1EA132119265B4900449327 /* ExploreMapViewController.m in Sources */,
				A1727B2119869C8000150952 /* TDBadgedCell.m in Sources */,
				A1EA12E61926562A00449327 /* OptionsRecordSource.m in Sources */,
				A1EA132419265B4900449327 /* ExploreSummaryViewController.m in Sources */,
				A1EA132719265B4900449327 /* ProfileViewController.m in Sources */,
				A17628C619471BA500DD69DB /* INatTripTaxaAttribute.m in Sources */,
				A1F0511B195AEF2E008569AB /* _INatTaxonPhoto.m in Sources */,
				A1EA134019265B5200449327 /* UIView+UtilityMethods.m in Sources */,
				A17628D5194F08CD00DD69DB /* BCAlerts.m in Sources */,
				A15347021962D53600E1C63F /* SWRevealViewController.m in Sources */,
				A15347281965BE8300E1C63F /* INatObservation.m in Sources */,
				A1F05118195AEF20008569AB /* INatTaxonPhoto.m in Sources */,
				A1EA12E71926562A00449327 /* OptionsRecordType.m in Sources */,
				A17BAE35195DBBA2004B1C37 /* OccurrenceRecord.m in Sources */,
				A1EA12FB19265A2500449327 /* TaxonListCell.m in Sources */,
				A1EA132519265B4900449327 /* MainViewController.m in Sources */,
				A1EA12E21926562A00449327 /* GBIFOccurrenceResults.m in Sources */,
				A1EA12E81926562A00449327 /* OptionsSpeciesFilter.m in Sources */,
				A1EA13F8192DFD7D00449327 /* ProfileTableViewController.m in Sources */,
				A1EA12E91926562A00449327 /* SearchOptions.m in Sources */,
				A17628C219471BA500DD69DB /* _INatTrip.m in Sources */,
				A17628C519471BA500DD69DB /* INatTrip.m in Sources */,
				A1EA133D19265B5200449327 /* NSString+UtilityMethods.m in Sources */,
				A1EA12DF1926562A00449327 /* BCOptions.m in Sources */,
				A176286F1937359500DD69DB /* UIImage+Colors.m in Sources */,
				A153471A1964790300E1C63F /* NSUserDefaults+CounterValues.m in Sources */,
				A1EA133F19265B5200449327 /* UIView+Colors.m in Sources */,
				A1EA132219265B4900449327 /* ExploreOptionsViewController.m in Sources */,
				A1EA132819265B4900449327 /* SidebarViewController.m in Sources */,
				A1EA209F18B4F7AB00200D50 /* main.m in Sources */,
				A1EA131D19265B4900449327 /* BCWebViewController.m in Sources */,
				A1EA135119265B5D00449327 /* GBIFCommunicator.m in Sources */,
				A1EA131E19265B4900449327 /* DropDownViewController.m in Sources */,
				A1BEE394196AB69000297526 /* TripListCell.m in Sources */,
				A1EA133B19265B5200449327 /* NSCountedSet+Sorting.m in Sources */,
				A1EA133A19265B5200449327 /* MKPolygon+WKTParser.m in Sources */,
			);
			runOnlyForDeploymentPostprocessing = 0;
		};
/* End PBXSourcesBuildPhase section */

/* Begin PBXVariantGroup section */
		A1EA209B18B4F7AB00200D50 /* InfoPlist.strings */ = {
			isa = PBXVariantGroup;
			children = (
				A1EA209C18B4F7AB00200D50 /* en */,
			);
			name = InfoPlist.strings;
			sourceTree = "<group>";
		};
		A1EA20A418B4F7AB00200D50 /* Main.storyboard */ = {
			isa = PBXVariantGroup;
			children = (
				A1D5DDFE18C7CDC600FA005B /* en */,
			);
			name = Main.storyboard;
			sourceTree = "<group>";
		};
/* End PBXVariantGroup section */

/* Begin XCBuildConfiguration section */
		A1EA20C218B4F7AC00200D50 /* Debug */ = {
			isa = XCBuildConfiguration;
			buildSettings = {
				ALWAYS_SEARCH_USER_PATHS = NO;
				ARCHS = "$(ARCHS_STANDARD_INCLUDING_64_BIT)";
				CLANG_CXX_LANGUAGE_STANDARD = "gnu++0x";
				CLANG_CXX_LIBRARY = "libc++";
				CLANG_ENABLE_MODULES = YES;
				CLANG_ENABLE_OBJC_ARC = YES;
				CLANG_WARN_BOOL_CONVERSION = YES;
				CLANG_WARN_CONSTANT_CONVERSION = YES;
				CLANG_WARN_DIRECT_OBJC_ISA_USAGE = YES_ERROR;
				CLANG_WARN_EMPTY_BODY = YES;
				CLANG_WARN_ENUM_CONVERSION = YES;
				CLANG_WARN_INT_CONVERSION = YES;
				CLANG_WARN_OBJC_ROOT_CLASS = YES_ERROR;
				CLANG_WARN__DUPLICATE_METHOD_MATCH = YES;
				"CODE_SIGN_IDENTITY[sdk=iphoneos*]" = "iPhone Developer";
				COPY_PHASE_STRIP = NO;
				GCC_C_LANGUAGE_STANDARD = gnu99;
				GCC_DYNAMIC_NO_PIC = NO;
				GCC_OPTIMIZATION_LEVEL = 0;
				GCC_PREPROCESSOR_DEFINITIONS = (
					"DEBUG=1",
					"$(inherited)",
				);
				GCC_SYMBOLS_PRIVATE_EXTERN = NO;
				GCC_WARN_64_TO_32_BIT_CONVERSION = YES;
				GCC_WARN_ABOUT_RETURN_TYPE = YES_ERROR;
				GCC_WARN_UNDECLARED_SELECTOR = YES;
				GCC_WARN_UNINITIALIZED_AUTOS = YES;
				GCC_WARN_UNUSED_FUNCTION = YES;
				GCC_WARN_UNUSED_VARIABLE = YES;
				IPHONEOS_DEPLOYMENT_TARGET = 6.0;
				ONLY_ACTIVE_ARCH = YES;
				SDKROOT = iphoneos;
			};
			name = Debug;
		};
		A1EA20C318B4F7AC00200D50 /* Release */ = {
			isa = XCBuildConfiguration;
			buildSettings = {
				ALWAYS_SEARCH_USER_PATHS = NO;
				ARCHS = "$(ARCHS_STANDARD_INCLUDING_64_BIT)";
				CLANG_CXX_LANGUAGE_STANDARD = "gnu++0x";
				CLANG_CXX_LIBRARY = "libc++";
				CLANG_ENABLE_MODULES = YES;
				CLANG_ENABLE_OBJC_ARC = YES;
				CLANG_WARN_BOOL_CONVERSION = YES;
				CLANG_WARN_CONSTANT_CONVERSION = YES;
				CLANG_WARN_DIRECT_OBJC_ISA_USAGE = YES_ERROR;
				CLANG_WARN_EMPTY_BODY = YES;
				CLANG_WARN_ENUM_CONVERSION = YES;
				CLANG_WARN_INT_CONVERSION = YES;
				CLANG_WARN_OBJC_ROOT_CLASS = YES_ERROR;
				CLANG_WARN__DUPLICATE_METHOD_MATCH = YES;
				"CODE_SIGN_IDENTITY[sdk=iphoneos*]" = "iPhone Developer";
				COPY_PHASE_STRIP = YES;
				ENABLE_NS_ASSERTIONS = NO;
				GCC_C_LANGUAGE_STANDARD = gnu99;
				GCC_WARN_64_TO_32_BIT_CONVERSION = YES;
				GCC_WARN_ABOUT_RETURN_TYPE = YES_ERROR;
				GCC_WARN_UNDECLARED_SELECTOR = YES;
				GCC_WARN_UNINITIALIZED_AUTOS = YES;
				GCC_WARN_UNUSED_FUNCTION = YES;
				GCC_WARN_UNUSED_VARIABLE = YES;
				IPHONEOS_DEPLOYMENT_TARGET = 6.0;
				SDKROOT = iphoneos;
				VALIDATE_PRODUCT = YES;
			};
			name = Release;
		};
		A1EA20C518B4F7AC00200D50 /* Debug */ = {
			isa = XCBuildConfiguration;
			baseConfigurationReference = F438E4ED526F4BA7AB5770BF /* Pods.xcconfig */;
			buildSettings = {
				ASSETCATALOG_COMPILER_APPICON_NAME = AppIcon;
				ASSETCATALOG_COMPILER_LAUNCHIMAGE_NAME = LaunchImage;
				CODE_SIGN_IDENTITY = "iPhone Developer: Andy Jeffrey (FXN278DC86)";
				FRAMEWORK_SEARCH_PATHS = (
					"$(inherited)",
					/Volumes/Data/Dev/Xcode/MPApps/BioCaching,
					"$(PROJECT_DIR)",
				);
				GCC_PRECOMPILE_PREFIX_HEADER = YES;
				GCC_PREFIX_HEADER = "BioCaching/BioCaching-Prefix.pch";
				INFOPLIST_FILE = "BioCaching/BioCaching-Info.plist";
				IPHONEOS_DEPLOYMENT_TARGET = 6.0;
				LIBRARY_SEARCH_PATHS = (
					"$(inherited)",
					/Volumes/Data/Dev/Xcode/MPApps/BioCaching/Libraries/Flurry,
					/Volumes/Data/Dev/Xcode/MPApps/BioCaching/Libraries/Localytics,
					"$(PROJECT_DIR)/Libraries/Localytics",
					"$(PROJECT_DIR)/Libraries/Flurry",
				);
				"OTHER_LDFLAGS[arch=*]" = (
					"-ObjC",
					"-framework",
					Reveal,
				);
				PRODUCT_NAME = "$(TARGET_NAME)";
				PROVISIONING_PROFILE = "DEBD90D3-454C-4BFD-82DD-D25E0EE7B394";
				WRAPPER_EXTENSION = app;
			};
			name = Debug;
		};
		A1EA20C618B4F7AC00200D50 /* Release */ = {
			isa = XCBuildConfiguration;
			baseConfigurationReference = F438E4ED526F4BA7AB5770BF /* Pods.xcconfig */;
			buildSettings = {
				ASSETCATALOG_COMPILER_APPICON_NAME = AppIcon;
				ASSETCATALOG_COMPILER_LAUNCHIMAGE_NAME = LaunchImage;
				CODE_SIGN_IDENTITY = "iPhone Distribution: Andy Jeffrey (6RCE4287C6)";
				FRAMEWORK_SEARCH_PATHS = (
					"$(inherited)",
					/Volumes/Data/Dev/Xcode/MPApps/BioCaching,
					"$(PROJECT_DIR)",
				);
				GCC_PRECOMPILE_PREFIX_HEADER = YES;
				GCC_PREFIX_HEADER = "BioCaching/BioCaching-Prefix.pch";
				INFOPLIST_FILE = "BioCaching/BioCaching-Info.plist";
				IPHONEOS_DEPLOYMENT_TARGET = 6.0;
				LIBRARY_SEARCH_PATHS = (
					"$(inherited)",
					/Volumes/Data/Dev/Xcode/MPApps/BioCaching/Libraries/Flurry,
					/Volumes/Data/Dev/Xcode/MPApps/BioCaching/Libraries/Localytics,
					"$(PROJECT_DIR)/Libraries/Localytics",
					"$(PROJECT_DIR)/Libraries/Flurry",
				);
				PRODUCT_NAME = "$(TARGET_NAME)";
				PROVISIONING_PROFILE = "67D9B687-DC8C-476E-81B2-FB0812F116F1";
				WRAPPER_EXTENSION = app;
			};
			name = Release;
		};
/* End XCBuildConfiguration section */

/* Begin XCConfigurationList section */
		A1EA208A18B4F7AB00200D50 /* Build configuration list for PBXProject "BioCaching" */ = {
			isa = XCConfigurationList;
			buildConfigurations = (
				A1EA20C218B4F7AC00200D50 /* Debug */,
				A1EA20C318B4F7AC00200D50 /* Release */,
			);
			defaultConfigurationIsVisible = 0;
			defaultConfigurationName = Release;
		};
		A1EA20C418B4F7AC00200D50 /* Build configuration list for PBXNativeTarget "BioCaching" */ = {
			isa = XCConfigurationList;
			buildConfigurations = (
				A1EA20C518B4F7AC00200D50 /* Debug */,
				A1EA20C618B4F7AC00200D50 /* Release */,
			);
			defaultConfigurationIsVisible = 0;
			defaultConfigurationName = Release;
		};
/* End XCConfigurationList section */

/* Begin XCVersionGroup section */
		A176288119471A6700DD69DB /* BioCaching.xcdatamodeld */ = {
			isa = XCVersionGroup;
			children = (
				A176288219471A6700DD69DB /* BioCaching.xcdatamodel */,
			);
			currentVersion = A176288219471A6700DD69DB /* BioCaching.xcdatamodel */;
			path = BioCaching.xcdatamodeld;
			sourceTree = "<group>";
			versionGroupType = wrapper.xcdatamodel;
		};
/* End XCVersionGroup section */
	};
	rootObject = A1EA208718B4F7AB00200D50 /* Project object */;
}
